
Microsoft Visual Studio Solution File, Format Version 12.00
# Visual Studio Version 16
VisualStudioVersion = 16.0.29806.167
MinimumVisualStudioVersion = 10.0.40219.1
Project("{FAE04EC0-301F-11D3-BF4B-00C04F79EFBC}") = "MyApp.UWP", "MyApp\MyApp.UWP\MyApp.UWP.csproj", "{E4F36E04-F24F-44A4-BD04-5E23C7E6A186}"
EndProject
Project("{FAE04EC0-301F-11D3-BF4B-00C04F79EFBC}") = "MyApp.Android", "MyApp\MyApp.Android\MyApp.Android.csproj", "{815A8B86-0CFA-4579-9920-C53ADD3AED2D}"
EndProject
Project("{FAE04EC0-301F-11D3-BF4B-00C04F79EFBC}") = "MyApp.iOS", "MyApp\MyApp.iOS\MyApp.iOS.csproj", "{4246A4FD-D9CA-4575-BB4C-8C76B445E6AC}"
EndProject
Project("{9A19103F-16F7-4668-BE54-9A1E7A4F7556}") = "MyApp", "MyApp\MyApp\MyApp.csproj", "{721F4350-2076-4F1B-A0E7-3B7C9BC859E5}"
EndProject
Project("{9A19103F-16F7-4668-BE54-9A1E7A4F7556}") = "MyApp.ViewModel", "MyApp.ViewModel\MyApp.ViewModel.csproj", "{3AAC5EFA-5C31-446E-A515-E1E1EC5DD2F3}"
EndProject
Project("{9A19103F-16F7-4668-BE54-9A1E7A4F7556}") = "MyApp.Model.BusinessCard", "MyApp.Model.BusinessCard\MyApp.Model.BusinessCard.csproj", "{BD0E82BD-4129-4AA7-B891-114FED491420}"
EndProject
Project("{9A19103F-16F7-4668-BE54-9A1E7A4F7556}") = "MyApp.Model.BusinessCard.Service", "MyApp.Model.BusinessCard.Service\MyApp.Model.BusinessCard.Service.csproj", "{2C7D5BE5-2723-4EB3-92BC-E05AAB72506A}"
EndProject
Project("{9A19103F-16F7-4668-BE54-9A1E7A4F7556}") = "MyApp.Model.BusinessCard.Service.Test", "MyApp.Model.BusinessCard.Service.Test\MyApp.Model.BusinessCard.Service.Test.csproj", "{37CF071B-DD20-4176-8217-890E79D9E555}"
EndProject
Project("{9A19103F-16F7-4668-BE54-9A1E7A4F7556}") = "MyApp.WinForms", "MyApp.WinForms\MyApp.WinForms.csproj", "{4144E9E0-A85E-4F7A-81FD-D0E08CC4F2A9}"
EndProject
Project("{9A19103F-16F7-4668-BE54-9A1E7A4F7556}") = "MyApp.WPF", "MyApp.WPF\MyApp.WPF.csproj", "{CCB050AE-791F-4C85-9FAF-B044F16BDF37}"
EndProject
Project("{FAE04EC0-301F-11D3-BF4B-00C04F79EFBC}") = "MyApp.WPF.NetFramework", "MyApp.WPF.NetFramework\MyApp.WPF.NetFramework.csproj", "{38C3C623-8E5E-47ED-8591-EE1C4400B21A}"
EndProject
Project("{FAE04EC0-301F-11D3-BF4B-00C04F79EFBC}") = "MyApp.WinForms.NetFramework", "MyApp.WinForms.NetFramework\MyApp.WinForms.NetFramework.csproj", "{49926FD1-4913-48BD-AC4C-2406F4270603}"
EndProject
Project("{2150E333-8FDC-42A3-9474-1A3956D46DE8}") = "UI", "UI", "{4E992C2C-8286-411E-A61A-275C22FC4E16}"
EndProject
Project("{2150E333-8FDC-42A3-9474-1A3956D46DE8}") = "UI.Xamarin", "UI.Xamarin", "{D33427F2-B565-4A4D-A9D4-1B5AD99C6C89}"
EndProject
Project("{2150E333-8FDC-42A3-9474-1A3956D46DE8}") = "Model", "Model", "{2AE18726-9D1E-4E13-ABBD-54E5A2167006}"
EndProject
Project("{2150E333-8FDC-42A3-9474-1A3956D46DE8}") = "ViewModel", "ViewModel", "{26E2C3B2-1C18-4445-A642-3BDE5E0A9A18}"
EndProject
Project("{2150E333-8FDC-42A3-9474-1A3956D46DE8}") = "UI.Dependencies", "UI.Dependencies", "{D2DD6FE1-9729-4CC1-8248-0136930E5B77}"
EndProject
Project("{9A19103F-16F7-4668-BE54-9A1E7A4F7556}") = "MyApp.Dependencies", "MyApp.Dependencies\MyApp.Dependencies.csproj", "{0C456B44-EB1D-48AE-B785-FC32EA76EFE4}"
EndProject
Global
	GlobalSection(SolutionConfigurationPlatforms) = preSolution
		Debug|Any CPU = Debug|Any CPU
		Debug|ARM = Debug|ARM
		Debug|iPhone = Debug|iPhone
		Debug|iPhoneSimulator = Debug|iPhoneSimulator
		Debug|x64 = Debug|x64
		Debug|x86 = Debug|x86
		Release|Any CPU = Release|Any CPU
		Release|ARM = Release|ARM
		Release|iPhone = Release|iPhone
		Release|iPhoneSimulator = Release|iPhoneSimulator
		Release|x64 = Release|x64
		Release|x86 = Release|x86
		UWP|Any CPU = UWP|Any CPU
		UWP|ARM = UWP|ARM
		UWP|iPhone = UWP|iPhone
		UWP|iPhoneSimulator = UWP|iPhoneSimulator
		UWP|x64 = UWP|x64
		UWP|x86 = UWP|x86
		UWP-Debug|Any CPU = UWP-Debug|Any CPU
		UWP-Debug|ARM = UWP-Debug|ARM
		UWP-Debug|iPhone = UWP-Debug|iPhone
		UWP-Debug|iPhoneSimulator = UWP-Debug|iPhoneSimulator
		UWP-Debug|x64 = UWP-Debug|x64
		UWP-Debug|x86 = UWP-Debug|x86
		UWP-Release|Any CPU = UWP-Release|Any CPU
		UWP-Release|ARM = UWP-Release|ARM
		UWP-Release|iPhone = UWP-Release|iPhone
		UWP-Release|iPhoneSimulator = UWP-Release|iPhoneSimulator
		UWP-Release|x64 = UWP-Release|x64
		UWP-Release|x86 = UWP-Release|x86
	EndGlobalSection
	GlobalSection(ProjectConfigurationPlatforms) = postSolution
		{E4F36E04-F24F-44A4-BD04-5E23C7E6A186}.Debug|Any CPU.ActiveCfg = Debug|x86
		{E4F36E04-F24F-44A4-BD04-5E23C7E6A186}.Debug|Any CPU.Build.0 = Debug|x86
		{E4F36E04-F24F-44A4-BD04-5E23C7E6A186}.Debug|Any CPU.Deploy.0 = Debug|x86
		{E4F36E04-F24F-44A4-BD04-5E23C7E6A186}.Debug|ARM.ActiveCfg = Debug|ARM
		{E4F36E04-F24F-44A4-BD04-5E23C7E6A186}.Debug|ARM.Build.0 = Debug|ARM
		{E4F36E04-F24F-44A4-BD04-5E23C7E6A186}.Debug|ARM.Deploy.0 = Debug|ARM
		{E4F36E04-F24F-44A4-BD04-5E23C7E6A186}.Debug|iPhone.ActiveCfg = Debug|x86
		{E4F36E04-F24F-44A4-BD04-5E23C7E6A186}.Debug|iPhoneSimulator.ActiveCfg = Debug|x86
		{E4F36E04-F24F-44A4-BD04-5E23C7E6A186}.Debug|x64.ActiveCfg = Debug|x64
		{E4F36E04-F24F-44A4-BD04-5E23C7E6A186}.Debug|x64.Build.0 = Debug|x64
		{E4F36E04-F24F-44A4-BD04-5E23C7E6A186}.Debug|x64.Deploy.0 = Debug|x64
		{E4F36E04-F24F-44A4-BD04-5E23C7E6A186}.Debug|x86.ActiveCfg = Debug|x86
		{E4F36E04-F24F-44A4-BD04-5E23C7E6A186}.Debug|x86.Build.0 = Debug|x86
		{E4F36E04-F24F-44A4-BD04-5E23C7E6A186}.Debug|x86.Deploy.0 = Debug|x86
		{E4F36E04-F24F-44A4-BD04-5E23C7E6A186}.Release|Any CPU.ActiveCfg = Release|x86
		{E4F36E04-F24F-44A4-BD04-5E23C7E6A186}.Release|Any CPU.Build.0 = Release|x86
		{E4F36E04-F24F-44A4-BD04-5E23C7E6A186}.Release|Any CPU.Deploy.0 = Release|x86
		{E4F36E04-F24F-44A4-BD04-5E23C7E6A186}.Release|ARM.ActiveCfg = Release|ARM
		{E4F36E04-F24F-44A4-BD04-5E23C7E6A186}.Release|ARM.Build.0 = Release|ARM
		{E4F36E04-F24F-44A4-BD04-5E23C7E6A186}.Release|ARM.Deploy.0 = Release|ARM
		{E4F36E04-F24F-44A4-BD04-5E23C7E6A186}.Release|iPhone.ActiveCfg = Release|x86
		{E4F36E04-F24F-44A4-BD04-5E23C7E6A186}.Release|iPhoneSimulator.ActiveCfg = Release|x86
		{E4F36E04-F24F-44A4-BD04-5E23C7E6A186}.Release|x64.ActiveCfg = Release|x64
		{E4F36E04-F24F-44A4-BD04-5E23C7E6A186}.Release|x64.Build.0 = Release|x64
		{E4F36E04-F24F-44A4-BD04-5E23C7E6A186}.Release|x64.Deploy.0 = Release|x64
		{E4F36E04-F24F-44A4-BD04-5E23C7E6A186}.Release|x86.ActiveCfg = Release|x86
		{E4F36E04-F24F-44A4-BD04-5E23C7E6A186}.Release|x86.Build.0 = Release|x86
		{E4F36E04-F24F-44A4-BD04-5E23C7E6A186}.Release|x86.Deploy.0 = Release|x86
		{E4F36E04-F24F-44A4-BD04-5E23C7E6A186}.UWP|Any CPU.ActiveCfg = UWP-Release|ARM
		{E4F36E04-F24F-44A4-BD04-5E23C7E6A186}.UWP|Any CPU.Build.0 = UWP-Release|ARM
		{E4F36E04-F24F-44A4-BD04-5E23C7E6A186}.UWP|Any CPU.Deploy.0 = UWP-Release|ARM
		{E4F36E04-F24F-44A4-BD04-5E23C7E6A186}.UWP|ARM.ActiveCfg = UWP-Release|ARM
		{E4F36E04-F24F-44A4-BD04-5E23C7E6A186}.UWP|ARM.Build.0 = UWP-Release|ARM
		{E4F36E04-F24F-44A4-BD04-5E23C7E6A186}.UWP|ARM.Deploy.0 = UWP-Release|ARM
		{E4F36E04-F24F-44A4-BD04-5E23C7E6A186}.UWP|iPhone.ActiveCfg = UWP-Release|ARM
		{E4F36E04-F24F-44A4-BD04-5E23C7E6A186}.UWP|iPhone.Build.0 = UWP-Release|ARM
		{E4F36E04-F24F-44A4-BD04-5E23C7E6A186}.UWP|iPhone.Deploy.0 = UWP-Release|ARM
		{E4F36E04-F24F-44A4-BD04-5E23C7E6A186}.UWP|iPhoneSimulator.ActiveCfg = UWP-Release|ARM
		{E4F36E04-F24F-44A4-BD04-5E23C7E6A186}.UWP|iPhoneSimulator.Build.0 = UWP-Release|ARM
		{E4F36E04-F24F-44A4-BD04-5E23C7E6A186}.UWP|iPhoneSimulator.Deploy.0 = UWP-Release|ARM
		{E4F36E04-F24F-44A4-BD04-5E23C7E6A186}.UWP|x64.ActiveCfg = UWP-Release|x64
		{E4F36E04-F24F-44A4-BD04-5E23C7E6A186}.UWP|x64.Build.0 = UWP-Release|x64
		{E4F36E04-F24F-44A4-BD04-5E23C7E6A186}.UWP|x64.Deploy.0 = UWP-Release|x64
		{E4F36E04-F24F-44A4-BD04-5E23C7E6A186}.UWP|x86.ActiveCfg = UWP-Release|x86
		{E4F36E04-F24F-44A4-BD04-5E23C7E6A186}.UWP|x86.Build.0 = UWP-Release|x86
		{E4F36E04-F24F-44A4-BD04-5E23C7E6A186}.UWP|x86.Deploy.0 = UWP-Release|x86
		{E4F36E04-F24F-44A4-BD04-5E23C7E6A186}.UWP-Debug|Any CPU.ActiveCfg = UWP-Debug|x86
		{E4F36E04-F24F-44A4-BD04-5E23C7E6A186}.UWP-Debug|Any CPU.Build.0 = UWP-Debug|x86
		{E4F36E04-F24F-44A4-BD04-5E23C7E6A186}.UWP-Debug|Any CPU.Deploy.0 = UWP-Debug|x86
		{E4F36E04-F24F-44A4-BD04-5E23C7E6A186}.UWP-Debug|ARM.ActiveCfg = UWP-Debug|ARM
		{E4F36E04-F24F-44A4-BD04-5E23C7E6A186}.UWP-Debug|ARM.Build.0 = UWP-Debug|ARM
		{E4F36E04-F24F-44A4-BD04-5E23C7E6A186}.UWP-Debug|ARM.Deploy.0 = UWP-Debug|ARM
		{E4F36E04-F24F-44A4-BD04-5E23C7E6A186}.UWP-Debug|iPhone.ActiveCfg = UWP-Debug|x86
		{E4F36E04-F24F-44A4-BD04-5E23C7E6A186}.UWP-Debug|iPhoneSimulator.ActiveCfg = UWP-Debug|x86
		{E4F36E04-F24F-44A4-BD04-5E23C7E6A186}.UWP-Debug|x64.ActiveCfg = UWP-Debug|x64
		{E4F36E04-F24F-44A4-BD04-5E23C7E6A186}.UWP-Debug|x64.Build.0 = UWP-Debug|x64
		{E4F36E04-F24F-44A4-BD04-5E23C7E6A186}.UWP-Debug|x64.Deploy.0 = UWP-Debug|x64
		{E4F36E04-F24F-44A4-BD04-5E23C7E6A186}.UWP-Debug|x86.ActiveCfg = UWP-Debug|x86
		{E4F36E04-F24F-44A4-BD04-5E23C7E6A186}.UWP-Debug|x86.Build.0 = UWP-Debug|x86
		{E4F36E04-F24F-44A4-BD04-5E23C7E6A186}.UWP-Debug|x86.Deploy.0 = UWP-Debug|x86
		{E4F36E04-F24F-44A4-BD04-5E23C7E6A186}.UWP-Release|Any CPU.ActiveCfg = UWP-Release|x86
		{E4F36E04-F24F-44A4-BD04-5E23C7E6A186}.UWP-Release|Any CPU.Build.0 = UWP-Release|x86
		{E4F36E04-F24F-44A4-BD04-5E23C7E6A186}.UWP-Release|Any CPU.Deploy.0 = UWP-Release|x86
		{E4F36E04-F24F-44A4-BD04-5E23C7E6A186}.UWP-Release|ARM.ActiveCfg = UWP-Release|ARM
		{E4F36E04-F24F-44A4-BD04-5E23C7E6A186}.UWP-Release|ARM.Build.0 = UWP-Release|ARM
		{E4F36E04-F24F-44A4-BD04-5E23C7E6A186}.UWP-Release|ARM.Deploy.0 = UWP-Release|ARM
		{E4F36E04-F24F-44A4-BD04-5E23C7E6A186}.UWP-Release|iPhone.ActiveCfg = UWP-Release|x86
		{E4F36E04-F24F-44A4-BD04-5E23C7E6A186}.UWP-Release|iPhoneSimulator.ActiveCfg = UWP-Release|x86
		{E4F36E04-F24F-44A4-BD04-5E23C7E6A186}.UWP-Release|x64.ActiveCfg = UWP-Release|x64
		{E4F36E04-F24F-44A4-BD04-5E23C7E6A186}.UWP-Release|x64.Build.0 = UWP-Release|x64
		{E4F36E04-F24F-44A4-BD04-5E23C7E6A186}.UWP-Release|x64.Deploy.0 = UWP-Release|x64
		{E4F36E04-F24F-44A4-BD04-5E23C7E6A186}.UWP-Release|x86.ActiveCfg = UWP-Release|x86
		{E4F36E04-F24F-44A4-BD04-5E23C7E6A186}.UWP-Release|x86.Build.0 = UWP-Release|x86
		{E4F36E04-F24F-44A4-BD04-5E23C7E6A186}.UWP-Release|x86.Deploy.0 = UWP-Release|x86
		{815A8B86-0CFA-4579-9920-C53ADD3AED2D}.Debug|Any CPU.ActiveCfg = Debug|Any CPU
		{815A8B86-0CFA-4579-9920-C53ADD3AED2D}.Debug|Any CPU.Build.0 = Debug|Any CPU
		{815A8B86-0CFA-4579-9920-C53ADD3AED2D}.Debug|Any CPU.Deploy.0 = Debug|Any CPU
		{815A8B86-0CFA-4579-9920-C53ADD3AED2D}.Debug|ARM.ActiveCfg = Debug|Any CPU
		{815A8B86-0CFA-4579-9920-C53ADD3AED2D}.Debug|ARM.Build.0 = Debug|Any CPU
		{815A8B86-0CFA-4579-9920-C53ADD3AED2D}.Debug|ARM.Deploy.0 = Debug|Any CPU
		{815A8B86-0CFA-4579-9920-C53ADD3AED2D}.Debug|iPhone.ActiveCfg = Debug|Any CPU
		{815A8B86-0CFA-4579-9920-C53ADD3AED2D}.Debug|iPhoneSimulator.ActiveCfg = Debug|Any CPU
		{815A8B86-0CFA-4579-9920-C53ADD3AED2D}.Debug|x64.ActiveCfg = Debug|Any CPU
		{815A8B86-0CFA-4579-9920-C53ADD3AED2D}.Debug|x64.Build.0 = Debug|Any CPU
		{815A8B86-0CFA-4579-9920-C53ADD3AED2D}.Debug|x64.Deploy.0 = Debug|Any CPU
		{815A8B86-0CFA-4579-9920-C53ADD3AED2D}.Debug|x86.ActiveCfg = Debug|Any CPU
		{815A8B86-0CFA-4579-9920-C53ADD3AED2D}.Debug|x86.Build.0 = Debug|Any CPU
		{815A8B86-0CFA-4579-9920-C53ADD3AED2D}.Debug|x86.Deploy.0 = Debug|Any CPU
		{815A8B86-0CFA-4579-9920-C53ADD3AED2D}.Release|Any CPU.ActiveCfg = Release|Any CPU
		{815A8B86-0CFA-4579-9920-C53ADD3AED2D}.Release|Any CPU.Build.0 = Release|Any CPU
		{815A8B86-0CFA-4579-9920-C53ADD3AED2D}.Release|Any CPU.Deploy.0 = Release|Any CPU
		{815A8B86-0CFA-4579-9920-C53ADD3AED2D}.Release|ARM.ActiveCfg = Release|Any CPU
		{815A8B86-0CFA-4579-9920-C53ADD3AED2D}.Release|ARM.Build.0 = Release|Any CPU
		{815A8B86-0CFA-4579-9920-C53ADD3AED2D}.Release|ARM.Deploy.0 = Release|Any CPU
		{815A8B86-0CFA-4579-9920-C53ADD3AED2D}.Release|iPhone.ActiveCfg = Release|Any CPU
		{815A8B86-0CFA-4579-9920-C53ADD3AED2D}.Release|iPhoneSimulator.ActiveCfg = Release|Any CPU
		{815A8B86-0CFA-4579-9920-C53ADD3AED2D}.Release|x64.ActiveCfg = Release|Any CPU
		{815A8B86-0CFA-4579-9920-C53ADD3AED2D}.Release|x64.Build.0 = Release|Any CPU
		{815A8B86-0CFA-4579-9920-C53ADD3AED2D}.Release|x64.Deploy.0 = Release|Any CPU
		{815A8B86-0CFA-4579-9920-C53ADD3AED2D}.Release|x86.ActiveCfg = Release|Any CPU
		{815A8B86-0CFA-4579-9920-C53ADD3AED2D}.Release|x86.Build.0 = Release|Any CPU
		{815A8B86-0CFA-4579-9920-C53ADD3AED2D}.Release|x86.Deploy.0 = Release|Any CPU
		{815A8B86-0CFA-4579-9920-C53ADD3AED2D}.UWP|Any CPU.ActiveCfg = UWP-Release|Any CPU
		{815A8B86-0CFA-4579-9920-C53ADD3AED2D}.UWP|Any CPU.Build.0 = UWP-Release|Any CPU
		{815A8B86-0CFA-4579-9920-C53ADD3AED2D}.UWP|Any CPU.Deploy.0 = UWP-Release|Any CPU
		{815A8B86-0CFA-4579-9920-C53ADD3AED2D}.UWP|ARM.ActiveCfg = UWP-Release|Any CPU
		{815A8B86-0CFA-4579-9920-C53ADD3AED2D}.UWP|ARM.Build.0 = UWP-Release|Any CPU
		{815A8B86-0CFA-4579-9920-C53ADD3AED2D}.UWP|ARM.Deploy.0 = UWP-Release|Any CPU
		{815A8B86-0CFA-4579-9920-C53ADD3AED2D}.UWP|iPhone.ActiveCfg = UWP-Release|Any CPU
		{815A8B86-0CFA-4579-9920-C53ADD3AED2D}.UWP|iPhone.Build.0 = UWP-Release|Any CPU
		{815A8B86-0CFA-4579-9920-C53ADD3AED2D}.UWP|iPhone.Deploy.0 = UWP-Release|Any CPU
		{815A8B86-0CFA-4579-9920-C53ADD3AED2D}.UWP|iPhoneSimulator.ActiveCfg = UWP-Release|Any CPU
		{815A8B86-0CFA-4579-9920-C53ADD3AED2D}.UWP|iPhoneSimulator.Build.0 = UWP-Release|Any CPU
		{815A8B86-0CFA-4579-9920-C53ADD3AED2D}.UWP|iPhoneSimulator.Deploy.0 = UWP-Release|Any CPU
		{815A8B86-0CFA-4579-9920-C53ADD3AED2D}.UWP|x64.ActiveCfg = UWP-Release|Any CPU
		{815A8B86-0CFA-4579-9920-C53ADD3AED2D}.UWP|x64.Build.0 = UWP-Release|Any CPU
		{815A8B86-0CFA-4579-9920-C53ADD3AED2D}.UWP|x64.Deploy.0 = UWP-Release|Any CPU
		{815A8B86-0CFA-4579-9920-C53ADD3AED2D}.UWP|x86.ActiveCfg = UWP-Release|Any CPU
		{815A8B86-0CFA-4579-9920-C53ADD3AED2D}.UWP|x86.Build.0 = UWP-Release|Any CPU
		{815A8B86-0CFA-4579-9920-C53ADD3AED2D}.UWP|x86.Deploy.0 = UWP-Release|Any CPU
		{815A8B86-0CFA-4579-9920-C53ADD3AED2D}.UWP-Debug|Any CPU.ActiveCfg = Debug|Any CPU
		{815A8B86-0CFA-4579-9920-C53ADD3AED2D}.UWP-Debug|Any CPU.Build.0 = Debug|Any CPU
		{815A8B86-0CFA-4579-9920-C53ADD3AED2D}.UWP-Debug|Any CPU.Deploy.0 = Debug|Any CPU
		{815A8B86-0CFA-4579-9920-C53ADD3AED2D}.UWP-Debug|ARM.ActiveCfg = UWP-Debug|Any CPU
		{815A8B86-0CFA-4579-9920-C53ADD3AED2D}.UWP-Debug|ARM.Build.0 = UWP-Debug|Any CPU
		{815A8B86-0CFA-4579-9920-C53ADD3AED2D}.UWP-Debug|ARM.Deploy.0 = UWP-Debug|Any CPU
		{815A8B86-0CFA-4579-9920-C53ADD3AED2D}.UWP-Debug|iPhone.ActiveCfg = Debug|Any CPU
		{815A8B86-0CFA-4579-9920-C53ADD3AED2D}.UWP-Debug|iPhone.Build.0 = Debug|Any CPU
		{815A8B86-0CFA-4579-9920-C53ADD3AED2D}.UWP-Debug|iPhone.Deploy.0 = Debug|Any CPU
		{815A8B86-0CFA-4579-9920-C53ADD3AED2D}.UWP-Debug|iPhoneSimulator.ActiveCfg = Debug|Any CPU
		{815A8B86-0CFA-4579-9920-C53ADD3AED2D}.UWP-Debug|iPhoneSimulator.Build.0 = Debug|Any CPU
		{815A8B86-0CFA-4579-9920-C53ADD3AED2D}.UWP-Debug|iPhoneSimulator.Deploy.0 = Debug|Any CPU
		{815A8B86-0CFA-4579-9920-C53ADD3AED2D}.UWP-Debug|x64.ActiveCfg = Debug|Any CPU
		{815A8B86-0CFA-4579-9920-C53ADD3AED2D}.UWP-Debug|x86.ActiveCfg = UWP-Debug|Any CPU
		{815A8B86-0CFA-4579-9920-C53ADD3AED2D}.UWP-Release|Any CPU.ActiveCfg = Release|Any CPU
		{815A8B86-0CFA-4579-9920-C53ADD3AED2D}.UWP-Release|Any CPU.Build.0 = Release|Any CPU
		{815A8B86-0CFA-4579-9920-C53ADD3AED2D}.UWP-Release|Any CPU.Deploy.0 = Release|Any CPU
		{815A8B86-0CFA-4579-9920-C53ADD3AED2D}.UWP-Release|ARM.ActiveCfg = UWP-Release|Any CPU
		{815A8B86-0CFA-4579-9920-C53ADD3AED2D}.UWP-Release|ARM.Build.0 = UWP-Release|Any CPU
		{815A8B86-0CFA-4579-9920-C53ADD3AED2D}.UWP-Release|ARM.Deploy.0 = UWP-Release|Any CPU
		{815A8B86-0CFA-4579-9920-C53ADD3AED2D}.UWP-Release|iPhone.ActiveCfg = Release|Any CPU
		{815A8B86-0CFA-4579-9920-C53ADD3AED2D}.UWP-Release|iPhone.Build.0 = Release|Any CPU
		{815A8B86-0CFA-4579-9920-C53ADD3AED2D}.UWP-Release|iPhone.Deploy.0 = Release|Any CPU
		{815A8B86-0CFA-4579-9920-C53ADD3AED2D}.UWP-Release|iPhoneSimulator.ActiveCfg = Release|Any CPU
		{815A8B86-0CFA-4579-9920-C53ADD3AED2D}.UWP-Release|iPhoneSimulator.Build.0 = Release|Any CPU
		{815A8B86-0CFA-4579-9920-C53ADD3AED2D}.UWP-Release|iPhoneSimulator.Deploy.0 = Release|Any CPU
		{815A8B86-0CFA-4579-9920-C53ADD3AED2D}.UWP-Release|x64.ActiveCfg = Release|Any CPU
		{815A8B86-0CFA-4579-9920-C53ADD3AED2D}.UWP-Release|x64.Build.0 = Release|Any CPU
		{815A8B86-0CFA-4579-9920-C53ADD3AED2D}.UWP-Release|x64.Deploy.0 = Release|Any CPU
		{815A8B86-0CFA-4579-9920-C53ADD3AED2D}.UWP-Release|x86.ActiveCfg = UWP-Release|Any CPU
		{4246A4FD-D9CA-4575-BB4C-8C76B445E6AC}.Debug|Any CPU.ActiveCfg = Debug|iPhoneSimulator
		{4246A4FD-D9CA-4575-BB4C-8C76B445E6AC}.Debug|Any CPU.Build.0 = Debug|iPhoneSimulator
		{4246A4FD-D9CA-4575-BB4C-8C76B445E6AC}.Debug|Any CPU.Deploy.0 = Debug|iPhoneSimulator
		{4246A4FD-D9CA-4575-BB4C-8C76B445E6AC}.Debug|ARM.ActiveCfg = Debug|iPhone
		{4246A4FD-D9CA-4575-BB4C-8C76B445E6AC}.Debug|iPhone.ActiveCfg = Debug|iPhone
		{4246A4FD-D9CA-4575-BB4C-8C76B445E6AC}.Debug|iPhone.Build.0 = Debug|iPhone
		{4246A4FD-D9CA-4575-BB4C-8C76B445E6AC}.Debug|iPhone.Deploy.0 = Debug|iPhone
		{4246A4FD-D9CA-4575-BB4C-8C76B445E6AC}.Debug|iPhoneSimulator.ActiveCfg = Debug|iPhoneSimulator
		{4246A4FD-D9CA-4575-BB4C-8C76B445E6AC}.Debug|iPhoneSimulator.Build.0 = Debug|iPhoneSimulator
		{4246A4FD-D9CA-4575-BB4C-8C76B445E6AC}.Debug|iPhoneSimulator.Deploy.0 = Debug|iPhoneSimulator
		{4246A4FD-D9CA-4575-BB4C-8C76B445E6AC}.Debug|x64.ActiveCfg = Debug|iPhone
		{4246A4FD-D9CA-4575-BB4C-8C76B445E6AC}.Debug|x64.Deploy.0 = Debug|iPhone
		{4246A4FD-D9CA-4575-BB4C-8C76B445E6AC}.Debug|x86.ActiveCfg = Debug|iPhone
		{4246A4FD-D9CA-4575-BB4C-8C76B445E6AC}.Debug|x86.Deploy.0 = Debug|iPhone
		{4246A4FD-D9CA-4575-BB4C-8C76B445E6AC}.Release|Any CPU.ActiveCfg = Release|iPhone
		{4246A4FD-D9CA-4575-BB4C-8C76B445E6AC}.Release|Any CPU.Build.0 = Release|iPhone
		{4246A4FD-D9CA-4575-BB4C-8C76B445E6AC}.Release|Any CPU.Deploy.0 = Release|iPhone
		{4246A4FD-D9CA-4575-BB4C-8C76B445E6AC}.Release|ARM.ActiveCfg = Release|iPhoneSimulator
		{4246A4FD-D9CA-4575-BB4C-8C76B445E6AC}.Release|iPhone.ActiveCfg = Release|iPhone
		{4246A4FD-D9CA-4575-BB4C-8C76B445E6AC}.Release|iPhone.Build.0 = Release|iPhone
		{4246A4FD-D9CA-4575-BB4C-8C76B445E6AC}.Release|iPhone.Deploy.0 = Release|iPhone
		{4246A4FD-D9CA-4575-BB4C-8C76B445E6AC}.Release|iPhoneSimulator.ActiveCfg = Release|iPhoneSimulator
		{4246A4FD-D9CA-4575-BB4C-8C76B445E6AC}.Release|iPhoneSimulator.Build.0 = Release|iPhoneSimulator
		{4246A4FD-D9CA-4575-BB4C-8C76B445E6AC}.Release|iPhoneSimulator.Deploy.0 = Release|iPhoneSimulator
		{4246A4FD-D9CA-4575-BB4C-8C76B445E6AC}.Release|x64.ActiveCfg = Release|iPhone
		{4246A4FD-D9CA-4575-BB4C-8C76B445E6AC}.Release|x64.Deploy.0 = Release|iPhone
		{4246A4FD-D9CA-4575-BB4C-8C76B445E6AC}.Release|x86.ActiveCfg = Release|iPhone
		{4246A4FD-D9CA-4575-BB4C-8C76B445E6AC}.Release|x86.Deploy.0 = Release|iPhone
		{4246A4FD-D9CA-4575-BB4C-8C76B445E6AC}.UWP|Any CPU.ActiveCfg = UWP|iPhone
		{4246A4FD-D9CA-4575-BB4C-8C76B445E6AC}.UWP|ARM.ActiveCfg = UWP|iPhone
		{4246A4FD-D9CA-4575-BB4C-8C76B445E6AC}.UWP|iPhone.ActiveCfg = UWP|iPhone
		{4246A4FD-D9CA-4575-BB4C-8C76B445E6AC}.UWP|iPhone.Build.0 = UWP|iPhone
		{4246A4FD-D9CA-4575-BB4C-8C76B445E6AC}.UWP|iPhoneSimulator.ActiveCfg = UWP|iPhoneSimulator
		{4246A4FD-D9CA-4575-BB4C-8C76B445E6AC}.UWP|iPhoneSimulator.Build.0 = UWP|iPhoneSimulator
		{4246A4FD-D9CA-4575-BB4C-8C76B445E6AC}.UWP|x64.ActiveCfg = UWP|iPhone
		{4246A4FD-D9CA-4575-BB4C-8C76B445E6AC}.UWP|x86.ActiveCfg = UWP|iPhone
		{4246A4FD-D9CA-4575-BB4C-8C76B445E6AC}.UWP-Debug|Any CPU.ActiveCfg = UWP-Debug|iPhone
		{4246A4FD-D9CA-4575-BB4C-8C76B445E6AC}.UWP-Debug|ARM.ActiveCfg = UWP-Debug|iPhoneSimulator
		{4246A4FD-D9CA-4575-BB4C-8C76B445E6AC}.UWP-Debug|iPhone.ActiveCfg = UWP-Debug|iPhone
		{4246A4FD-D9CA-4575-BB4C-8C76B445E6AC}.UWP-Debug|iPhoneSimulator.ActiveCfg = UWP-Debug|iPhoneSimulator
		{4246A4FD-D9CA-4575-BB4C-8C76B445E6AC}.UWP-Debug|x64.ActiveCfg = UWP-Debug|iPhone
		{4246A4FD-D9CA-4575-BB4C-8C76B445E6AC}.UWP-Debug|x86.ActiveCfg = UWP-Debug|iPhone
		{4246A4FD-D9CA-4575-BB4C-8C76B445E6AC}.UWP-Release|Any CPU.ActiveCfg = UWP-Release|iPhone
		{4246A4FD-D9CA-4575-BB4C-8C76B445E6AC}.UWP-Release|ARM.ActiveCfg = UWP-Release|iPhoneSimulator
		{4246A4FD-D9CA-4575-BB4C-8C76B445E6AC}.UWP-Release|iPhone.ActiveCfg = UWP-Release|iPhone
		{4246A4FD-D9CA-4575-BB4C-8C76B445E6AC}.UWP-Release|iPhoneSimulator.ActiveCfg = UWP-Release|iPhoneSimulator
		{4246A4FD-D9CA-4575-BB4C-8C76B445E6AC}.UWP-Release|x64.ActiveCfg = UWP-Release|iPhone
		{4246A4FD-D9CA-4575-BB4C-8C76B445E6AC}.UWP-Release|x86.ActiveCfg = UWP-Release|iPhone
		{721F4350-2076-4F1B-A0E7-3B7C9BC859E5}.Debug|Any CPU.ActiveCfg = Debug|Any CPU
		{721F4350-2076-4F1B-A0E7-3B7C9BC859E5}.Debug|Any CPU.Build.0 = Debug|Any CPU
		{721F4350-2076-4F1B-A0E7-3B7C9BC859E5}.Debug|Any CPU.Deploy.0 = Debug|Any CPU
		{721F4350-2076-4F1B-A0E7-3B7C9BC859E5}.Debug|ARM.ActiveCfg = Debug|Any CPU
		{721F4350-2076-4F1B-A0E7-3B7C9BC859E5}.Debug|ARM.Build.0 = Debug|Any CPU
		{721F4350-2076-4F1B-A0E7-3B7C9BC859E5}.Debug|iPhone.ActiveCfg = Debug|Any CPU
		{721F4350-2076-4F1B-A0E7-3B7C9BC859E5}.Debug|iPhone.Build.0 = Debug|Any CPU
		{721F4350-2076-4F1B-A0E7-3B7C9BC859E5}.Debug|iPhone.Deploy.0 = Debug|Any CPU
		{721F4350-2076-4F1B-A0E7-3B7C9BC859E5}.Debug|iPhoneSimulator.ActiveCfg = Debug|Any CPU
		{721F4350-2076-4F1B-A0E7-3B7C9BC859E5}.Debug|iPhoneSimulator.Build.0 = Debug|Any CPU
		{721F4350-2076-4F1B-A0E7-3B7C9BC859E5}.Debug|iPhoneSimulator.Deploy.0 = Debug|Any CPU
		{721F4350-2076-4F1B-A0E7-3B7C9BC859E5}.Debug|x64.ActiveCfg = Debug|Any CPU
		{721F4350-2076-4F1B-A0E7-3B7C9BC859E5}.Debug|x64.Build.0 = Debug|Any CPU
		{721F4350-2076-4F1B-A0E7-3B7C9BC859E5}.Debug|x64.Deploy.0 = Debug|Any CPU
		{721F4350-2076-4F1B-A0E7-3B7C9BC859E5}.Debug|x86.ActiveCfg = Debug|Any CPU
		{721F4350-2076-4F1B-A0E7-3B7C9BC859E5}.Debug|x86.Build.0 = Debug|Any CPU
		{721F4350-2076-4F1B-A0E7-3B7C9BC859E5}.Debug|x86.Deploy.0 = Debug|Any CPU
		{721F4350-2076-4F1B-A0E7-3B7C9BC859E5}.Release|Any CPU.ActiveCfg = Release|Any CPU
		{721F4350-2076-4F1B-A0E7-3B7C9BC859E5}.Release|Any CPU.Build.0 = Release|Any CPU
		{721F4350-2076-4F1B-A0E7-3B7C9BC859E5}.Release|Any CPU.Deploy.0 = Release|Any CPU
		{721F4350-2076-4F1B-A0E7-3B7C9BC859E5}.Release|ARM.ActiveCfg = Release|Any CPU
		{721F4350-2076-4F1B-A0E7-3B7C9BC859E5}.Release|ARM.Build.0 = Release|Any CPU
		{721F4350-2076-4F1B-A0E7-3B7C9BC859E5}.Release|iPhone.ActiveCfg = Release|Any CPU
		{721F4350-2076-4F1B-A0E7-3B7C9BC859E5}.Release|iPhone.Build.0 = Release|Any CPU
		{721F4350-2076-4F1B-A0E7-3B7C9BC859E5}.Release|iPhone.Deploy.0 = Release|Any CPU
		{721F4350-2076-4F1B-A0E7-3B7C9BC859E5}.Release|iPhoneSimulator.ActiveCfg = Release|Any CPU
		{721F4350-2076-4F1B-A0E7-3B7C9BC859E5}.Release|iPhoneSimulator.Build.0 = Release|Any CPU
		{721F4350-2076-4F1B-A0E7-3B7C9BC859E5}.Release|iPhoneSimulator.Deploy.0 = Release|Any CPU
		{721F4350-2076-4F1B-A0E7-3B7C9BC859E5}.Release|x64.ActiveCfg = Release|Any CPU
		{721F4350-2076-4F1B-A0E7-3B7C9BC859E5}.Release|x64.Build.0 = Release|Any CPU
		{721F4350-2076-4F1B-A0E7-3B7C9BC859E5}.Release|x64.Deploy.0 = Release|Any CPU
		{721F4350-2076-4F1B-A0E7-3B7C9BC859E5}.Release|x86.ActiveCfg = Release|Any CPU
		{721F4350-2076-4F1B-A0E7-3B7C9BC859E5}.Release|x86.Build.0 = Release|Any CPU
		{721F4350-2076-4F1B-A0E7-3B7C9BC859E5}.Release|x86.Deploy.0 = Release|Any CPU
		{721F4350-2076-4F1B-A0E7-3B7C9BC859E5}.UWP|Any CPU.ActiveCfg = UWP|Any CPU
		{721F4350-2076-4F1B-A0E7-3B7C9BC859E5}.UWP|Any CPU.Build.0 = UWP|Any CPU
		{721F4350-2076-4F1B-A0E7-3B7C9BC859E5}.UWP|ARM.ActiveCfg = UWP|Any CPU
		{721F4350-2076-4F1B-A0E7-3B7C9BC859E5}.UWP|ARM.Build.0 = UWP|Any CPU
		{721F4350-2076-4F1B-A0E7-3B7C9BC859E5}.UWP|iPhone.ActiveCfg = UWP|Any CPU
		{721F4350-2076-4F1B-A0E7-3B7C9BC859E5}.UWP|iPhone.Build.0 = UWP|Any CPU
		{721F4350-2076-4F1B-A0E7-3B7C9BC859E5}.UWP|iPhoneSimulator.ActiveCfg = UWP|Any CPU
		{721F4350-2076-4F1B-A0E7-3B7C9BC859E5}.UWP|iPhoneSimulator.Build.0 = UWP|Any CPU
		{721F4350-2076-4F1B-A0E7-3B7C9BC859E5}.UWP|x64.ActiveCfg = UWP|Any CPU
		{721F4350-2076-4F1B-A0E7-3B7C9BC859E5}.UWP|x64.Build.0 = UWP|Any CPU
		{721F4350-2076-4F1B-A0E7-3B7C9BC859E5}.UWP|x86.ActiveCfg = UWP|Any CPU
		{721F4350-2076-4F1B-A0E7-3B7C9BC859E5}.UWP|x86.Build.0 = UWP|Any CPU
		{721F4350-2076-4F1B-A0E7-3B7C9BC859E5}.UWP-Debug|Any CPU.ActiveCfg = UWP-Debug|Any CPU
		{721F4350-2076-4F1B-A0E7-3B7C9BC859E5}.UWP-Debug|Any CPU.Build.0 = UWP-Debug|Any CPU
		{721F4350-2076-4F1B-A0E7-3B7C9BC859E5}.UWP-Debug|ARM.ActiveCfg = UWP-Debug|Any CPU
		{721F4350-2076-4F1B-A0E7-3B7C9BC859E5}.UWP-Debug|ARM.Build.0 = UWP-Debug|Any CPU
		{721F4350-2076-4F1B-A0E7-3B7C9BC859E5}.UWP-Debug|iPhone.ActiveCfg = UWP-Debug|Any CPU
		{721F4350-2076-4F1B-A0E7-3B7C9BC859E5}.UWP-Debug|iPhoneSimulator.ActiveCfg = UWP-Debug|Any CPU
		{721F4350-2076-4F1B-A0E7-3B7C9BC859E5}.UWP-Debug|x64.ActiveCfg = UWP-Debug|Any CPU
		{721F4350-2076-4F1B-A0E7-3B7C9BC859E5}.UWP-Debug|x64.Build.0 = UWP-Debug|Any CPU
		{721F4350-2076-4F1B-A0E7-3B7C9BC859E5}.UWP-Debug|x86.ActiveCfg = UWP-Debug|Any CPU
		{721F4350-2076-4F1B-A0E7-3B7C9BC859E5}.UWP-Debug|x86.Build.0 = UWP-Debug|Any CPU
		{721F4350-2076-4F1B-A0E7-3B7C9BC859E5}.UWP-Release|Any CPU.ActiveCfg = UWP-Release|Any CPU
		{721F4350-2076-4F1B-A0E7-3B7C9BC859E5}.UWP-Release|Any CPU.Build.0 = UWP-Release|Any CPU
		{721F4350-2076-4F1B-A0E7-3B7C9BC859E5}.UWP-Release|ARM.ActiveCfg = UWP-Release|Any CPU
		{721F4350-2076-4F1B-A0E7-3B7C9BC859E5}.UWP-Release|ARM.Build.0 = UWP-Release|Any CPU
		{721F4350-2076-4F1B-A0E7-3B7C9BC859E5}.UWP-Release|iPhone.ActiveCfg = UWP-Release|Any CPU
		{721F4350-2076-4F1B-A0E7-3B7C9BC859E5}.UWP-Release|iPhoneSimulator.ActiveCfg = UWP-Release|Any CPU
		{721F4350-2076-4F1B-A0E7-3B7C9BC859E5}.UWP-Release|x64.ActiveCfg = UWP-Release|Any CPU
		{721F4350-2076-4F1B-A0E7-3B7C9BC859E5}.UWP-Release|x64.Build.0 = UWP-Release|Any CPU
		{721F4350-2076-4F1B-A0E7-3B7C9BC859E5}.UWP-Release|x86.ActiveCfg = UWP-Release|Any CPU
		{721F4350-2076-4F1B-A0E7-3B7C9BC859E5}.UWP-Release|x86.Build.0 = UWP-Release|Any CPU
		{3AAC5EFA-5C31-446E-A515-E1E1EC5DD2F3}.Debug|Any CPU.ActiveCfg = Debug|Any CPU
		{3AAC5EFA-5C31-446E-A515-E1E1EC5DD2F3}.Debug|Any CPU.Build.0 = Debug|Any CPU
		{3AAC5EFA-5C31-446E-A515-E1E1EC5DD2F3}.Debug|ARM.ActiveCfg = Debug|Any CPU
		{3AAC5EFA-5C31-446E-A515-E1E1EC5DD2F3}.Debug|ARM.Build.0 = Debug|Any CPU
		{3AAC5EFA-5C31-446E-A515-E1E1EC5DD2F3}.Debug|iPhone.ActiveCfg = Debug|Any CPU
		{3AAC5EFA-5C31-446E-A515-E1E1EC5DD2F3}.Debug|iPhone.Build.0 = Debug|Any CPU
		{3AAC5EFA-5C31-446E-A515-E1E1EC5DD2F3}.Debug|iPhoneSimulator.ActiveCfg = Debug|Any CPU
		{3AAC5EFA-5C31-446E-A515-E1E1EC5DD2F3}.Debug|iPhoneSimulator.Build.0 = Debug|Any CPU
		{3AAC5EFA-5C31-446E-A515-E1E1EC5DD2F3}.Debug|x64.ActiveCfg = Debug|Any CPU
		{3AAC5EFA-5C31-446E-A515-E1E1EC5DD2F3}.Debug|x64.Build.0 = Debug|Any CPU
		{3AAC5EFA-5C31-446E-A515-E1E1EC5DD2F3}.Debug|x86.ActiveCfg = Debug|Any CPU
		{3AAC5EFA-5C31-446E-A515-E1E1EC5DD2F3}.Debug|x86.Build.0 = Debug|Any CPU
		{3AAC5EFA-5C31-446E-A515-E1E1EC5DD2F3}.Release|Any CPU.ActiveCfg = Release|Any CPU
		{3AAC5EFA-5C31-446E-A515-E1E1EC5DD2F3}.Release|Any CPU.Build.0 = Release|Any CPU
		{3AAC5EFA-5C31-446E-A515-E1E1EC5DD2F3}.Release|ARM.ActiveCfg = Release|Any CPU
		{3AAC5EFA-5C31-446E-A515-E1E1EC5DD2F3}.Release|ARM.Build.0 = Release|Any CPU
		{3AAC5EFA-5C31-446E-A515-E1E1EC5DD2F3}.Release|iPhone.ActiveCfg = Release|Any CPU
		{3AAC5EFA-5C31-446E-A515-E1E1EC5DD2F3}.Release|iPhone.Build.0 = Release|Any CPU
		{3AAC5EFA-5C31-446E-A515-E1E1EC5DD2F3}.Release|iPhoneSimulator.ActiveCfg = Release|Any CPU
		{3AAC5EFA-5C31-446E-A515-E1E1EC5DD2F3}.Release|iPhoneSimulator.Build.0 = Release|Any CPU
		{3AAC5EFA-5C31-446E-A515-E1E1EC5DD2F3}.Release|x64.ActiveCfg = Release|Any CPU
		{3AAC5EFA-5C31-446E-A515-E1E1EC5DD2F3}.Release|x64.Build.0 = Release|Any CPU
		{3AAC5EFA-5C31-446E-A515-E1E1EC5DD2F3}.Release|x86.ActiveCfg = Release|Any CPU
		{3AAC5EFA-5C31-446E-A515-E1E1EC5DD2F3}.Release|x86.Build.0 = Release|Any CPU
		{3AAC5EFA-5C31-446E-A515-E1E1EC5DD2F3}.UWP|Any CPU.ActiveCfg = Release|Any CPU
		{3AAC5EFA-5C31-446E-A515-E1E1EC5DD2F3}.UWP|Any CPU.Build.0 = Release|Any CPU
		{3AAC5EFA-5C31-446E-A515-E1E1EC5DD2F3}.UWP|ARM.ActiveCfg = Release|Any CPU
		{3AAC5EFA-5C31-446E-A515-E1E1EC5DD2F3}.UWP|ARM.Build.0 = Release|Any CPU
		{3AAC5EFA-5C31-446E-A515-E1E1EC5DD2F3}.UWP|iPhone.ActiveCfg = Release|Any CPU
		{3AAC5EFA-5C31-446E-A515-E1E1EC5DD2F3}.UWP|iPhone.Build.0 = Release|Any CPU
		{3AAC5EFA-5C31-446E-A515-E1E1EC5DD2F3}.UWP|iPhoneSimulator.ActiveCfg = Release|Any CPU
		{3AAC5EFA-5C31-446E-A515-E1E1EC5DD2F3}.UWP|iPhoneSimulator.Build.0 = Release|Any CPU
		{3AAC5EFA-5C31-446E-A515-E1E1EC5DD2F3}.UWP|x64.ActiveCfg = Release|Any CPU
		{3AAC5EFA-5C31-446E-A515-E1E1EC5DD2F3}.UWP|x64.Build.0 = Release|Any CPU
		{3AAC5EFA-5C31-446E-A515-E1E1EC5DD2F3}.UWP|x86.ActiveCfg = Release|Any CPU
		{3AAC5EFA-5C31-446E-A515-E1E1EC5DD2F3}.UWP|x86.Build.0 = Release|Any CPU
		{3AAC5EFA-5C31-446E-A515-E1E1EC5DD2F3}.UWP-Debug|Any CPU.ActiveCfg = Debug|Any CPU
		{3AAC5EFA-5C31-446E-A515-E1E1EC5DD2F3}.UWP-Debug|Any CPU.Build.0 = Debug|Any CPU
		{3AAC5EFA-5C31-446E-A515-E1E1EC5DD2F3}.UWP-Debug|ARM.ActiveCfg = Debug|Any CPU
		{3AAC5EFA-5C31-446E-A515-E1E1EC5DD2F3}.UWP-Debug|ARM.Build.0 = Debug|Any CPU
		{3AAC5EFA-5C31-446E-A515-E1E1EC5DD2F3}.UWP-Debug|iPhone.ActiveCfg = Debug|Any CPU
		{3AAC5EFA-5C31-446E-A515-E1E1EC5DD2F3}.UWP-Debug|iPhone.Build.0 = Debug|Any CPU
		{3AAC5EFA-5C31-446E-A515-E1E1EC5DD2F3}.UWP-Debug|iPhoneSimulator.ActiveCfg = Debug|Any CPU
		{3AAC5EFA-5C31-446E-A515-E1E1EC5DD2F3}.UWP-Debug|iPhoneSimulator.Build.0 = Debug|Any CPU
		{3AAC5EFA-5C31-446E-A515-E1E1EC5DD2F3}.UWP-Debug|x64.ActiveCfg = Debug|Any CPU
		{3AAC5EFA-5C31-446E-A515-E1E1EC5DD2F3}.UWP-Debug|x64.Build.0 = Debug|Any CPU
		{3AAC5EFA-5C31-446E-A515-E1E1EC5DD2F3}.UWP-Debug|x86.ActiveCfg = Debug|Any CPU
		{3AAC5EFA-5C31-446E-A515-E1E1EC5DD2F3}.UWP-Debug|x86.Build.0 = Debug|Any CPU
		{3AAC5EFA-5C31-446E-A515-E1E1EC5DD2F3}.UWP-Release|Any CPU.ActiveCfg = Release|Any CPU
		{3AAC5EFA-5C31-446E-A515-E1E1EC5DD2F3}.UWP-Release|Any CPU.Build.0 = Release|Any CPU
		{3AAC5EFA-5C31-446E-A515-E1E1EC5DD2F3}.UWP-Release|ARM.ActiveCfg = Release|Any CPU
		{3AAC5EFA-5C31-446E-A515-E1E1EC5DD2F3}.UWP-Release|ARM.Build.0 = Release|Any CPU
		{3AAC5EFA-5C31-446E-A515-E1E1EC5DD2F3}.UWP-Release|iPhone.ActiveCfg = Release|Any CPU
		{3AAC5EFA-5C31-446E-A515-E1E1EC5DD2F3}.UWP-Release|iPhone.Build.0 = Release|Any CPU
		{3AAC5EFA-5C31-446E-A515-E1E1EC5DD2F3}.UWP-Release|iPhoneSimulator.ActiveCfg = Release|Any CPU
		{3AAC5EFA-5C31-446E-A515-E1E1EC5DD2F3}.UWP-Release|iPhoneSimulator.Build.0 = Release|Any CPU
		{3AAC5EFA-5C31-446E-A515-E1E1EC5DD2F3}.UWP-Release|x64.ActiveCfg = Release|Any CPU
		{3AAC5EFA-5C31-446E-A515-E1E1EC5DD2F3}.UWP-Release|x64.Build.0 = Release|Any CPU
		{3AAC5EFA-5C31-446E-A515-E1E1EC5DD2F3}.UWP-Release|x86.ActiveCfg = Release|Any CPU
		{3AAC5EFA-5C31-446E-A515-E1E1EC5DD2F3}.UWP-Release|x86.Build.0 = Release|Any CPU
		{BD0E82BD-4129-4AA7-B891-114FED491420}.Debug|Any CPU.ActiveCfg = Debug|Any CPU
		{BD0E82BD-4129-4AA7-B891-114FED491420}.Debug|Any CPU.Build.0 = Debug|Any CPU
		{BD0E82BD-4129-4AA7-B891-114FED491420}.Debug|ARM.ActiveCfg = Debug|Any CPU
		{BD0E82BD-4129-4AA7-B891-114FED491420}.Debug|ARM.Build.0 = Debug|Any CPU
		{BD0E82BD-4129-4AA7-B891-114FED491420}.Debug|iPhone.ActiveCfg = Debug|Any CPU
		{BD0E82BD-4129-4AA7-B891-114FED491420}.Debug|iPhone.Build.0 = Debug|Any CPU
		{BD0E82BD-4129-4AA7-B891-114FED491420}.Debug|iPhoneSimulator.ActiveCfg = Debug|Any CPU
		{BD0E82BD-4129-4AA7-B891-114FED491420}.Debug|iPhoneSimulator.Build.0 = Debug|Any CPU
		{BD0E82BD-4129-4AA7-B891-114FED491420}.Debug|x64.ActiveCfg = Debug|Any CPU
		{BD0E82BD-4129-4AA7-B891-114FED491420}.Debug|x64.Build.0 = Debug|Any CPU
		{BD0E82BD-4129-4AA7-B891-114FED491420}.Debug|x86.ActiveCfg = Debug|Any CPU
		{BD0E82BD-4129-4AA7-B891-114FED491420}.Debug|x86.Build.0 = Debug|Any CPU
		{BD0E82BD-4129-4AA7-B891-114FED491420}.Release|Any CPU.ActiveCfg = Release|Any CPU
		{BD0E82BD-4129-4AA7-B891-114FED491420}.Release|Any CPU.Build.0 = Release|Any CPU
		{BD0E82BD-4129-4AA7-B891-114FED491420}.Release|ARM.ActiveCfg = Release|Any CPU
		{BD0E82BD-4129-4AA7-B891-114FED491420}.Release|ARM.Build.0 = Release|Any CPU
		{BD0E82BD-4129-4AA7-B891-114FED491420}.Release|iPhone.ActiveCfg = Release|Any CPU
		{BD0E82BD-4129-4AA7-B891-114FED491420}.Release|iPhone.Build.0 = Release|Any CPU
		{BD0E82BD-4129-4AA7-B891-114FED491420}.Release|iPhoneSimulator.ActiveCfg = Release|Any CPU
		{BD0E82BD-4129-4AA7-B891-114FED491420}.Release|iPhoneSimulator.Build.0 = Release|Any CPU
		{BD0E82BD-4129-4AA7-B891-114FED491420}.Release|x64.ActiveCfg = Release|Any CPU
		{BD0E82BD-4129-4AA7-B891-114FED491420}.Release|x64.Build.0 = Release|Any CPU
		{BD0E82BD-4129-4AA7-B891-114FED491420}.Release|x86.ActiveCfg = Release|Any CPU
		{BD0E82BD-4129-4AA7-B891-114FED491420}.Release|x86.Build.0 = Release|Any CPU
		{BD0E82BD-4129-4AA7-B891-114FED491420}.UWP|Any CPU.ActiveCfg = Release|Any CPU
		{BD0E82BD-4129-4AA7-B891-114FED491420}.UWP|Any CPU.Build.0 = Release|Any CPU
		{BD0E82BD-4129-4AA7-B891-114FED491420}.UWP|ARM.ActiveCfg = Release|Any CPU
		{BD0E82BD-4129-4AA7-B891-114FED491420}.UWP|ARM.Build.0 = Release|Any CPU
		{BD0E82BD-4129-4AA7-B891-114FED491420}.UWP|iPhone.ActiveCfg = Release|Any CPU
		{BD0E82BD-4129-4AA7-B891-114FED491420}.UWP|iPhone.Build.0 = Release|Any CPU
		{BD0E82BD-4129-4AA7-B891-114FED491420}.UWP|iPhoneSimulator.ActiveCfg = Release|Any CPU
		{BD0E82BD-4129-4AA7-B891-114FED491420}.UWP|iPhoneSimulator.Build.0 = Release|Any CPU
		{BD0E82BD-4129-4AA7-B891-114FED491420}.UWP|x64.ActiveCfg = Release|Any CPU
		{BD0E82BD-4129-4AA7-B891-114FED491420}.UWP|x64.Build.0 = Release|Any CPU
		{BD0E82BD-4129-4AA7-B891-114FED491420}.UWP|x86.ActiveCfg = Release|Any CPU
		{BD0E82BD-4129-4AA7-B891-114FED491420}.UWP|x86.Build.0 = Release|Any CPU
		{BD0E82BD-4129-4AA7-B891-114FED491420}.UWP-Debug|Any CPU.ActiveCfg = Debug|Any CPU
		{BD0E82BD-4129-4AA7-B891-114FED491420}.UWP-Debug|Any CPU.Build.0 = Debug|Any CPU
		{BD0E82BD-4129-4AA7-B891-114FED491420}.UWP-Debug|ARM.ActiveCfg = Debug|Any CPU
		{BD0E82BD-4129-4AA7-B891-114FED491420}.UWP-Debug|ARM.Build.0 = Debug|Any CPU
		{BD0E82BD-4129-4AA7-B891-114FED491420}.UWP-Debug|iPhone.ActiveCfg = Debug|Any CPU
		{BD0E82BD-4129-4AA7-B891-114FED491420}.UWP-Debug|iPhone.Build.0 = Debug|Any CPU
		{BD0E82BD-4129-4AA7-B891-114FED491420}.UWP-Debug|iPhoneSimulator.ActiveCfg = Debug|Any CPU
		{BD0E82BD-4129-4AA7-B891-114FED491420}.UWP-Debug|iPhoneSimulator.Build.0 = Debug|Any CPU
		{BD0E82BD-4129-4AA7-B891-114FED491420}.UWP-Debug|x64.ActiveCfg = Debug|Any CPU
		{BD0E82BD-4129-4AA7-B891-114FED491420}.UWP-Debug|x64.Build.0 = Debug|Any CPU
		{BD0E82BD-4129-4AA7-B891-114FED491420}.UWP-Debug|x86.ActiveCfg = Debug|Any CPU
		{BD0E82BD-4129-4AA7-B891-114FED491420}.UWP-Debug|x86.Build.0 = Debug|Any CPU
		{BD0E82BD-4129-4AA7-B891-114FED491420}.UWP-Release|Any CPU.ActiveCfg = Release|Any CPU
		{BD0E82BD-4129-4AA7-B891-114FED491420}.UWP-Release|Any CPU.Build.0 = Release|Any CPU
		{BD0E82BD-4129-4AA7-B891-114FED491420}.UWP-Release|ARM.ActiveCfg = Release|Any CPU
		{BD0E82BD-4129-4AA7-B891-114FED491420}.UWP-Release|ARM.Build.0 = Release|Any CPU
		{BD0E82BD-4129-4AA7-B891-114FED491420}.UWP-Release|iPhone.ActiveCfg = Release|Any CPU
		{BD0E82BD-4129-4AA7-B891-114FED491420}.UWP-Release|iPhone.Build.0 = Release|Any CPU
		{BD0E82BD-4129-4AA7-B891-114FED491420}.UWP-Release|iPhoneSimulator.ActiveCfg = Release|Any CPU
		{BD0E82BD-4129-4AA7-B891-114FED491420}.UWP-Release|iPhoneSimulator.Build.0 = Release|Any CPU
		{BD0E82BD-4129-4AA7-B891-114FED491420}.UWP-Release|x64.ActiveCfg = Release|Any CPU
		{BD0E82BD-4129-4AA7-B891-114FED491420}.UWP-Release|x64.Build.0 = Release|Any CPU
		{BD0E82BD-4129-4AA7-B891-114FED491420}.UWP-Release|x86.ActiveCfg = Release|Any CPU
		{BD0E82BD-4129-4AA7-B891-114FED491420}.UWP-Release|x86.Build.0 = Release|Any CPU
		{2C7D5BE5-2723-4EB3-92BC-E05AAB72506A}.Debug|Any CPU.ActiveCfg = Debug|Any CPU
		{2C7D5BE5-2723-4EB3-92BC-E05AAB72506A}.Debug|Any CPU.Build.0 = Debug|Any CPU
		{2C7D5BE5-2723-4EB3-92BC-E05AAB72506A}.Debug|ARM.ActiveCfg = Debug|Any CPU
		{2C7D5BE5-2723-4EB3-92BC-E05AAB72506A}.Debug|ARM.Build.0 = Debug|Any CPU
		{2C7D5BE5-2723-4EB3-92BC-E05AAB72506A}.Debug|iPhone.ActiveCfg = Debug|Any CPU
		{2C7D5BE5-2723-4EB3-92BC-E05AAB72506A}.Debug|iPhone.Build.0 = Debug|Any CPU
		{2C7D5BE5-2723-4EB3-92BC-E05AAB72506A}.Debug|iPhoneSimulator.ActiveCfg = Debug|Any CPU
		{2C7D5BE5-2723-4EB3-92BC-E05AAB72506A}.Debug|iPhoneSimulator.Build.0 = Debug|Any CPU
		{2C7D5BE5-2723-4EB3-92BC-E05AAB72506A}.Debug|x64.ActiveCfg = Debug|Any CPU
		{2C7D5BE5-2723-4EB3-92BC-E05AAB72506A}.Debug|x64.Build.0 = Debug|Any CPU
		{2C7D5BE5-2723-4EB3-92BC-E05AAB72506A}.Debug|x86.ActiveCfg = Debug|Any CPU
		{2C7D5BE5-2723-4EB3-92BC-E05AAB72506A}.Debug|x86.Build.0 = Debug|Any CPU
		{2C7D5BE5-2723-4EB3-92BC-E05AAB72506A}.Release|Any CPU.ActiveCfg = Release|Any CPU
		{2C7D5BE5-2723-4EB3-92BC-E05AAB72506A}.Release|Any CPU.Build.0 = Release|Any CPU
		{2C7D5BE5-2723-4EB3-92BC-E05AAB72506A}.Release|ARM.ActiveCfg = Release|Any CPU
		{2C7D5BE5-2723-4EB3-92BC-E05AAB72506A}.Release|ARM.Build.0 = Release|Any CPU
		{2C7D5BE5-2723-4EB3-92BC-E05AAB72506A}.Release|iPhone.ActiveCfg = Release|Any CPU
		{2C7D5BE5-2723-4EB3-92BC-E05AAB72506A}.Release|iPhone.Build.0 = Release|Any CPU
		{2C7D5BE5-2723-4EB3-92BC-E05AAB72506A}.Release|iPhoneSimulator.ActiveCfg = Release|Any CPU
		{2C7D5BE5-2723-4EB3-92BC-E05AAB72506A}.Release|iPhoneSimulator.Build.0 = Release|Any CPU
		{2C7D5BE5-2723-4EB3-92BC-E05AAB72506A}.Release|x64.ActiveCfg = Release|Any CPU
		{2C7D5BE5-2723-4EB3-92BC-E05AAB72506A}.Release|x64.Build.0 = Release|Any CPU
		{2C7D5BE5-2723-4EB3-92BC-E05AAB72506A}.Release|x86.ActiveCfg = Release|Any CPU
		{2C7D5BE5-2723-4EB3-92BC-E05AAB72506A}.Release|x86.Build.0 = Release|Any CPU
		{2C7D5BE5-2723-4EB3-92BC-E05AAB72506A}.UWP|Any CPU.ActiveCfg = Release|Any CPU
		{2C7D5BE5-2723-4EB3-92BC-E05AAB72506A}.UWP|Any CPU.Build.0 = Release|Any CPU
		{2C7D5BE5-2723-4EB3-92BC-E05AAB72506A}.UWP|ARM.ActiveCfg = Release|Any CPU
		{2C7D5BE5-2723-4EB3-92BC-E05AAB72506A}.UWP|ARM.Build.0 = Release|Any CPU
		{2C7D5BE5-2723-4EB3-92BC-E05AAB72506A}.UWP|iPhone.ActiveCfg = Release|Any CPU
		{2C7D5BE5-2723-4EB3-92BC-E05AAB72506A}.UWP|iPhone.Build.0 = Release|Any CPU
		{2C7D5BE5-2723-4EB3-92BC-E05AAB72506A}.UWP|iPhoneSimulator.ActiveCfg = Release|Any CPU
		{2C7D5BE5-2723-4EB3-92BC-E05AAB72506A}.UWP|iPhoneSimulator.Build.0 = Release|Any CPU
		{2C7D5BE5-2723-4EB3-92BC-E05AAB72506A}.UWP|x64.ActiveCfg = Release|Any CPU
		{2C7D5BE5-2723-4EB3-92BC-E05AAB72506A}.UWP|x64.Build.0 = Release|Any CPU
		{2C7D5BE5-2723-4EB3-92BC-E05AAB72506A}.UWP|x86.ActiveCfg = Release|Any CPU
		{2C7D5BE5-2723-4EB3-92BC-E05AAB72506A}.UWP|x86.Build.0 = Release|Any CPU
		{2C7D5BE5-2723-4EB3-92BC-E05AAB72506A}.UWP-Debug|Any CPU.ActiveCfg = Debug|Any CPU
		{2C7D5BE5-2723-4EB3-92BC-E05AAB72506A}.UWP-Debug|Any CPU.Build.0 = Debug|Any CPU
		{2C7D5BE5-2723-4EB3-92BC-E05AAB72506A}.UWP-Debug|ARM.ActiveCfg = Debug|Any CPU
		{2C7D5BE5-2723-4EB3-92BC-E05AAB72506A}.UWP-Debug|ARM.Build.0 = Debug|Any CPU
		{2C7D5BE5-2723-4EB3-92BC-E05AAB72506A}.UWP-Debug|iPhone.ActiveCfg = Debug|Any CPU
		{2C7D5BE5-2723-4EB3-92BC-E05AAB72506A}.UWP-Debug|iPhone.Build.0 = Debug|Any CPU
		{2C7D5BE5-2723-4EB3-92BC-E05AAB72506A}.UWP-Debug|iPhoneSimulator.ActiveCfg = Debug|Any CPU
		{2C7D5BE5-2723-4EB3-92BC-E05AAB72506A}.UWP-Debug|iPhoneSimulator.Build.0 = Debug|Any CPU
		{2C7D5BE5-2723-4EB3-92BC-E05AAB72506A}.UWP-Debug|x64.ActiveCfg = Debug|Any CPU
		{2C7D5BE5-2723-4EB3-92BC-E05AAB72506A}.UWP-Debug|x64.Build.0 = Debug|Any CPU
		{2C7D5BE5-2723-4EB3-92BC-E05AAB72506A}.UWP-Debug|x86.ActiveCfg = Debug|Any CPU
		{2C7D5BE5-2723-4EB3-92BC-E05AAB72506A}.UWP-Debug|x86.Build.0 = Debug|Any CPU
		{2C7D5BE5-2723-4EB3-92BC-E05AAB72506A}.UWP-Release|Any CPU.ActiveCfg = Release|Any CPU
		{2C7D5BE5-2723-4EB3-92BC-E05AAB72506A}.UWP-Release|Any CPU.Build.0 = Release|Any CPU
		{2C7D5BE5-2723-4EB3-92BC-E05AAB72506A}.UWP-Release|ARM.ActiveCfg = Release|Any CPU
		{2C7D5BE5-2723-4EB3-92BC-E05AAB72506A}.UWP-Release|ARM.Build.0 = Release|Any CPU
		{2C7D5BE5-2723-4EB3-92BC-E05AAB72506A}.UWP-Release|iPhone.ActiveCfg = Release|Any CPU
		{2C7D5BE5-2723-4EB3-92BC-E05AAB72506A}.UWP-Release|iPhone.Build.0 = Release|Any CPU
		{2C7D5BE5-2723-4EB3-92BC-E05AAB72506A}.UWP-Release|iPhoneSimulator.ActiveCfg = Release|Any CPU
		{2C7D5BE5-2723-4EB3-92BC-E05AAB72506A}.UWP-Release|iPhoneSimulator.Build.0 = Release|Any CPU
		{2C7D5BE5-2723-4EB3-92BC-E05AAB72506A}.UWP-Release|x64.ActiveCfg = Release|Any CPU
		{2C7D5BE5-2723-4EB3-92BC-E05AAB72506A}.UWP-Release|x64.Build.0 = Release|Any CPU
		{2C7D5BE5-2723-4EB3-92BC-E05AAB72506A}.UWP-Release|x86.ActiveCfg = Release|Any CPU
		{2C7D5BE5-2723-4EB3-92BC-E05AAB72506A}.UWP-Release|x86.Build.0 = Release|Any CPU
		{37CF071B-DD20-4176-8217-890E79D9E555}.Debug|Any CPU.ActiveCfg = Debug|Any CPU
		{37CF071B-DD20-4176-8217-890E79D9E555}.Debug|Any CPU.Build.0 = Debug|Any CPU
		{37CF071B-DD20-4176-8217-890E79D9E555}.Debug|ARM.ActiveCfg = Debug|Any CPU
		{37CF071B-DD20-4176-8217-890E79D9E555}.Debug|ARM.Build.0 = Debug|Any CPU
		{37CF071B-DD20-4176-8217-890E79D9E555}.Debug|iPhone.ActiveCfg = Debug|Any CPU
		{37CF071B-DD20-4176-8217-890E79D9E555}.Debug|iPhone.Build.0 = Debug|Any CPU
		{37CF071B-DD20-4176-8217-890E79D9E555}.Debug|iPhoneSimulator.ActiveCfg = Debug|Any CPU
		{37CF071B-DD20-4176-8217-890E79D9E555}.Debug|iPhoneSimulator.Build.0 = Debug|Any CPU
		{37CF071B-DD20-4176-8217-890E79D9E555}.Debug|x64.ActiveCfg = Debug|Any CPU
		{37CF071B-DD20-4176-8217-890E79D9E555}.Debug|x64.Build.0 = Debug|Any CPU
		{37CF071B-DD20-4176-8217-890E79D9E555}.Debug|x86.ActiveCfg = Debug|Any CPU
		{37CF071B-DD20-4176-8217-890E79D9E555}.Debug|x86.Build.0 = Debug|Any CPU
		{37CF071B-DD20-4176-8217-890E79D9E555}.Release|Any CPU.ActiveCfg = Release|Any CPU
		{37CF071B-DD20-4176-8217-890E79D9E555}.Release|Any CPU.Build.0 = Release|Any CPU
		{37CF071B-DD20-4176-8217-890E79D9E555}.Release|ARM.ActiveCfg = Release|Any CPU
		{37CF071B-DD20-4176-8217-890E79D9E555}.Release|ARM.Build.0 = Release|Any CPU
		{37CF071B-DD20-4176-8217-890E79D9E555}.Release|iPhone.ActiveCfg = Release|Any CPU
		{37CF071B-DD20-4176-8217-890E79D9E555}.Release|iPhone.Build.0 = Release|Any CPU
		{37CF071B-DD20-4176-8217-890E79D9E555}.Release|iPhoneSimulator.ActiveCfg = Release|Any CPU
		{37CF071B-DD20-4176-8217-890E79D9E555}.Release|iPhoneSimulator.Build.0 = Release|Any CPU
		{37CF071B-DD20-4176-8217-890E79D9E555}.Release|x64.ActiveCfg = Release|Any CPU
		{37CF071B-DD20-4176-8217-890E79D9E555}.Release|x64.Build.0 = Release|Any CPU
		{37CF071B-DD20-4176-8217-890E79D9E555}.Release|x86.ActiveCfg = Release|Any CPU
		{37CF071B-DD20-4176-8217-890E79D9E555}.Release|x86.Build.0 = Release|Any CPU
		{37CF071B-DD20-4176-8217-890E79D9E555}.UWP|Any CPU.ActiveCfg = Release|Any CPU
		{37CF071B-DD20-4176-8217-890E79D9E555}.UWP|Any CPU.Build.0 = Release|Any CPU
		{37CF071B-DD20-4176-8217-890E79D9E555}.UWP|ARM.ActiveCfg = Release|Any CPU
		{37CF071B-DD20-4176-8217-890E79D9E555}.UWP|ARM.Build.0 = Release|Any CPU
		{37CF071B-DD20-4176-8217-890E79D9E555}.UWP|iPhone.ActiveCfg = Release|Any CPU
		{37CF071B-DD20-4176-8217-890E79D9E555}.UWP|iPhone.Build.0 = Release|Any CPU
		{37CF071B-DD20-4176-8217-890E79D9E555}.UWP|iPhoneSimulator.ActiveCfg = Release|Any CPU
		{37CF071B-DD20-4176-8217-890E79D9E555}.UWP|iPhoneSimulator.Build.0 = Release|Any CPU
		{37CF071B-DD20-4176-8217-890E79D9E555}.UWP|x64.ActiveCfg = Release|Any CPU
		{37CF071B-DD20-4176-8217-890E79D9E555}.UWP|x64.Build.0 = Release|Any CPU
		{37CF071B-DD20-4176-8217-890E79D9E555}.UWP|x86.ActiveCfg = Release|Any CPU
		{37CF071B-DD20-4176-8217-890E79D9E555}.UWP|x86.Build.0 = Release|Any CPU
		{37CF071B-DD20-4176-8217-890E79D9E555}.UWP-Debug|Any CPU.ActiveCfg = Debug|Any CPU
		{37CF071B-DD20-4176-8217-890E79D9E555}.UWP-Debug|Any CPU.Build.0 = Debug|Any CPU
		{37CF071B-DD20-4176-8217-890E79D9E555}.UWP-Debug|ARM.ActiveCfg = Debug|Any CPU
		{37CF071B-DD20-4176-8217-890E79D9E555}.UWP-Debug|ARM.Build.0 = Debug|Any CPU
		{37CF071B-DD20-4176-8217-890E79D9E555}.UWP-Debug|iPhone.ActiveCfg = Debug|Any CPU
		{37CF071B-DD20-4176-8217-890E79D9E555}.UWP-Debug|iPhone.Build.0 = Debug|Any CPU
		{37CF071B-DD20-4176-8217-890E79D9E555}.UWP-Debug|iPhoneSimulator.ActiveCfg = Debug|Any CPU
		{37CF071B-DD20-4176-8217-890E79D9E555}.UWP-Debug|iPhoneSimulator.Build.0 = Debug|Any CPU
		{37CF071B-DD20-4176-8217-890E79D9E555}.UWP-Debug|x64.ActiveCfg = Debug|Any CPU
		{37CF071B-DD20-4176-8217-890E79D9E555}.UWP-Debug|x64.Build.0 = Debug|Any CPU
		{37CF071B-DD20-4176-8217-890E79D9E555}.UWP-Debug|x86.ActiveCfg = Debug|Any CPU
		{37CF071B-DD20-4176-8217-890E79D9E555}.UWP-Debug|x86.Build.0 = Debug|Any CPU
		{37CF071B-DD20-4176-8217-890E79D9E555}.UWP-Release|Any CPU.ActiveCfg = Release|Any CPU
		{37CF071B-DD20-4176-8217-890E79D9E555}.UWP-Release|Any CPU.Build.0 = Release|Any CPU
		{37CF071B-DD20-4176-8217-890E79D9E555}.UWP-Release|ARM.ActiveCfg = Release|Any CPU
		{37CF071B-DD20-4176-8217-890E79D9E555}.UWP-Release|ARM.Build.0 = Release|Any CPU
		{37CF071B-DD20-4176-8217-890E79D9E555}.UWP-Release|iPhone.ActiveCfg = Release|Any CPU
		{37CF071B-DD20-4176-8217-890E79D9E555}.UWP-Release|iPhone.Build.0 = Release|Any CPU
		{37CF071B-DD20-4176-8217-890E79D9E555}.UWP-Release|iPhoneSimulator.ActiveCfg = Release|Any CPU
		{37CF071B-DD20-4176-8217-890E79D9E555}.UWP-Release|iPhoneSimulator.Build.0 = Release|Any CPU
		{37CF071B-DD20-4176-8217-890E79D9E555}.UWP-Release|x64.ActiveCfg = Release|Any CPU
		{37CF071B-DD20-4176-8217-890E79D9E555}.UWP-Release|x64.Build.0 = Release|Any CPU
		{37CF071B-DD20-4176-8217-890E79D9E555}.UWP-Release|x86.ActiveCfg = Release|Any CPU
		{37CF071B-DD20-4176-8217-890E79D9E555}.UWP-Release|x86.Build.0 = Release|Any CPU
		{4144E9E0-A85E-4F7A-81FD-D0E08CC4F2A9}.Debug|Any CPU.ActiveCfg = Debug|Any CPU
		{4144E9E0-A85E-4F7A-81FD-D0E08CC4F2A9}.Debug|Any CPU.Build.0 = Debug|Any CPU
		{4144E9E0-A85E-4F7A-81FD-D0E08CC4F2A9}.Debug|ARM.ActiveCfg = Debug|Any CPU
		{4144E9E0-A85E-4F7A-81FD-D0E08CC4F2A9}.Debug|ARM.Build.0 = Debug|Any CPU
		{4144E9E0-A85E-4F7A-81FD-D0E08CC4F2A9}.Debug|iPhone.ActiveCfg = Debug|Any CPU
		{4144E9E0-A85E-4F7A-81FD-D0E08CC4F2A9}.Debug|iPhone.Build.0 = Debug|Any CPU
		{4144E9E0-A85E-4F7A-81FD-D0E08CC4F2A9}.Debug|iPhoneSimulator.ActiveCfg = Debug|Any CPU
		{4144E9E0-A85E-4F7A-81FD-D0E08CC4F2A9}.Debug|iPhoneSimulator.Build.0 = Debug|Any CPU
		{4144E9E0-A85E-4F7A-81FD-D0E08CC4F2A9}.Debug|x64.ActiveCfg = Debug|Any CPU
		{4144E9E0-A85E-4F7A-81FD-D0E08CC4F2A9}.Debug|x64.Build.0 = Debug|Any CPU
		{4144E9E0-A85E-4F7A-81FD-D0E08CC4F2A9}.Debug|x86.ActiveCfg = Debug|Any CPU
		{4144E9E0-A85E-4F7A-81FD-D0E08CC4F2A9}.Debug|x86.Build.0 = Debug|Any CPU
		{4144E9E0-A85E-4F7A-81FD-D0E08CC4F2A9}.Release|Any CPU.ActiveCfg = Release|Any CPU
		{4144E9E0-A85E-4F7A-81FD-D0E08CC4F2A9}.Release|Any CPU.Build.0 = Release|Any CPU
		{4144E9E0-A85E-4F7A-81FD-D0E08CC4F2A9}.Release|ARM.ActiveCfg = Release|Any CPU
		{4144E9E0-A85E-4F7A-81FD-D0E08CC4F2A9}.Release|ARM.Build.0 = Release|Any CPU
		{4144E9E0-A85E-4F7A-81FD-D0E08CC4F2A9}.Release|iPhone.ActiveCfg = Release|Any CPU
		{4144E9E0-A85E-4F7A-81FD-D0E08CC4F2A9}.Release|iPhone.Build.0 = Release|Any CPU
		{4144E9E0-A85E-4F7A-81FD-D0E08CC4F2A9}.Release|iPhoneSimulator.ActiveCfg = Release|Any CPU
		{4144E9E0-A85E-4F7A-81FD-D0E08CC4F2A9}.Release|iPhoneSimulator.Build.0 = Release|Any CPU
		{4144E9E0-A85E-4F7A-81FD-D0E08CC4F2A9}.Release|x64.ActiveCfg = Release|Any CPU
		{4144E9E0-A85E-4F7A-81FD-D0E08CC4F2A9}.Release|x64.Build.0 = Release|Any CPU
		{4144E9E0-A85E-4F7A-81FD-D0E08CC4F2A9}.Release|x86.ActiveCfg = Release|Any CPU
		{4144E9E0-A85E-4F7A-81FD-D0E08CC4F2A9}.Release|x86.Build.0 = Release|Any CPU
		{4144E9E0-A85E-4F7A-81FD-D0E08CC4F2A9}.UWP|Any CPU.ActiveCfg = Release|Any CPU
		{4144E9E0-A85E-4F7A-81FD-D0E08CC4F2A9}.UWP|Any CPU.Build.0 = Release|Any CPU
		{4144E9E0-A85E-4F7A-81FD-D0E08CC4F2A9}.UWP|ARM.ActiveCfg = Release|Any CPU
		{4144E9E0-A85E-4F7A-81FD-D0E08CC4F2A9}.UWP|ARM.Build.0 = Release|Any CPU
		{4144E9E0-A85E-4F7A-81FD-D0E08CC4F2A9}.UWP|iPhone.ActiveCfg = Release|Any CPU
		{4144E9E0-A85E-4F7A-81FD-D0E08CC4F2A9}.UWP|iPhone.Build.0 = Release|Any CPU
		{4144E9E0-A85E-4F7A-81FD-D0E08CC4F2A9}.UWP|iPhoneSimulator.ActiveCfg = Release|Any CPU
		{4144E9E0-A85E-4F7A-81FD-D0E08CC4F2A9}.UWP|iPhoneSimulator.Build.0 = Release|Any CPU
		{4144E9E0-A85E-4F7A-81FD-D0E08CC4F2A9}.UWP|x64.ActiveCfg = Release|Any CPU
		{4144E9E0-A85E-4F7A-81FD-D0E08CC4F2A9}.UWP|x64.Build.0 = Release|Any CPU
		{4144E9E0-A85E-4F7A-81FD-D0E08CC4F2A9}.UWP|x86.ActiveCfg = Release|Any CPU
		{4144E9E0-A85E-4F7A-81FD-D0E08CC4F2A9}.UWP|x86.Build.0 = Release|Any CPU
		{4144E9E0-A85E-4F7A-81FD-D0E08CC4F2A9}.UWP-Debug|Any CPU.ActiveCfg = Debug|Any CPU
		{4144E9E0-A85E-4F7A-81FD-D0E08CC4F2A9}.UWP-Debug|Any CPU.Build.0 = Debug|Any CPU
		{4144E9E0-A85E-4F7A-81FD-D0E08CC4F2A9}.UWP-Debug|ARM.ActiveCfg = Debug|Any CPU
		{4144E9E0-A85E-4F7A-81FD-D0E08CC4F2A9}.UWP-Debug|ARM.Build.0 = Debug|Any CPU
		{4144E9E0-A85E-4F7A-81FD-D0E08CC4F2A9}.UWP-Debug|iPhone.ActiveCfg = Debug|Any CPU
		{4144E9E0-A85E-4F7A-81FD-D0E08CC4F2A9}.UWP-Debug|iPhone.Build.0 = Debug|Any CPU
		{4144E9E0-A85E-4F7A-81FD-D0E08CC4F2A9}.UWP-Debug|iPhoneSimulator.ActiveCfg = Debug|Any CPU
		{4144E9E0-A85E-4F7A-81FD-D0E08CC4F2A9}.UWP-Debug|iPhoneSimulator.Build.0 = Debug|Any CPU
		{4144E9E0-A85E-4F7A-81FD-D0E08CC4F2A9}.UWP-Debug|x64.ActiveCfg = Debug|Any CPU
		{4144E9E0-A85E-4F7A-81FD-D0E08CC4F2A9}.UWP-Debug|x64.Build.0 = Debug|Any CPU
		{4144E9E0-A85E-4F7A-81FD-D0E08CC4F2A9}.UWP-Debug|x86.ActiveCfg = Debug|Any CPU
		{4144E9E0-A85E-4F7A-81FD-D0E08CC4F2A9}.UWP-Debug|x86.Build.0 = Debug|Any CPU
		{4144E9E0-A85E-4F7A-81FD-D0E08CC4F2A9}.UWP-Release|Any CPU.ActiveCfg = Release|Any CPU
		{4144E9E0-A85E-4F7A-81FD-D0E08CC4F2A9}.UWP-Release|Any CPU.Build.0 = Release|Any CPU
		{4144E9E0-A85E-4F7A-81FD-D0E08CC4F2A9}.UWP-Release|ARM.ActiveCfg = Release|Any CPU
		{4144E9E0-A85E-4F7A-81FD-D0E08CC4F2A9}.UWP-Release|ARM.Build.0 = Release|Any CPU
		{4144E9E0-A85E-4F7A-81FD-D0E08CC4F2A9}.UWP-Release|iPhone.ActiveCfg = Release|Any CPU
		{4144E9E0-A85E-4F7A-81FD-D0E08CC4F2A9}.UWP-Release|iPhone.Build.0 = Release|Any CPU
		{4144E9E0-A85E-4F7A-81FD-D0E08CC4F2A9}.UWP-Release|iPhoneSimulator.ActiveCfg = Release|Any CPU
		{4144E9E0-A85E-4F7A-81FD-D0E08CC4F2A9}.UWP-Release|iPhoneSimulator.Build.0 = Release|Any CPU
		{4144E9E0-A85E-4F7A-81FD-D0E08CC4F2A9}.UWP-Release|x64.ActiveCfg = Release|Any CPU
		{4144E9E0-A85E-4F7A-81FD-D0E08CC4F2A9}.UWP-Release|x64.Build.0 = Release|Any CPU
		{4144E9E0-A85E-4F7A-81FD-D0E08CC4F2A9}.UWP-Release|x86.ActiveCfg = Release|Any CPU
		{4144E9E0-A85E-4F7A-81FD-D0E08CC4F2A9}.UWP-Release|x86.Build.0 = Release|Any CPU
		{CCB050AE-791F-4C85-9FAF-B044F16BDF37}.Debug|Any CPU.ActiveCfg = Debug|Any CPU
		{CCB050AE-791F-4C85-9FAF-B044F16BDF37}.Debug|Any CPU.Build.0 = Debug|Any CPU
		{CCB050AE-791F-4C85-9FAF-B044F16BDF37}.Debug|ARM.ActiveCfg = Debug|Any CPU
		{CCB050AE-791F-4C85-9FAF-B044F16BDF37}.Debug|ARM.Build.0 = Debug|Any CPU
		{CCB050AE-791F-4C85-9FAF-B044F16BDF37}.Debug|iPhone.ActiveCfg = Debug|Any CPU
		{CCB050AE-791F-4C85-9FAF-B044F16BDF37}.Debug|iPhone.Build.0 = Debug|Any CPU
		{CCB050AE-791F-4C85-9FAF-B044F16BDF37}.Debug|iPhoneSimulator.ActiveCfg = Debug|Any CPU
		{CCB050AE-791F-4C85-9FAF-B044F16BDF37}.Debug|iPhoneSimulator.Build.0 = Debug|Any CPU
		{CCB050AE-791F-4C85-9FAF-B044F16BDF37}.Debug|x64.ActiveCfg = Debug|Any CPU
		{CCB050AE-791F-4C85-9FAF-B044F16BDF37}.Debug|x64.Build.0 = Debug|Any CPU
		{CCB050AE-791F-4C85-9FAF-B044F16BDF37}.Debug|x86.ActiveCfg = Debug|Any CPU
		{CCB050AE-791F-4C85-9FAF-B044F16BDF37}.Debug|x86.Build.0 = Debug|Any CPU
		{CCB050AE-791F-4C85-9FAF-B044F16BDF37}.Release|Any CPU.ActiveCfg = Release|Any CPU
		{CCB050AE-791F-4C85-9FAF-B044F16BDF37}.Release|Any CPU.Build.0 = Release|Any CPU
		{CCB050AE-791F-4C85-9FAF-B044F16BDF37}.Release|ARM.ActiveCfg = Release|Any CPU
		{CCB050AE-791F-4C85-9FAF-B044F16BDF37}.Release|ARM.Build.0 = Release|Any CPU
		{CCB050AE-791F-4C85-9FAF-B044F16BDF37}.Release|iPhone.ActiveCfg = Release|Any CPU
		{CCB050AE-791F-4C85-9FAF-B044F16BDF37}.Release|iPhone.Build.0 = Release|Any CPU
		{CCB050AE-791F-4C85-9FAF-B044F16BDF37}.Release|iPhoneSimulator.ActiveCfg = Release|Any CPU
		{CCB050AE-791F-4C85-9FAF-B044F16BDF37}.Release|iPhoneSimulator.Build.0 = Release|Any CPU
		{CCB050AE-791F-4C85-9FAF-B044F16BDF37}.Release|x64.ActiveCfg = Release|Any CPU
		{CCB050AE-791F-4C85-9FAF-B044F16BDF37}.Release|x64.Build.0 = Release|Any CPU
		{CCB050AE-791F-4C85-9FAF-B044F16BDF37}.Release|x86.ActiveCfg = Release|Any CPU
		{CCB050AE-791F-4C85-9FAF-B044F16BDF37}.Release|x86.Build.0 = Release|Any CPU
		{CCB050AE-791F-4C85-9FAF-B044F16BDF37}.UWP|Any CPU.ActiveCfg = Release|Any CPU
		{CCB050AE-791F-4C85-9FAF-B044F16BDF37}.UWP|Any CPU.Build.0 = Release|Any CPU
		{CCB050AE-791F-4C85-9FAF-B044F16BDF37}.UWP|ARM.ActiveCfg = Release|Any CPU
		{CCB050AE-791F-4C85-9FAF-B044F16BDF37}.UWP|ARM.Build.0 = Release|Any CPU
		{CCB050AE-791F-4C85-9FAF-B044F16BDF37}.UWP|iPhone.ActiveCfg = Release|Any CPU
		{CCB050AE-791F-4C85-9FAF-B044F16BDF37}.UWP|iPhone.Build.0 = Release|Any CPU
		{CCB050AE-791F-4C85-9FAF-B044F16BDF37}.UWP|iPhoneSimulator.ActiveCfg = Release|Any CPU
		{CCB050AE-791F-4C85-9FAF-B044F16BDF37}.UWP|iPhoneSimulator.Build.0 = Release|Any CPU
		{CCB050AE-791F-4C85-9FAF-B044F16BDF37}.UWP|x64.ActiveCfg = Release|Any CPU
		{CCB050AE-791F-4C85-9FAF-B044F16BDF37}.UWP|x64.Build.0 = Release|Any CPU
		{CCB050AE-791F-4C85-9FAF-B044F16BDF37}.UWP|x86.ActiveCfg = Release|Any CPU
		{CCB050AE-791F-4C85-9FAF-B044F16BDF37}.UWP|x86.Build.0 = Release|Any CPU
		{CCB050AE-791F-4C85-9FAF-B044F16BDF37}.UWP-Debug|Any CPU.ActiveCfg = Debug|Any CPU
		{CCB050AE-791F-4C85-9FAF-B044F16BDF37}.UWP-Debug|Any CPU.Build.0 = Debug|Any CPU
		{CCB050AE-791F-4C85-9FAF-B044F16BDF37}.UWP-Debug|ARM.ActiveCfg = Debug|Any CPU
		{CCB050AE-791F-4C85-9FAF-B044F16BDF37}.UWP-Debug|ARM.Build.0 = Debug|Any CPU
		{CCB050AE-791F-4C85-9FAF-B044F16BDF37}.UWP-Debug|iPhone.ActiveCfg = Debug|Any CPU
		{CCB050AE-791F-4C85-9FAF-B044F16BDF37}.UWP-Debug|iPhone.Build.0 = Debug|Any CPU
		{CCB050AE-791F-4C85-9FAF-B044F16BDF37}.UWP-Debug|iPhoneSimulator.ActiveCfg = Debug|Any CPU
		{CCB050AE-791F-4C85-9FAF-B044F16BDF37}.UWP-Debug|iPhoneSimulator.Build.0 = Debug|Any CPU
		{CCB050AE-791F-4C85-9FAF-B044F16BDF37}.UWP-Debug|x64.ActiveCfg = Debug|Any CPU
		{CCB050AE-791F-4C85-9FAF-B044F16BDF37}.UWP-Debug|x64.Build.0 = Debug|Any CPU
		{CCB050AE-791F-4C85-9FAF-B044F16BDF37}.UWP-Debug|x86.ActiveCfg = Debug|Any CPU
		{CCB050AE-791F-4C85-9FAF-B044F16BDF37}.UWP-Debug|x86.Build.0 = Debug|Any CPU
		{CCB050AE-791F-4C85-9FAF-B044F16BDF37}.UWP-Release|Any CPU.ActiveCfg = Release|Any CPU
		{CCB050AE-791F-4C85-9FAF-B044F16BDF37}.UWP-Release|Any CPU.Build.0 = Release|Any CPU
		{CCB050AE-791F-4C85-9FAF-B044F16BDF37}.UWP-Release|ARM.ActiveCfg = Release|Any CPU
		{CCB050AE-791F-4C85-9FAF-B044F16BDF37}.UWP-Release|ARM.Build.0 = Release|Any CPU
		{CCB050AE-791F-4C85-9FAF-B044F16BDF37}.UWP-Release|iPhone.ActiveCfg = Release|Any CPU
		{CCB050AE-791F-4C85-9FAF-B044F16BDF37}.UWP-Release|iPhone.Build.0 = Release|Any CPU
		{CCB050AE-791F-4C85-9FAF-B044F16BDF37}.UWP-Release|iPhoneSimulator.ActiveCfg = Release|Any CPU
		{CCB050AE-791F-4C85-9FAF-B044F16BDF37}.UWP-Release|iPhoneSimulator.Build.0 = Release|Any CPU
		{CCB050AE-791F-4C85-9FAF-B044F16BDF37}.UWP-Release|x64.ActiveCfg = Release|Any CPU
		{CCB050AE-791F-4C85-9FAF-B044F16BDF37}.UWP-Release|x64.Build.0 = Release|Any CPU
		{CCB050AE-791F-4C85-9FAF-B044F16BDF37}.UWP-Release|x86.ActiveCfg = Release|Any CPU
		{CCB050AE-791F-4C85-9FAF-B044F16BDF37}.UWP-Release|x86.Build.0 = Release|Any CPU
		{38C3C623-8E5E-47ED-8591-EE1C4400B21A}.Debug|Any CPU.ActiveCfg = Debug|Any CPU
		{38C3C623-8E5E-47ED-8591-EE1C4400B21A}.Debug|Any CPU.Build.0 = Debug|Any CPU
		{38C3C623-8E5E-47ED-8591-EE1C4400B21A}.Debug|ARM.ActiveCfg = Debug|Any CPU
		{38C3C623-8E5E-47ED-8591-EE1C4400B21A}.Debug|ARM.Build.0 = Debug|Any CPU
		{38C3C623-8E5E-47ED-8591-EE1C4400B21A}.Debug|iPhone.ActiveCfg = Debug|Any CPU
		{38C3C623-8E5E-47ED-8591-EE1C4400B21A}.Debug|iPhone.Build.0 = Debug|Any CPU
		{38C3C623-8E5E-47ED-8591-EE1C4400B21A}.Debug|iPhoneSimulator.ActiveCfg = Debug|Any CPU
		{38C3C623-8E5E-47ED-8591-EE1C4400B21A}.Debug|iPhoneSimulator.Build.0 = Debug|Any CPU
		{38C3C623-8E5E-47ED-8591-EE1C4400B21A}.Debug|x64.ActiveCfg = Debug|Any CPU
		{38C3C623-8E5E-47ED-8591-EE1C4400B21A}.Debug|x64.Build.0 = Debug|Any CPU
		{38C3C623-8E5E-47ED-8591-EE1C4400B21A}.Debug|x86.ActiveCfg = Debug|Any CPU
		{38C3C623-8E5E-47ED-8591-EE1C4400B21A}.Debug|x86.Build.0 = Debug|Any CPU
		{38C3C623-8E5E-47ED-8591-EE1C4400B21A}.Release|Any CPU.ActiveCfg = Release|Any CPU
		{38C3C623-8E5E-47ED-8591-EE1C4400B21A}.Release|Any CPU.Build.0 = Release|Any CPU
		{38C3C623-8E5E-47ED-8591-EE1C4400B21A}.Release|ARM.ActiveCfg = Release|Any CPU
		{38C3C623-8E5E-47ED-8591-EE1C4400B21A}.Release|ARM.Build.0 = Release|Any CPU
		{38C3C623-8E5E-47ED-8591-EE1C4400B21A}.Release|iPhone.ActiveCfg = Release|Any CPU
		{38C3C623-8E5E-47ED-8591-EE1C4400B21A}.Release|iPhone.Build.0 = Release|Any CPU
		{38C3C623-8E5E-47ED-8591-EE1C4400B21A}.Release|iPhoneSimulator.ActiveCfg = Release|Any CPU
		{38C3C623-8E5E-47ED-8591-EE1C4400B21A}.Release|iPhoneSimulator.Build.0 = Release|Any CPU
		{38C3C623-8E5E-47ED-8591-EE1C4400B21A}.Release|x64.ActiveCfg = Release|Any CPU
		{38C3C623-8E5E-47ED-8591-EE1C4400B21A}.Release|x64.Build.0 = Release|Any CPU
		{38C3C623-8E5E-47ED-8591-EE1C4400B21A}.Release|x86.ActiveCfg = Release|Any CPU
		{38C3C623-8E5E-47ED-8591-EE1C4400B21A}.Release|x86.Build.0 = Release|Any CPU
		{38C3C623-8E5E-47ED-8591-EE1C4400B21A}.UWP|Any CPU.ActiveCfg = Release|Any CPU
		{38C3C623-8E5E-47ED-8591-EE1C4400B21A}.UWP|Any CPU.Build.0 = Release|Any CPU
		{38C3C623-8E5E-47ED-8591-EE1C4400B21A}.UWP|ARM.ActiveCfg = Release|Any CPU
		{38C3C623-8E5E-47ED-8591-EE1C4400B21A}.UWP|ARM.Build.0 = Release|Any CPU
		{38C3C623-8E5E-47ED-8591-EE1C4400B21A}.UWP|iPhone.ActiveCfg = Release|Any CPU
		{38C3C623-8E5E-47ED-8591-EE1C4400B21A}.UWP|iPhone.Build.0 = Release|Any CPU
		{38C3C623-8E5E-47ED-8591-EE1C4400B21A}.UWP|iPhoneSimulator.ActiveCfg = Release|Any CPU
		{38C3C623-8E5E-47ED-8591-EE1C4400B21A}.UWP|iPhoneSimulator.Build.0 = Release|Any CPU
		{38C3C623-8E5E-47ED-8591-EE1C4400B21A}.UWP|x64.ActiveCfg = Release|Any CPU
		{38C3C623-8E5E-47ED-8591-EE1C4400B21A}.UWP|x64.Build.0 = Release|Any CPU
		{38C3C623-8E5E-47ED-8591-EE1C4400B21A}.UWP|x86.ActiveCfg = Release|Any CPU
		{38C3C623-8E5E-47ED-8591-EE1C4400B21A}.UWP|x86.Build.0 = Release|Any CPU
		{38C3C623-8E5E-47ED-8591-EE1C4400B21A}.UWP-Debug|Any CPU.ActiveCfg = Debug|Any CPU
		{38C3C623-8E5E-47ED-8591-EE1C4400B21A}.UWP-Debug|Any CPU.Build.0 = Debug|Any CPU
		{38C3C623-8E5E-47ED-8591-EE1C4400B21A}.UWP-Debug|ARM.ActiveCfg = Debug|Any CPU
		{38C3C623-8E5E-47ED-8591-EE1C4400B21A}.UWP-Debug|ARM.Build.0 = Debug|Any CPU
		{38C3C623-8E5E-47ED-8591-EE1C4400B21A}.UWP-Debug|iPhone.ActiveCfg = Debug|Any CPU
		{38C3C623-8E5E-47ED-8591-EE1C4400B21A}.UWP-Debug|iPhone.Build.0 = Debug|Any CPU
		{38C3C623-8E5E-47ED-8591-EE1C4400B21A}.UWP-Debug|iPhoneSimulator.ActiveCfg = Debug|Any CPU
		{38C3C623-8E5E-47ED-8591-EE1C4400B21A}.UWP-Debug|iPhoneSimulator.Build.0 = Debug|Any CPU
		{38C3C623-8E5E-47ED-8591-EE1C4400B21A}.UWP-Debug|x64.ActiveCfg = Debug|Any CPU
		{38C3C623-8E5E-47ED-8591-EE1C4400B21A}.UWP-Debug|x64.Build.0 = Debug|Any CPU
		{38C3C623-8E5E-47ED-8591-EE1C4400B21A}.UWP-Debug|x86.ActiveCfg = Debug|Any CPU
		{38C3C623-8E5E-47ED-8591-EE1C4400B21A}.UWP-Debug|x86.Build.0 = Debug|Any CPU
		{38C3C623-8E5E-47ED-8591-EE1C4400B21A}.UWP-Release|Any CPU.ActiveCfg = Release|Any CPU
		{38C3C623-8E5E-47ED-8591-EE1C4400B21A}.UWP-Release|Any CPU.Build.0 = Release|Any CPU
		{38C3C623-8E5E-47ED-8591-EE1C4400B21A}.UWP-Release|ARM.ActiveCfg = Release|Any CPU
		{38C3C623-8E5E-47ED-8591-EE1C4400B21A}.UWP-Release|ARM.Build.0 = Release|Any CPU
		{38C3C623-8E5E-47ED-8591-EE1C4400B21A}.UWP-Release|iPhone.ActiveCfg = Release|Any CPU
		{38C3C623-8E5E-47ED-8591-EE1C4400B21A}.UWP-Release|iPhone.Build.0 = Release|Any CPU
		{38C3C623-8E5E-47ED-8591-EE1C4400B21A}.UWP-Release|iPhoneSimulator.ActiveCfg = Release|Any CPU
		{38C3C623-8E5E-47ED-8591-EE1C4400B21A}.UWP-Release|iPhoneSimulator.Build.0 = Release|Any CPU
		{38C3C623-8E5E-47ED-8591-EE1C4400B21A}.UWP-Release|x64.ActiveCfg = Release|Any CPU
		{38C3C623-8E5E-47ED-8591-EE1C4400B21A}.UWP-Release|x64.Build.0 = Release|Any CPU
		{38C3C623-8E5E-47ED-8591-EE1C4400B21A}.UWP-Release|x86.ActiveCfg = Release|Any CPU
		{38C3C623-8E5E-47ED-8591-EE1C4400B21A}.UWP-Release|x86.Build.0 = Release|Any CPU
		{49926FD1-4913-48BD-AC4C-2406F4270603}.Debug|Any CPU.ActiveCfg = Debug|Any CPU
		{49926FD1-4913-48BD-AC4C-2406F4270603}.Debug|Any CPU.Build.0 = Debug|Any CPU
		{49926FD1-4913-48BD-AC4C-2406F4270603}.Debug|ARM.ActiveCfg = Debug|Any CPU
		{49926FD1-4913-48BD-AC4C-2406F4270603}.Debug|ARM.Build.0 = Debug|Any CPU
		{49926FD1-4913-48BD-AC4C-2406F4270603}.Debug|iPhone.ActiveCfg = Debug|Any CPU
		{49926FD1-4913-48BD-AC4C-2406F4270603}.Debug|iPhone.Build.0 = Debug|Any CPU
		{49926FD1-4913-48BD-AC4C-2406F4270603}.Debug|iPhoneSimulator.ActiveCfg = Debug|Any CPU
		{49926FD1-4913-48BD-AC4C-2406F4270603}.Debug|iPhoneSimulator.Build.0 = Debug|Any CPU
		{49926FD1-4913-48BD-AC4C-2406F4270603}.Debug|x64.ActiveCfg = Debug|Any CPU
		{49926FD1-4913-48BD-AC4C-2406F4270603}.Debug|x64.Build.0 = Debug|Any CPU
		{49926FD1-4913-48BD-AC4C-2406F4270603}.Debug|x86.ActiveCfg = Debug|Any CPU
		{49926FD1-4913-48BD-AC4C-2406F4270603}.Debug|x86.Build.0 = Debug|Any CPU
		{49926FD1-4913-48BD-AC4C-2406F4270603}.Release|Any CPU.ActiveCfg = Release|Any CPU
		{49926FD1-4913-48BD-AC4C-2406F4270603}.Release|Any CPU.Build.0 = Release|Any CPU
		{49926FD1-4913-48BD-AC4C-2406F4270603}.Release|ARM.ActiveCfg = Release|Any CPU
		{49926FD1-4913-48BD-AC4C-2406F4270603}.Release|ARM.Build.0 = Release|Any CPU
		{49926FD1-4913-48BD-AC4C-2406F4270603}.Release|iPhone.ActiveCfg = Release|Any CPU
		{49926FD1-4913-48BD-AC4C-2406F4270603}.Release|iPhone.Build.0 = Release|Any CPU
		{49926FD1-4913-48BD-AC4C-2406F4270603}.Release|iPhoneSimulator.ActiveCfg = Release|Any CPU
		{49926FD1-4913-48BD-AC4C-2406F4270603}.Release|iPhoneSimulator.Build.0 = Release|Any CPU
		{49926FD1-4913-48BD-AC4C-2406F4270603}.Release|x64.ActiveCfg = Release|Any CPU
		{49926FD1-4913-48BD-AC4C-2406F4270603}.Release|x64.Build.0 = Release|Any CPU
		{49926FD1-4913-48BD-AC4C-2406F4270603}.Release|x86.ActiveCfg = Release|Any CPU
		{49926FD1-4913-48BD-AC4C-2406F4270603}.Release|x86.Build.0 = Release|Any CPU
		{49926FD1-4913-48BD-AC4C-2406F4270603}.UWP|Any CPU.ActiveCfg = Release|Any CPU
		{49926FD1-4913-48BD-AC4C-2406F4270603}.UWP|Any CPU.Build.0 = Release|Any CPU
		{49926FD1-4913-48BD-AC4C-2406F4270603}.UWP|ARM.ActiveCfg = Release|Any CPU
		{49926FD1-4913-48BD-AC4C-2406F4270603}.UWP|ARM.Build.0 = Release|Any CPU
		{49926FD1-4913-48BD-AC4C-2406F4270603}.UWP|iPhone.ActiveCfg = Release|Any CPU
		{49926FD1-4913-48BD-AC4C-2406F4270603}.UWP|iPhone.Build.0 = Release|Any CPU
		{49926FD1-4913-48BD-AC4C-2406F4270603}.UWP|iPhoneSimulator.ActiveCfg = Release|Any CPU
		{49926FD1-4913-48BD-AC4C-2406F4270603}.UWP|iPhoneSimulator.Build.0 = Release|Any CPU
		{49926FD1-4913-48BD-AC4C-2406F4270603}.UWP|x64.ActiveCfg = Release|Any CPU
		{49926FD1-4913-48BD-AC4C-2406F4270603}.UWP|x64.Build.0 = Release|Any CPU
		{49926FD1-4913-48BD-AC4C-2406F4270603}.UWP|x86.ActiveCfg = Release|Any CPU
		{49926FD1-4913-48BD-AC4C-2406F4270603}.UWP|x86.Build.0 = Release|Any CPU
		{49926FD1-4913-48BD-AC4C-2406F4270603}.UWP-Debug|Any CPU.ActiveCfg = Debug|Any CPU
		{49926FD1-4913-48BD-AC4C-2406F4270603}.UWP-Debug|Any CPU.Build.0 = Debug|Any CPU
		{49926FD1-4913-48BD-AC4C-2406F4270603}.UWP-Debug|ARM.ActiveCfg = Debug|Any CPU
		{49926FD1-4913-48BD-AC4C-2406F4270603}.UWP-Debug|ARM.Build.0 = Debug|Any CPU
		{49926FD1-4913-48BD-AC4C-2406F4270603}.UWP-Debug|iPhone.ActiveCfg = Debug|Any CPU
		{49926FD1-4913-48BD-AC4C-2406F4270603}.UWP-Debug|iPhone.Build.0 = Debug|Any CPU
		{49926FD1-4913-48BD-AC4C-2406F4270603}.UWP-Debug|iPhoneSimulator.ActiveCfg = Debug|Any CPU
		{49926FD1-4913-48BD-AC4C-2406F4270603}.UWP-Debug|iPhoneSimulator.Build.0 = Debug|Any CPU
		{49926FD1-4913-48BD-AC4C-2406F4270603}.UWP-Debug|x64.ActiveCfg = Debug|Any CPU
		{49926FD1-4913-48BD-AC4C-2406F4270603}.UWP-Debug|x64.Build.0 = Debug|Any CPU
		{49926FD1-4913-48BD-AC4C-2406F4270603}.UWP-Debug|x86.ActiveCfg = Debug|Any CPU
		{49926FD1-4913-48BD-AC4C-2406F4270603}.UWP-Debug|x86.Build.0 = Debug|Any CPU
		{49926FD1-4913-48BD-AC4C-2406F4270603}.UWP-Release|Any CPU.ActiveCfg = Release|Any CPU
		{49926FD1-4913-48BD-AC4C-2406F4270603}.UWP-Release|Any CPU.Build.0 = Release|Any CPU
		{49926FD1-4913-48BD-AC4C-2406F4270603}.UWP-Release|ARM.ActiveCfg = Release|Any CPU
		{49926FD1-4913-48BD-AC4C-2406F4270603}.UWP-Release|ARM.Build.0 = Release|Any CPU
		{49926FD1-4913-48BD-AC4C-2406F4270603}.UWP-Release|iPhone.ActiveCfg = Release|Any CPU
		{49926FD1-4913-48BD-AC4C-2406F4270603}.UWP-Release|iPhone.Build.0 = Release|Any CPU
		{49926FD1-4913-48BD-AC4C-2406F4270603}.UWP-Release|iPhoneSimulator.ActiveCfg = Release|Any CPU
		{49926FD1-4913-48BD-AC4C-2406F4270603}.UWP-Release|iPhoneSimulator.Build.0 = Release|Any CPU
		{49926FD1-4913-48BD-AC4C-2406F4270603}.UWP-Release|x64.ActiveCfg = Release|Any CPU
		{49926FD1-4913-48BD-AC4C-2406F4270603}.UWP-Release|x64.Build.0 = Release|Any CPU
		{49926FD1-4913-48BD-AC4C-2406F4270603}.UWP-Release|x86.ActiveCfg = Release|Any CPU
		{49926FD1-4913-48BD-AC4C-2406F4270603}.UWP-Release|x86.Build.0 = Release|Any CPU
		{0C456B44-EB1D-48AE-B785-FC32EA76EFE4}.Debug|Any CPU.ActiveCfg = Debug|Any CPU
		{0C456B44-EB1D-48AE-B785-FC32EA76EFE4}.Debug|Any CPU.Build.0 = Debug|Any CPU
		{0C456B44-EB1D-48AE-B785-FC32EA76EFE4}.Debug|ARM.ActiveCfg = Debug|Any CPU
		{0C456B44-EB1D-48AE-B785-FC32EA76EFE4}.Debug|ARM.Build.0 = Debug|Any CPU
		{0C456B44-EB1D-48AE-B785-FC32EA76EFE4}.Debug|iPhone.ActiveCfg = Debug|Any CPU
		{0C456B44-EB1D-48AE-B785-FC32EA76EFE4}.Debug|iPhone.Build.0 = Debug|Any CPU
		{0C456B44-EB1D-48AE-B785-FC32EA76EFE4}.Debug|iPhoneSimulator.ActiveCfg = Debug|Any CPU
		{0C456B44-EB1D-48AE-B785-FC32EA76EFE4}.Debug|iPhoneSimulator.Build.0 = Debug|Any CPU
		{0C456B44-EB1D-48AE-B785-FC32EA76EFE4}.Debug|x64.ActiveCfg = Debug|Any CPU
		{0C456B44-EB1D-48AE-B785-FC32EA76EFE4}.Debug|x64.Build.0 = Debug|Any CPU
		{0C456B44-EB1D-48AE-B785-FC32EA76EFE4}.Debug|x86.ActiveCfg = Debug|Any CPU
		{0C456B44-EB1D-48AE-B785-FC32EA76EFE4}.Debug|x86.Build.0 = Debug|Any CPU
		{0C456B44-EB1D-48AE-B785-FC32EA76EFE4}.Release|Any CPU.ActiveCfg = Release|Any CPU
		{0C456B44-EB1D-48AE-B785-FC32EA76EFE4}.Release|Any CPU.Build.0 = Release|Any CPU
		{0C456B44-EB1D-48AE-B785-FC32EA76EFE4}.Release|ARM.ActiveCfg = Release|Any CPU
		{0C456B44-EB1D-48AE-B785-FC32EA76EFE4}.Release|ARM.Build.0 = Release|Any CPU
		{0C456B44-EB1D-48AE-B785-FC32EA76EFE4}.Release|iPhone.ActiveCfg = Release|Any CPU
		{0C456B44-EB1D-48AE-B785-FC32EA76EFE4}.Release|iPhone.Build.0 = Release|Any CPU
		{0C456B44-EB1D-48AE-B785-FC32EA76EFE4}.Release|iPhoneSimulator.ActiveCfg = Release|Any CPU
		{0C456B44-EB1D-48AE-B785-FC32EA76EFE4}.Release|iPhoneSimulator.Build.0 = Release|Any CPU
		{0C456B44-EB1D-48AE-B785-FC32EA76EFE4}.Release|x64.ActiveCfg = Release|Any CPU
		{0C456B44-EB1D-48AE-B785-FC32EA76EFE4}.Release|x64.Build.0 = Release|Any CPU
		{0C456B44-EB1D-48AE-B785-FC32EA76EFE4}.Release|x86.ActiveCfg = Release|Any CPU
		{0C456B44-EB1D-48AE-B785-FC32EA76EFE4}.Release|x86.Build.0 = Release|Any CPU
		{0C456B44-EB1D-48AE-B785-FC32EA76EFE4}.UWP|Any CPU.ActiveCfg = Debug|Any CPU
		{0C456B44-EB1D-48AE-B785-FC32EA76EFE4}.UWP|Any CPU.Build.0 = Debug|Any CPU
		{0C456B44-EB1D-48AE-B785-FC32EA76EFE4}.UWP|ARM.ActiveCfg = Debug|Any CPU
		{0C456B44-EB1D-48AE-B785-FC32EA76EFE4}.UWP|ARM.Build.0 = Debug|Any CPU
		{0C456B44-EB1D-48AE-B785-FC32EA76EFE4}.UWP|iPhone.ActiveCfg = Debug|Any CPU
		{0C456B44-EB1D-48AE-B785-FC32EA76EFE4}.UWP|iPhone.Build.0 = Debug|Any CPU
		{0C456B44-EB1D-48AE-B785-FC32EA76EFE4}.UWP|iPhoneSimulator.ActiveCfg = Debug|Any CPU
		{0C456B44-EB1D-48AE-B785-FC32EA76EFE4}.UWP|iPhoneSimulator.Build.0 = Debug|Any CPU
		{0C456B44-EB1D-48AE-B785-FC32EA76EFE4}.UWP|x64.ActiveCfg = Debug|Any CPU
		{0C456B44-EB1D-48AE-B785-FC32EA76EFE4}.UWP|x64.Build.0 = Debug|Any CPU
		{0C456B44-EB1D-48AE-B785-FC32EA76EFE4}.UWP|x86.ActiveCfg = Debug|Any CPU
		{0C456B44-EB1D-48AE-B785-FC32EA76EFE4}.UWP|x86.Build.0 = Debug|Any CPU
		{0C456B44-EB1D-48AE-B785-FC32EA76EFE4}.UWP-Debug|Any CPU.ActiveCfg = Debug|Any CPU
		{0C456B44-EB1D-48AE-B785-FC32EA76EFE4}.UWP-Debug|Any CPU.Build.0 = Debug|Any CPU
		{0C456B44-EB1D-48AE-B785-FC32EA76EFE4}.UWP-Debug|ARM.ActiveCfg = Debug|Any CPU
		{0C456B44-EB1D-48AE-B785-FC32EA76EFE4}.UWP-Debug|ARM.Build.0 = Debug|Any CPU
		{0C456B44-EB1D-48AE-B785-FC32EA76EFE4}.UWP-Debug|iPhone.ActiveCfg = Debug|Any CPU
		{0C456B44-EB1D-48AE-B785-FC32EA76EFE4}.UWP-Debug|iPhone.Build.0 = Debug|Any CPU
		{0C456B44-EB1D-48AE-B785-FC32EA76EFE4}.UWP-Debug|iPhoneSimulator.ActiveCfg = Debug|Any CPU
		{0C456B44-EB1D-48AE-B785-FC32EA76EFE4}.UWP-Debug|iPhoneSimulator.Build.0 = Debug|Any CPU
		{0C456B44-EB1D-48AE-B785-FC32EA76EFE4}.UWP-Debug|x64.ActiveCfg = Debug|Any CPU
		{0C456B44-EB1D-48AE-B785-FC32EA76EFE4}.UWP-Debug|x64.Build.0 = Debug|Any CPU
		{0C456B44-EB1D-48AE-B785-FC32EA76EFE4}.UWP-Debug|x86.ActiveCfg = Debug|Any CPU
		{0C456B44-EB1D-48AE-B785-FC32EA76EFE4}.UWP-Debug|x86.Build.0 = Debug|Any CPU
		{0C456B44-EB1D-48AE-B785-FC32EA76EFE4}.UWP-Release|Any CPU.ActiveCfg = Release|Any CPU
		{0C456B44-EB1D-48AE-B785-FC32EA76EFE4}.UWP-Release|Any CPU.Build.0 = Release|Any CPU
		{0C456B44-EB1D-48AE-B785-FC32EA76EFE4}.UWP-Release|ARM.ActiveCfg = Release|Any CPU
		{0C456B44-EB1D-48AE-B785-FC32EA76EFE4}.UWP-Release|ARM.Build.0 = Release|Any CPU
		{0C456B44-EB1D-48AE-B785-FC32EA76EFE4}.UWP-Release|iPhone.ActiveCfg = Release|Any CPU
		{0C456B44-EB1D-48AE-B785-FC32EA76EFE4}.UWP-Release|iPhone.Build.0 = Release|Any CPU
		{0C456B44-EB1D-48AE-B785-FC32EA76EFE4}.UWP-Release|iPhoneSimulator.ActiveCfg = Release|Any CPU
		{0C456B44-EB1D-48AE-B785-FC32EA76EFE4}.UWP-Release|iPhoneSimulator.Build.0 = Release|Any CPU
		{0C456B44-EB1D-48AE-B785-FC32EA76EFE4}.UWP-Release|x64.ActiveCfg = Release|Any CPU
		{0C456B44-EB1D-48AE-B785-FC32EA76EFE4}.UWP-Release|x64.Build.0 = Release|Any CPU
		{0C456B44-EB1D-48AE-B785-FC32EA76EFE4}.UWP-Release|x86.ActiveCfg = Release|Any CPU
		{0C456B44-EB1D-48AE-B785-FC32EA76EFE4}.UWP-Release|x86.Build.0 = Release|Any CPU
	EndGlobalSection
	GlobalSection(SolutionProperties) = preSolution
		HideSolutionNode = FALSE
	EndGlobalSection
	GlobalSection(NestedProjects) = preSolution
		{E4F36E04-F24F-44A4-BD04-5E23C7E6A186} = {4E992C2C-8286-411E-A61A-275C22FC4E16}
		{815A8B86-0CFA-4579-9920-C53ADD3AED2D} = {4E992C2C-8286-411E-A61A-275C22FC4E16}
		{4246A4FD-D9CA-4575-BB4C-8C76B445E6AC} = {4E992C2C-8286-411E-A61A-275C22FC4E16}
		{721F4350-2076-4F1B-A0E7-3B7C9BC859E5} = {D33427F2-B565-4A4D-A9D4-1B5AD99C6C89}
		{3AAC5EFA-5C31-446E-A515-E1E1EC5DD2F3} = {26E2C3B2-1C18-4445-A642-3BDE5E0A9A18}
		{BD0E82BD-4129-4AA7-B891-114FED491420} = {2AE18726-9D1E-4E13-ABBD-54E5A2167006}
		{2C7D5BE5-2723-4EB3-92BC-E05AAB72506A} = {2AE18726-9D1E-4E13-ABBD-54E5A2167006}
		{37CF071B-DD20-4176-8217-890E79D9E555} = {2AE18726-9D1E-4E13-ABBD-54E5A2167006}
		{4144E9E0-A85E-4F7A-81FD-D0E08CC4F2A9} = {4E992C2C-8286-411E-A61A-275C22FC4E16}
		{CCB050AE-791F-4C85-9FAF-B044F16BDF37} = {4E992C2C-8286-411E-A61A-275C22FC4E16}
		{38C3C623-8E5E-47ED-8591-EE1C4400B21A} = {4E992C2C-8286-411E-A61A-275C22FC4E16}
		{49926FD1-4913-48BD-AC4C-2406F4270603} = {4E992C2C-8286-411E-A61A-275C22FC4E16}
		{0C456B44-EB1D-48AE-B785-FC32EA76EFE4} = {D2DD6FE1-9729-4CC1-8248-0136930E5B77}
	EndGlobalSection
	GlobalSection(ExtensibilityGlobals) = postSolution
		SolutionGuid = {004E5631-546E-4AF8-8038-D8ADCDC33B94}
	EndGlobalSection
EndGlobal
