
Microsoft Visual Studio Solution File, Format Version 12.00
# Visual Studio Version 16
VisualStudioVersion = 16.0.29806.167
MinimumVisualStudioVersion = 10.0.40219.1
Project("{9A19103F-16F7-4668-BE54-9A1E7A4F7556}") = "MyApp.ViewModel", "MyApp.ViewModel\MyApp.ViewModel.csproj", "{3AAC5EFA-5C31-446E-A515-E1E1EC5DD2F3}"
EndProject
Project("{9A19103F-16F7-4668-BE54-9A1E7A4F7556}") = "MyApp.Services.BusinessCard", "MyApp.Services.BusinessCard\MyApp.Services.BusinessCard.csproj", "{2C7D5BE5-2723-4EB3-92BC-E05AAB72506A}"
EndProject
Project("{9A19103F-16F7-4668-BE54-9A1E7A4F7556}") = "MyApp.WinForms", "MyApp.WinForms\MyApp.WinForms.csproj", "{4144E9E0-A85E-4F7A-81FD-D0E08CC4F2A9}"
EndProject
Project("{9A19103F-16F7-4668-BE54-9A1E7A4F7556}") = "MyApp.WPF", "MyApp.WPF\MyApp.WPF.csproj", "{CCB050AE-791F-4C85-9FAF-B044F16BDF37}"
EndProject
Project("{FAE04EC0-301F-11D3-BF4B-00C04F79EFBC}") = "MyApp.WPF.NetFramework", "MyApp.WPF.NetFramework\MyApp.WPF.NetFramework.csproj", "{38C3C623-8E5E-47ED-8591-EE1C4400B21A}"
EndProject
Project("{FAE04EC0-301F-11D3-BF4B-00C04F79EFBC}") = "MyApp.WinForms.NetFramework", "MyApp.WinForms.NetFramework\MyApp.WinForms.NetFramework.csproj", "{49926FD1-4913-48BD-AC4C-2406F4270603}"
EndProject
Project("{2150E333-8FDC-42A3-9474-1A3956D46DE8}") = "View", "View", "{4E992C2C-8286-411E-A61A-275C22FC4E16}"
EndProject
Project("{2150E333-8FDC-42A3-9474-1A3956D46DE8}") = "Model", "Model", "{2AE18726-9D1E-4E13-ABBD-54E5A2167006}"
EndProject
Project("{2150E333-8FDC-42A3-9474-1A3956D46DE8}") = "ViewModel", "ViewModel", "{26E2C3B2-1C18-4445-A642-3BDE5E0A9A18}"
EndProject
Project("{9A19103F-16F7-4668-BE54-9A1E7A4F7556}") = "MyApp.Dependencies", "MyApp.Dependencies\MyApp.Dependencies.csproj", "{0C456B44-EB1D-48AE-B785-FC32EA76EFE4}"
EndProject
Project("{FAE04EC0-301F-11D3-BF4B-00C04F79EFBC}") = "MyApp.XamForms.UWP", "MyApp.XamForms\MyApp.XamForms.UWP\MyApp.XamForms.UWP.csproj", "{E6B19C2C-CAC1-40BB-9494-17A9581CD7C2}"
EndProject
Project("{FAE04EC0-301F-11D3-BF4B-00C04F79EFBC}") = "MyApp.XamForms.Android", "MyApp.XamForms\MyApp.XamForms.Android\MyApp.XamForms.Android.csproj", "{964233DF-C283-4E72-94E1-E5F7FB824549}"
EndProject
Project("{FAE04EC0-301F-11D3-BF4B-00C04F79EFBC}") = "MyApp.XamForms.iOS", "MyApp.XamForms\MyApp.XamForms.iOS\MyApp.XamForms.iOS.csproj", "{A38A0C90-90DB-4CC6-9F43-C23DF74F9102}"
EndProject
Project("{9A19103F-16F7-4668-BE54-9A1E7A4F7556}") = "MyApp.XamForms", "MyApp.XamForms\MyApp.XamForms\MyApp.XamForms.csproj", "{D019580C-3F0D-4CEB-9F54-E191638D3DC3}"
EndProject
Project("{9A19103F-16F7-4668-BE54-9A1E7A4F7556}") = "MyApp.Services", "MyApp.Services\MyApp.Services.csproj", "{52191254-7E2A-48F2-B4E3-F1B9CF0B4C86}"
EndProject
Project("{9A19103F-16F7-4668-BE54-9A1E7A4F7556}") = "MyApp.Services.BusinessCard.Test", "MyApp.Services.BusinessCard.Test\MyApp.Services.BusinessCard.Test.csproj", "{FB9AA9BF-1673-4A26-945C-1F85FD0508A5}"
EndProject
Global
	GlobalSection(SolutionConfigurationPlatforms) = preSolution
		Android-Debug|Any CPU = Android-Debug|Any CPU
		Android-Debug|ARM = Android-Debug|ARM
		Android-Debug|iPhone = Android-Debug|iPhone
		Android-Debug|iPhoneSimulator = Android-Debug|iPhoneSimulator
		Android-Debug|x64 = Android-Debug|x64
		Android-Debug|x86 = Android-Debug|x86
		Android-Release|Any CPU = Android-Release|Any CPU
		Android-Release|ARM = Android-Release|ARM
		Android-Release|iPhone = Android-Release|iPhone
		Android-Release|iPhoneSimulator = Android-Release|iPhoneSimulator
		Android-Release|x64 = Android-Release|x64
		Android-Release|x86 = Android-Release|x86
		Debug|Any CPU = Debug|Any CPU
		Debug|ARM = Debug|ARM
		Debug|iPhone = Debug|iPhone
		Debug|iPhoneSimulator = Debug|iPhoneSimulator
		Debug|x64 = Debug|x64
		Debug|x86 = Debug|x86
		Release|Any CPU = Release|Any CPU
		Release|ARM = Release|ARM
		Release|iPhone = Release|iPhone
		Release|iPhoneSimulator = Release|iPhoneSimulator
		Release|x64 = Release|x64
		Release|x86 = Release|x86
		UWP-Debug|Any CPU = UWP-Debug|Any CPU
		UWP-Debug|ARM = UWP-Debug|ARM
		UWP-Debug|iPhone = UWP-Debug|iPhone
		UWP-Debug|iPhoneSimulator = UWP-Debug|iPhoneSimulator
		UWP-Debug|x64 = UWP-Debug|x64
		UWP-Debug|x86 = UWP-Debug|x86
		UWP-Release|Any CPU = UWP-Release|Any CPU
		UWP-Release|ARM = UWP-Release|ARM
		UWP-Release|iPhone = UWP-Release|iPhone
		UWP-Release|iPhoneSimulator = UWP-Release|iPhoneSimulator
		UWP-Release|x64 = UWP-Release|x64
		UWP-Release|x86 = UWP-Release|x86
	EndGlobalSection
	GlobalSection(ProjectConfigurationPlatforms) = postSolution
		{3AAC5EFA-5C31-446E-A515-E1E1EC5DD2F3}.Android-Debug|Any CPU.ActiveCfg = Debug|Any CPU
		{3AAC5EFA-5C31-446E-A515-E1E1EC5DD2F3}.Android-Debug|Any CPU.Build.0 = Debug|Any CPU
		{3AAC5EFA-5C31-446E-A515-E1E1EC5DD2F3}.Android-Debug|ARM.ActiveCfg = Debug|Any CPU
		{3AAC5EFA-5C31-446E-A515-E1E1EC5DD2F3}.Android-Debug|ARM.Build.0 = Debug|Any CPU
		{3AAC5EFA-5C31-446E-A515-E1E1EC5DD2F3}.Android-Debug|iPhone.ActiveCfg = Debug|Any CPU
		{3AAC5EFA-5C31-446E-A515-E1E1EC5DD2F3}.Android-Debug|iPhoneSimulator.ActiveCfg = Debug|Any CPU
		{3AAC5EFA-5C31-446E-A515-E1E1EC5DD2F3}.Android-Debug|x64.ActiveCfg = Debug|Any CPU
		{3AAC5EFA-5C31-446E-A515-E1E1EC5DD2F3}.Android-Debug|x64.Build.0 = Debug|Any CPU
		{3AAC5EFA-5C31-446E-A515-E1E1EC5DD2F3}.Android-Debug|x86.ActiveCfg = Debug|Any CPU
		{3AAC5EFA-5C31-446E-A515-E1E1EC5DD2F3}.Android-Debug|x86.Build.0 = Debug|Any CPU
		{3AAC5EFA-5C31-446E-A515-E1E1EC5DD2F3}.Android-Release|Any CPU.ActiveCfg = Release|Any CPU
		{3AAC5EFA-5C31-446E-A515-E1E1EC5DD2F3}.Android-Release|Any CPU.Build.0 = Release|Any CPU
		{3AAC5EFA-5C31-446E-A515-E1E1EC5DD2F3}.Android-Release|ARM.ActiveCfg = Release|Any CPU
		{3AAC5EFA-5C31-446E-A515-E1E1EC5DD2F3}.Android-Release|ARM.Build.0 = Release|Any CPU
		{3AAC5EFA-5C31-446E-A515-E1E1EC5DD2F3}.Android-Release|iPhone.ActiveCfg = Release|Any CPU
		{3AAC5EFA-5C31-446E-A515-E1E1EC5DD2F3}.Android-Release|iPhoneSimulator.ActiveCfg = Release|Any CPU
		{3AAC5EFA-5C31-446E-A515-E1E1EC5DD2F3}.Android-Release|x64.ActiveCfg = Release|Any CPU
		{3AAC5EFA-5C31-446E-A515-E1E1EC5DD2F3}.Android-Release|x64.Build.0 = Release|Any CPU
		{3AAC5EFA-5C31-446E-A515-E1E1EC5DD2F3}.Android-Release|x86.ActiveCfg = Release|Any CPU
		{3AAC5EFA-5C31-446E-A515-E1E1EC5DD2F3}.Android-Release|x86.Build.0 = Release|Any CPU
		{3AAC5EFA-5C31-446E-A515-E1E1EC5DD2F3}.Debug|Any CPU.ActiveCfg = Debug|Any CPU
		{3AAC5EFA-5C31-446E-A515-E1E1EC5DD2F3}.Debug|Any CPU.Build.0 = Debug|Any CPU
		{3AAC5EFA-5C31-446E-A515-E1E1EC5DD2F3}.Debug|ARM.ActiveCfg = Debug|Any CPU
		{3AAC5EFA-5C31-446E-A515-E1E1EC5DD2F3}.Debug|ARM.Build.0 = Debug|Any CPU
		{3AAC5EFA-5C31-446E-A515-E1E1EC5DD2F3}.Debug|iPhone.ActiveCfg = Debug|Any CPU
		{3AAC5EFA-5C31-446E-A515-E1E1EC5DD2F3}.Debug|iPhone.Build.0 = Debug|Any CPU
		{3AAC5EFA-5C31-446E-A515-E1E1EC5DD2F3}.Debug|iPhoneSimulator.ActiveCfg = Debug|Any CPU
		{3AAC5EFA-5C31-446E-A515-E1E1EC5DD2F3}.Debug|iPhoneSimulator.Build.0 = Debug|Any CPU
		{3AAC5EFA-5C31-446E-A515-E1E1EC5DD2F3}.Debug|x64.ActiveCfg = Debug|Any CPU
		{3AAC5EFA-5C31-446E-A515-E1E1EC5DD2F3}.Debug|x64.Build.0 = Debug|Any CPU
		{3AAC5EFA-5C31-446E-A515-E1E1EC5DD2F3}.Debug|x86.ActiveCfg = Debug|Any CPU
		{3AAC5EFA-5C31-446E-A515-E1E1EC5DD2F3}.Debug|x86.Build.0 = Debug|Any CPU
		{3AAC5EFA-5C31-446E-A515-E1E1EC5DD2F3}.Release|Any CPU.ActiveCfg = Release|Any CPU
		{3AAC5EFA-5C31-446E-A515-E1E1EC5DD2F3}.Release|Any CPU.Build.0 = Release|Any CPU
		{3AAC5EFA-5C31-446E-A515-E1E1EC5DD2F3}.Release|ARM.ActiveCfg = Release|Any CPU
		{3AAC5EFA-5C31-446E-A515-E1E1EC5DD2F3}.Release|ARM.Build.0 = Release|Any CPU
		{3AAC5EFA-5C31-446E-A515-E1E1EC5DD2F3}.Release|iPhone.ActiveCfg = Release|Any CPU
		{3AAC5EFA-5C31-446E-A515-E1E1EC5DD2F3}.Release|iPhone.Build.0 = Release|Any CPU
		{3AAC5EFA-5C31-446E-A515-E1E1EC5DD2F3}.Release|iPhoneSimulator.ActiveCfg = Release|Any CPU
		{3AAC5EFA-5C31-446E-A515-E1E1EC5DD2F3}.Release|iPhoneSimulator.Build.0 = Release|Any CPU
		{3AAC5EFA-5C31-446E-A515-E1E1EC5DD2F3}.Release|x64.ActiveCfg = Release|Any CPU
		{3AAC5EFA-5C31-446E-A515-E1E1EC5DD2F3}.Release|x64.Build.0 = Release|Any CPU
		{3AAC5EFA-5C31-446E-A515-E1E1EC5DD2F3}.Release|x86.ActiveCfg = Release|Any CPU
		{3AAC5EFA-5C31-446E-A515-E1E1EC5DD2F3}.Release|x86.Build.0 = Release|Any CPU
		{3AAC5EFA-5C31-446E-A515-E1E1EC5DD2F3}.UWP-Debug|Any CPU.ActiveCfg = Debug|Any CPU
		{3AAC5EFA-5C31-446E-A515-E1E1EC5DD2F3}.UWP-Debug|Any CPU.Build.0 = Debug|Any CPU
		{3AAC5EFA-5C31-446E-A515-E1E1EC5DD2F3}.UWP-Debug|ARM.ActiveCfg = Debug|Any CPU
		{3AAC5EFA-5C31-446E-A515-E1E1EC5DD2F3}.UWP-Debug|ARM.Build.0 = Debug|Any CPU
		{3AAC5EFA-5C31-446E-A515-E1E1EC5DD2F3}.UWP-Debug|iPhone.ActiveCfg = Debug|Any CPU
		{3AAC5EFA-5C31-446E-A515-E1E1EC5DD2F3}.UWP-Debug|iPhone.Build.0 = Debug|Any CPU
		{3AAC5EFA-5C31-446E-A515-E1E1EC5DD2F3}.UWP-Debug|iPhoneSimulator.ActiveCfg = Debug|Any CPU
		{3AAC5EFA-5C31-446E-A515-E1E1EC5DD2F3}.UWP-Debug|iPhoneSimulator.Build.0 = Debug|Any CPU
		{3AAC5EFA-5C31-446E-A515-E1E1EC5DD2F3}.UWP-Debug|x64.ActiveCfg = Debug|Any CPU
		{3AAC5EFA-5C31-446E-A515-E1E1EC5DD2F3}.UWP-Debug|x64.Build.0 = Debug|Any CPU
		{3AAC5EFA-5C31-446E-A515-E1E1EC5DD2F3}.UWP-Debug|x86.ActiveCfg = Debug|Any CPU
		{3AAC5EFA-5C31-446E-A515-E1E1EC5DD2F3}.UWP-Debug|x86.Build.0 = Debug|Any CPU
		{3AAC5EFA-5C31-446E-A515-E1E1EC5DD2F3}.UWP-Release|Any CPU.ActiveCfg = Release|Any CPU
		{3AAC5EFA-5C31-446E-A515-E1E1EC5DD2F3}.UWP-Release|Any CPU.Build.0 = Release|Any CPU
		{3AAC5EFA-5C31-446E-A515-E1E1EC5DD2F3}.UWP-Release|ARM.ActiveCfg = Release|Any CPU
		{3AAC5EFA-5C31-446E-A515-E1E1EC5DD2F3}.UWP-Release|ARM.Build.0 = Release|Any CPU
		{3AAC5EFA-5C31-446E-A515-E1E1EC5DD2F3}.UWP-Release|iPhone.ActiveCfg = Release|Any CPU
		{3AAC5EFA-5C31-446E-A515-E1E1EC5DD2F3}.UWP-Release|iPhone.Build.0 = Release|Any CPU
		{3AAC5EFA-5C31-446E-A515-E1E1EC5DD2F3}.UWP-Release|iPhoneSimulator.ActiveCfg = Release|Any CPU
		{3AAC5EFA-5C31-446E-A515-E1E1EC5DD2F3}.UWP-Release|iPhoneSimulator.Build.0 = Release|Any CPU
		{3AAC5EFA-5C31-446E-A515-E1E1EC5DD2F3}.UWP-Release|x64.ActiveCfg = Release|Any CPU
		{3AAC5EFA-5C31-446E-A515-E1E1EC5DD2F3}.UWP-Release|x64.Build.0 = Release|Any CPU
		{3AAC5EFA-5C31-446E-A515-E1E1EC5DD2F3}.UWP-Release|x86.ActiveCfg = Release|Any CPU
		{3AAC5EFA-5C31-446E-A515-E1E1EC5DD2F3}.UWP-Release|x86.Build.0 = Release|Any CPU
		{2C7D5BE5-2723-4EB3-92BC-E05AAB72506A}.Android-Debug|Any CPU.ActiveCfg = Debug|Any CPU
		{2C7D5BE5-2723-4EB3-92BC-E05AAB72506A}.Android-Debug|Any CPU.Build.0 = Debug|Any CPU
		{2C7D5BE5-2723-4EB3-92BC-E05AAB72506A}.Android-Debug|ARM.ActiveCfg = Debug|Any CPU
		{2C7D5BE5-2723-4EB3-92BC-E05AAB72506A}.Android-Debug|ARM.Build.0 = Debug|Any CPU
		{2C7D5BE5-2723-4EB3-92BC-E05AAB72506A}.Android-Debug|iPhone.ActiveCfg = Debug|Any CPU
		{2C7D5BE5-2723-4EB3-92BC-E05AAB72506A}.Android-Debug|iPhoneSimulator.ActiveCfg = Debug|Any CPU
		{2C7D5BE5-2723-4EB3-92BC-E05AAB72506A}.Android-Debug|x64.ActiveCfg = Debug|Any CPU
		{2C7D5BE5-2723-4EB3-92BC-E05AAB72506A}.Android-Debug|x64.Build.0 = Debug|Any CPU
		{2C7D5BE5-2723-4EB3-92BC-E05AAB72506A}.Android-Debug|x86.ActiveCfg = Debug|Any CPU
		{2C7D5BE5-2723-4EB3-92BC-E05AAB72506A}.Android-Debug|x86.Build.0 = Debug|Any CPU
		{2C7D5BE5-2723-4EB3-92BC-E05AAB72506A}.Android-Release|Any CPU.ActiveCfg = Release|Any CPU
		{2C7D5BE5-2723-4EB3-92BC-E05AAB72506A}.Android-Release|Any CPU.Build.0 = Release|Any CPU
		{2C7D5BE5-2723-4EB3-92BC-E05AAB72506A}.Android-Release|ARM.ActiveCfg = Release|Any CPU
		{2C7D5BE5-2723-4EB3-92BC-E05AAB72506A}.Android-Release|ARM.Build.0 = Release|Any CPU
		{2C7D5BE5-2723-4EB3-92BC-E05AAB72506A}.Android-Release|iPhone.ActiveCfg = Release|Any CPU
		{2C7D5BE5-2723-4EB3-92BC-E05AAB72506A}.Android-Release|iPhoneSimulator.ActiveCfg = Release|Any CPU
		{2C7D5BE5-2723-4EB3-92BC-E05AAB72506A}.Android-Release|x64.ActiveCfg = Release|Any CPU
		{2C7D5BE5-2723-4EB3-92BC-E05AAB72506A}.Android-Release|x64.Build.0 = Release|Any CPU
		{2C7D5BE5-2723-4EB3-92BC-E05AAB72506A}.Android-Release|x86.ActiveCfg = Release|Any CPU
		{2C7D5BE5-2723-4EB3-92BC-E05AAB72506A}.Android-Release|x86.Build.0 = Release|Any CPU
		{2C7D5BE5-2723-4EB3-92BC-E05AAB72506A}.Debug|Any CPU.ActiveCfg = Debug|Any CPU
		{2C7D5BE5-2723-4EB3-92BC-E05AAB72506A}.Debug|Any CPU.Build.0 = Debug|Any CPU
		{2C7D5BE5-2723-4EB3-92BC-E05AAB72506A}.Debug|ARM.ActiveCfg = Debug|Any CPU
		{2C7D5BE5-2723-4EB3-92BC-E05AAB72506A}.Debug|ARM.Build.0 = Debug|Any CPU
		{2C7D5BE5-2723-4EB3-92BC-E05AAB72506A}.Debug|iPhone.ActiveCfg = Debug|Any CPU
		{2C7D5BE5-2723-4EB3-92BC-E05AAB72506A}.Debug|iPhone.Build.0 = Debug|Any CPU
		{2C7D5BE5-2723-4EB3-92BC-E05AAB72506A}.Debug|iPhoneSimulator.ActiveCfg = Debug|Any CPU
		{2C7D5BE5-2723-4EB3-92BC-E05AAB72506A}.Debug|iPhoneSimulator.Build.0 = Debug|Any CPU
		{2C7D5BE5-2723-4EB3-92BC-E05AAB72506A}.Debug|x64.ActiveCfg = Debug|Any CPU
		{2C7D5BE5-2723-4EB3-92BC-E05AAB72506A}.Debug|x64.Build.0 = Debug|Any CPU
		{2C7D5BE5-2723-4EB3-92BC-E05AAB72506A}.Debug|x86.ActiveCfg = Debug|Any CPU
		{2C7D5BE5-2723-4EB3-92BC-E05AAB72506A}.Debug|x86.Build.0 = Debug|Any CPU
		{2C7D5BE5-2723-4EB3-92BC-E05AAB72506A}.Release|Any CPU.ActiveCfg = Release|Any CPU
		{2C7D5BE5-2723-4EB3-92BC-E05AAB72506A}.Release|Any CPU.Build.0 = Release|Any CPU
		{2C7D5BE5-2723-4EB3-92BC-E05AAB72506A}.Release|ARM.ActiveCfg = Release|Any CPU
		{2C7D5BE5-2723-4EB3-92BC-E05AAB72506A}.Release|ARM.Build.0 = Release|Any CPU
		{2C7D5BE5-2723-4EB3-92BC-E05AAB72506A}.Release|iPhone.ActiveCfg = Release|Any CPU
		{2C7D5BE5-2723-4EB3-92BC-E05AAB72506A}.Release|iPhone.Build.0 = Release|Any CPU
		{2C7D5BE5-2723-4EB3-92BC-E05AAB72506A}.Release|iPhoneSimulator.ActiveCfg = Release|Any CPU
		{2C7D5BE5-2723-4EB3-92BC-E05AAB72506A}.Release|iPhoneSimulator.Build.0 = Release|Any CPU
		{2C7D5BE5-2723-4EB3-92BC-E05AAB72506A}.Release|x64.ActiveCfg = Release|Any CPU
		{2C7D5BE5-2723-4EB3-92BC-E05AAB72506A}.Release|x64.Build.0 = Release|Any CPU
		{2C7D5BE5-2723-4EB3-92BC-E05AAB72506A}.Release|x86.ActiveCfg = Release|Any CPU
		{2C7D5BE5-2723-4EB3-92BC-E05AAB72506A}.Release|x86.Build.0 = Release|Any CPU
		{2C7D5BE5-2723-4EB3-92BC-E05AAB72506A}.UWP-Debug|Any CPU.ActiveCfg = Debug|Any CPU
		{2C7D5BE5-2723-4EB3-92BC-E05AAB72506A}.UWP-Debug|Any CPU.Build.0 = Debug|Any CPU
		{2C7D5BE5-2723-4EB3-92BC-E05AAB72506A}.UWP-Debug|ARM.ActiveCfg = Debug|Any CPU
		{2C7D5BE5-2723-4EB3-92BC-E05AAB72506A}.UWP-Debug|ARM.Build.0 = Debug|Any CPU
		{2C7D5BE5-2723-4EB3-92BC-E05AAB72506A}.UWP-Debug|iPhone.ActiveCfg = Debug|Any CPU
		{2C7D5BE5-2723-4EB3-92BC-E05AAB72506A}.UWP-Debug|iPhone.Build.0 = Debug|Any CPU
		{2C7D5BE5-2723-4EB3-92BC-E05AAB72506A}.UWP-Debug|iPhoneSimulator.ActiveCfg = Debug|Any CPU
		{2C7D5BE5-2723-4EB3-92BC-E05AAB72506A}.UWP-Debug|iPhoneSimulator.Build.0 = Debug|Any CPU
		{2C7D5BE5-2723-4EB3-92BC-E05AAB72506A}.UWP-Debug|x64.ActiveCfg = Debug|Any CPU
		{2C7D5BE5-2723-4EB3-92BC-E05AAB72506A}.UWP-Debug|x64.Build.0 = Debug|Any CPU
		{2C7D5BE5-2723-4EB3-92BC-E05AAB72506A}.UWP-Debug|x86.ActiveCfg = Debug|Any CPU
		{2C7D5BE5-2723-4EB3-92BC-E05AAB72506A}.UWP-Debug|x86.Build.0 = Debug|Any CPU
		{2C7D5BE5-2723-4EB3-92BC-E05AAB72506A}.UWP-Release|Any CPU.ActiveCfg = Release|Any CPU
		{2C7D5BE5-2723-4EB3-92BC-E05AAB72506A}.UWP-Release|Any CPU.Build.0 = Release|Any CPU
		{2C7D5BE5-2723-4EB3-92BC-E05AAB72506A}.UWP-Release|ARM.ActiveCfg = Release|Any CPU
		{2C7D5BE5-2723-4EB3-92BC-E05AAB72506A}.UWP-Release|ARM.Build.0 = Release|Any CPU
		{2C7D5BE5-2723-4EB3-92BC-E05AAB72506A}.UWP-Release|iPhone.ActiveCfg = Release|Any CPU
		{2C7D5BE5-2723-4EB3-92BC-E05AAB72506A}.UWP-Release|iPhone.Build.0 = Release|Any CPU
		{2C7D5BE5-2723-4EB3-92BC-E05AAB72506A}.UWP-Release|iPhoneSimulator.ActiveCfg = Release|Any CPU
		{2C7D5BE5-2723-4EB3-92BC-E05AAB72506A}.UWP-Release|iPhoneSimulator.Build.0 = Release|Any CPU
		{2C7D5BE5-2723-4EB3-92BC-E05AAB72506A}.UWP-Release|x64.ActiveCfg = Release|Any CPU
		{2C7D5BE5-2723-4EB3-92BC-E05AAB72506A}.UWP-Release|x64.Build.0 = Release|Any CPU
		{2C7D5BE5-2723-4EB3-92BC-E05AAB72506A}.UWP-Release|x86.ActiveCfg = Release|Any CPU
		{2C7D5BE5-2723-4EB3-92BC-E05AAB72506A}.UWP-Release|x86.Build.0 = Release|Any CPU
		{4144E9E0-A85E-4F7A-81FD-D0E08CC4F2A9}.Android-Debug|Any CPU.ActiveCfg = Debug|Any CPU
		{4144E9E0-A85E-4F7A-81FD-D0E08CC4F2A9}.Android-Debug|ARM.ActiveCfg = Debug|Any CPU
		{4144E9E0-A85E-4F7A-81FD-D0E08CC4F2A9}.Android-Debug|iPhone.ActiveCfg = Debug|Any CPU
		{4144E9E0-A85E-4F7A-81FD-D0E08CC4F2A9}.Android-Debug|iPhoneSimulator.ActiveCfg = Debug|Any CPU
		{4144E9E0-A85E-4F7A-81FD-D0E08CC4F2A9}.Android-Debug|x64.ActiveCfg = Debug|Any CPU
		{4144E9E0-A85E-4F7A-81FD-D0E08CC4F2A9}.Android-Debug|x86.ActiveCfg = Debug|Any CPU
		{4144E9E0-A85E-4F7A-81FD-D0E08CC4F2A9}.Android-Release|Any CPU.ActiveCfg = Release|Any CPU
		{4144E9E0-A85E-4F7A-81FD-D0E08CC4F2A9}.Android-Release|ARM.ActiveCfg = Release|Any CPU
		{4144E9E0-A85E-4F7A-81FD-D0E08CC4F2A9}.Android-Release|iPhone.ActiveCfg = Release|Any CPU
		{4144E9E0-A85E-4F7A-81FD-D0E08CC4F2A9}.Android-Release|iPhoneSimulator.ActiveCfg = Release|Any CPU
		{4144E9E0-A85E-4F7A-81FD-D0E08CC4F2A9}.Android-Release|x64.ActiveCfg = Release|Any CPU
		{4144E9E0-A85E-4F7A-81FD-D0E08CC4F2A9}.Android-Release|x86.ActiveCfg = Release|Any CPU
		{4144E9E0-A85E-4F7A-81FD-D0E08CC4F2A9}.Debug|Any CPU.ActiveCfg = Debug|Any CPU
		{4144E9E0-A85E-4F7A-81FD-D0E08CC4F2A9}.Debug|Any CPU.Build.0 = Debug|Any CPU
		{4144E9E0-A85E-4F7A-81FD-D0E08CC4F2A9}.Debug|ARM.ActiveCfg = Debug|Any CPU
		{4144E9E0-A85E-4F7A-81FD-D0E08CC4F2A9}.Debug|ARM.Build.0 = Debug|Any CPU
		{4144E9E0-A85E-4F7A-81FD-D0E08CC4F2A9}.Debug|iPhone.ActiveCfg = Debug|Any CPU
		{4144E9E0-A85E-4F7A-81FD-D0E08CC4F2A9}.Debug|iPhone.Build.0 = Debug|Any CPU
		{4144E9E0-A85E-4F7A-81FD-D0E08CC4F2A9}.Debug|iPhoneSimulator.ActiveCfg = Debug|Any CPU
		{4144E9E0-A85E-4F7A-81FD-D0E08CC4F2A9}.Debug|iPhoneSimulator.Build.0 = Debug|Any CPU
		{4144E9E0-A85E-4F7A-81FD-D0E08CC4F2A9}.Debug|x64.ActiveCfg = Debug|Any CPU
		{4144E9E0-A85E-4F7A-81FD-D0E08CC4F2A9}.Debug|x64.Build.0 = Debug|Any CPU
		{4144E9E0-A85E-4F7A-81FD-D0E08CC4F2A9}.Debug|x86.ActiveCfg = Debug|Any CPU
		{4144E9E0-A85E-4F7A-81FD-D0E08CC4F2A9}.Debug|x86.Build.0 = Debug|Any CPU
		{4144E9E0-A85E-4F7A-81FD-D0E08CC4F2A9}.Release|Any CPU.ActiveCfg = Release|Any CPU
		{4144E9E0-A85E-4F7A-81FD-D0E08CC4F2A9}.Release|Any CPU.Build.0 = Release|Any CPU
		{4144E9E0-A85E-4F7A-81FD-D0E08CC4F2A9}.Release|ARM.ActiveCfg = Release|Any CPU
		{4144E9E0-A85E-4F7A-81FD-D0E08CC4F2A9}.Release|ARM.Build.0 = Release|Any CPU
		{4144E9E0-A85E-4F7A-81FD-D0E08CC4F2A9}.Release|iPhone.ActiveCfg = Release|Any CPU
		{4144E9E0-A85E-4F7A-81FD-D0E08CC4F2A9}.Release|iPhone.Build.0 = Release|Any CPU
		{4144E9E0-A85E-4F7A-81FD-D0E08CC4F2A9}.Release|iPhoneSimulator.ActiveCfg = Release|Any CPU
		{4144E9E0-A85E-4F7A-81FD-D0E08CC4F2A9}.Release|iPhoneSimulator.Build.0 = Release|Any CPU
		{4144E9E0-A85E-4F7A-81FD-D0E08CC4F2A9}.Release|x64.ActiveCfg = Release|Any CPU
		{4144E9E0-A85E-4F7A-81FD-D0E08CC4F2A9}.Release|x64.Build.0 = Release|Any CPU
		{4144E9E0-A85E-4F7A-81FD-D0E08CC4F2A9}.Release|x86.ActiveCfg = Release|Any CPU
		{4144E9E0-A85E-4F7A-81FD-D0E08CC4F2A9}.Release|x86.Build.0 = Release|Any CPU
		{4144E9E0-A85E-4F7A-81FD-D0E08CC4F2A9}.UWP-Debug|Any CPU.ActiveCfg = Debug|Any CPU
		{4144E9E0-A85E-4F7A-81FD-D0E08CC4F2A9}.UWP-Debug|ARM.ActiveCfg = Debug|Any CPU
		{4144E9E0-A85E-4F7A-81FD-D0E08CC4F2A9}.UWP-Debug|ARM.Build.0 = Debug|Any CPU
		{4144E9E0-A85E-4F7A-81FD-D0E08CC4F2A9}.UWP-Debug|iPhone.ActiveCfg = Debug|Any CPU
		{4144E9E0-A85E-4F7A-81FD-D0E08CC4F2A9}.UWP-Debug|iPhone.Build.0 = Debug|Any CPU
		{4144E9E0-A85E-4F7A-81FD-D0E08CC4F2A9}.UWP-Debug|iPhoneSimulator.ActiveCfg = Debug|Any CPU
		{4144E9E0-A85E-4F7A-81FD-D0E08CC4F2A9}.UWP-Debug|iPhoneSimulator.Build.0 = Debug|Any CPU
		{4144E9E0-A85E-4F7A-81FD-D0E08CC4F2A9}.UWP-Debug|x64.ActiveCfg = Debug|Any CPU
		{4144E9E0-A85E-4F7A-81FD-D0E08CC4F2A9}.UWP-Debug|x86.ActiveCfg = Debug|Any CPU
		{4144E9E0-A85E-4F7A-81FD-D0E08CC4F2A9}.UWP-Release|Any CPU.ActiveCfg = Release|Any CPU
		{4144E9E0-A85E-4F7A-81FD-D0E08CC4F2A9}.UWP-Release|ARM.ActiveCfg = Release|Any CPU
		{4144E9E0-A85E-4F7A-81FD-D0E08CC4F2A9}.UWP-Release|ARM.Build.0 = Release|Any CPU
		{4144E9E0-A85E-4F7A-81FD-D0E08CC4F2A9}.UWP-Release|iPhone.ActiveCfg = Release|Any CPU
		{4144E9E0-A85E-4F7A-81FD-D0E08CC4F2A9}.UWP-Release|iPhone.Build.0 = Release|Any CPU
		{4144E9E0-A85E-4F7A-81FD-D0E08CC4F2A9}.UWP-Release|iPhoneSimulator.ActiveCfg = Release|Any CPU
		{4144E9E0-A85E-4F7A-81FD-D0E08CC4F2A9}.UWP-Release|iPhoneSimulator.Build.0 = Release|Any CPU
		{4144E9E0-A85E-4F7A-81FD-D0E08CC4F2A9}.UWP-Release|x64.ActiveCfg = Release|Any CPU
		{4144E9E0-A85E-4F7A-81FD-D0E08CC4F2A9}.UWP-Release|x86.ActiveCfg = Release|Any CPU
		{CCB050AE-791F-4C85-9FAF-B044F16BDF37}.Android-Debug|Any CPU.ActiveCfg = Debug|Any CPU
		{CCB050AE-791F-4C85-9FAF-B044F16BDF37}.Android-Debug|ARM.ActiveCfg = Debug|Any CPU
		{CCB050AE-791F-4C85-9FAF-B044F16BDF37}.Android-Debug|iPhone.ActiveCfg = Debug|Any CPU
		{CCB050AE-791F-4C85-9FAF-B044F16BDF37}.Android-Debug|iPhoneSimulator.ActiveCfg = Debug|Any CPU
		{CCB050AE-791F-4C85-9FAF-B044F16BDF37}.Android-Debug|x64.ActiveCfg = Debug|Any CPU
		{CCB050AE-791F-4C85-9FAF-B044F16BDF37}.Android-Debug|x86.ActiveCfg = Debug|Any CPU
		{CCB050AE-791F-4C85-9FAF-B044F16BDF37}.Android-Release|Any CPU.ActiveCfg = Release|Any CPU
		{CCB050AE-791F-4C85-9FAF-B044F16BDF37}.Android-Release|ARM.ActiveCfg = Release|Any CPU
		{CCB050AE-791F-4C85-9FAF-B044F16BDF37}.Android-Release|iPhone.ActiveCfg = Release|Any CPU
		{CCB050AE-791F-4C85-9FAF-B044F16BDF37}.Android-Release|iPhoneSimulator.ActiveCfg = Release|Any CPU
		{CCB050AE-791F-4C85-9FAF-B044F16BDF37}.Android-Release|x64.ActiveCfg = Release|Any CPU
		{CCB050AE-791F-4C85-9FAF-B044F16BDF37}.Android-Release|x86.ActiveCfg = Release|Any CPU
		{CCB050AE-791F-4C85-9FAF-B044F16BDF37}.Debug|Any CPU.ActiveCfg = Debug|Any CPU
		{CCB050AE-791F-4C85-9FAF-B044F16BDF37}.Debug|Any CPU.Build.0 = Debug|Any CPU
		{CCB050AE-791F-4C85-9FAF-B044F16BDF37}.Debug|ARM.ActiveCfg = Debug|Any CPU
		{CCB050AE-791F-4C85-9FAF-B044F16BDF37}.Debug|ARM.Build.0 = Debug|Any CPU
		{CCB050AE-791F-4C85-9FAF-B044F16BDF37}.Debug|iPhone.ActiveCfg = Debug|Any CPU
		{CCB050AE-791F-4C85-9FAF-B044F16BDF37}.Debug|iPhone.Build.0 = Debug|Any CPU
		{CCB050AE-791F-4C85-9FAF-B044F16BDF37}.Debug|iPhoneSimulator.ActiveCfg = Debug|Any CPU
		{CCB050AE-791F-4C85-9FAF-B044F16BDF37}.Debug|iPhoneSimulator.Build.0 = Debug|Any CPU
		{CCB050AE-791F-4C85-9FAF-B044F16BDF37}.Debug|x64.ActiveCfg = Debug|Any CPU
		{CCB050AE-791F-4C85-9FAF-B044F16BDF37}.Debug|x64.Build.0 = Debug|Any CPU
		{CCB050AE-791F-4C85-9FAF-B044F16BDF37}.Debug|x86.ActiveCfg = Debug|Any CPU
		{CCB050AE-791F-4C85-9FAF-B044F16BDF37}.Debug|x86.Build.0 = Debug|Any CPU
		{CCB050AE-791F-4C85-9FAF-B044F16BDF37}.Release|Any CPU.ActiveCfg = Release|Any CPU
		{CCB050AE-791F-4C85-9FAF-B044F16BDF37}.Release|Any CPU.Build.0 = Release|Any CPU
		{CCB050AE-791F-4C85-9FAF-B044F16BDF37}.Release|ARM.ActiveCfg = Release|Any CPU
		{CCB050AE-791F-4C85-9FAF-B044F16BDF37}.Release|ARM.Build.0 = Release|Any CPU
		{CCB050AE-791F-4C85-9FAF-B044F16BDF37}.Release|iPhone.ActiveCfg = Release|Any CPU
		{CCB050AE-791F-4C85-9FAF-B044F16BDF37}.Release|iPhone.Build.0 = Release|Any CPU
		{CCB050AE-791F-4C85-9FAF-B044F16BDF37}.Release|iPhoneSimulator.ActiveCfg = Release|Any CPU
		{CCB050AE-791F-4C85-9FAF-B044F16BDF37}.Release|iPhoneSimulator.Build.0 = Release|Any CPU
		{CCB050AE-791F-4C85-9FAF-B044F16BDF37}.Release|x64.ActiveCfg = Release|Any CPU
		{CCB050AE-791F-4C85-9FAF-B044F16BDF37}.Release|x64.Build.0 = Release|Any CPU
		{CCB050AE-791F-4C85-9FAF-B044F16BDF37}.Release|x86.ActiveCfg = Release|Any CPU
		{CCB050AE-791F-4C85-9FAF-B044F16BDF37}.Release|x86.Build.0 = Release|Any CPU
		{CCB050AE-791F-4C85-9FAF-B044F16BDF37}.UWP-Debug|Any CPU.ActiveCfg = Debug|Any CPU
		{CCB050AE-791F-4C85-9FAF-B044F16BDF37}.UWP-Debug|ARM.ActiveCfg = Debug|Any CPU
		{CCB050AE-791F-4C85-9FAF-B044F16BDF37}.UWP-Debug|ARM.Build.0 = Debug|Any CPU
		{CCB050AE-791F-4C85-9FAF-B044F16BDF37}.UWP-Debug|iPhone.ActiveCfg = Debug|Any CPU
		{CCB050AE-791F-4C85-9FAF-B044F16BDF37}.UWP-Debug|iPhone.Build.0 = Debug|Any CPU
		{CCB050AE-791F-4C85-9FAF-B044F16BDF37}.UWP-Debug|iPhoneSimulator.ActiveCfg = Debug|Any CPU
		{CCB050AE-791F-4C85-9FAF-B044F16BDF37}.UWP-Debug|iPhoneSimulator.Build.0 = Debug|Any CPU
		{CCB050AE-791F-4C85-9FAF-B044F16BDF37}.UWP-Debug|x64.ActiveCfg = Debug|Any CPU
		{CCB050AE-791F-4C85-9FAF-B044F16BDF37}.UWP-Debug|x86.ActiveCfg = Debug|Any CPU
		{CCB050AE-791F-4C85-9FAF-B044F16BDF37}.UWP-Release|Any CPU.ActiveCfg = Release|Any CPU
		{CCB050AE-791F-4C85-9FAF-B044F16BDF37}.UWP-Release|ARM.ActiveCfg = Release|Any CPU
		{CCB050AE-791F-4C85-9FAF-B044F16BDF37}.UWP-Release|ARM.Build.0 = Release|Any CPU
		{CCB050AE-791F-4C85-9FAF-B044F16BDF37}.UWP-Release|iPhone.ActiveCfg = Release|Any CPU
		{CCB050AE-791F-4C85-9FAF-B044F16BDF37}.UWP-Release|iPhone.Build.0 = Release|Any CPU
		{CCB050AE-791F-4C85-9FAF-B044F16BDF37}.UWP-Release|iPhoneSimulator.ActiveCfg = Release|Any CPU
		{CCB050AE-791F-4C85-9FAF-B044F16BDF37}.UWP-Release|iPhoneSimulator.Build.0 = Release|Any CPU
		{CCB050AE-791F-4C85-9FAF-B044F16BDF37}.UWP-Release|x64.ActiveCfg = Release|Any CPU
		{CCB050AE-791F-4C85-9FAF-B044F16BDF37}.UWP-Release|x86.ActiveCfg = Release|Any CPU
		{38C3C623-8E5E-47ED-8591-EE1C4400B21A}.Android-Debug|Any CPU.ActiveCfg = Debug|Any CPU
		{38C3C623-8E5E-47ED-8591-EE1C4400B21A}.Android-Debug|ARM.ActiveCfg = Debug|Any CPU
		{38C3C623-8E5E-47ED-8591-EE1C4400B21A}.Android-Debug|iPhone.ActiveCfg = Debug|Any CPU
		{38C3C623-8E5E-47ED-8591-EE1C4400B21A}.Android-Debug|iPhoneSimulator.ActiveCfg = Debug|Any CPU
		{38C3C623-8E5E-47ED-8591-EE1C4400B21A}.Android-Debug|x64.ActiveCfg = Debug|Any CPU
		{38C3C623-8E5E-47ED-8591-EE1C4400B21A}.Android-Debug|x86.ActiveCfg = Debug|Any CPU
		{38C3C623-8E5E-47ED-8591-EE1C4400B21A}.Android-Release|Any CPU.ActiveCfg = Release|Any CPU
		{38C3C623-8E5E-47ED-8591-EE1C4400B21A}.Android-Release|ARM.ActiveCfg = Release|Any CPU
		{38C3C623-8E5E-47ED-8591-EE1C4400B21A}.Android-Release|iPhone.ActiveCfg = Release|Any CPU
		{38C3C623-8E5E-47ED-8591-EE1C4400B21A}.Android-Release|iPhoneSimulator.ActiveCfg = Release|Any CPU
		{38C3C623-8E5E-47ED-8591-EE1C4400B21A}.Android-Release|x64.ActiveCfg = Release|Any CPU
		{38C3C623-8E5E-47ED-8591-EE1C4400B21A}.Android-Release|x86.ActiveCfg = Release|Any CPU
		{38C3C623-8E5E-47ED-8591-EE1C4400B21A}.Debug|Any CPU.ActiveCfg = Debug|Any CPU
		{38C3C623-8E5E-47ED-8591-EE1C4400B21A}.Debug|Any CPU.Build.0 = Debug|Any CPU
		{38C3C623-8E5E-47ED-8591-EE1C4400B21A}.Debug|ARM.ActiveCfg = Debug|Any CPU
		{38C3C623-8E5E-47ED-8591-EE1C4400B21A}.Debug|ARM.Build.0 = Debug|Any CPU
		{38C3C623-8E5E-47ED-8591-EE1C4400B21A}.Debug|iPhone.ActiveCfg = Debug|Any CPU
		{38C3C623-8E5E-47ED-8591-EE1C4400B21A}.Debug|iPhone.Build.0 = Debug|Any CPU
		{38C3C623-8E5E-47ED-8591-EE1C4400B21A}.Debug|iPhoneSimulator.ActiveCfg = Debug|Any CPU
		{38C3C623-8E5E-47ED-8591-EE1C4400B21A}.Debug|iPhoneSimulator.Build.0 = Debug|Any CPU
		{38C3C623-8E5E-47ED-8591-EE1C4400B21A}.Debug|x64.ActiveCfg = Debug|Any CPU
		{38C3C623-8E5E-47ED-8591-EE1C4400B21A}.Debug|x64.Build.0 = Debug|Any CPU
		{38C3C623-8E5E-47ED-8591-EE1C4400B21A}.Debug|x86.ActiveCfg = Debug|Any CPU
		{38C3C623-8E5E-47ED-8591-EE1C4400B21A}.Debug|x86.Build.0 = Debug|Any CPU
		{38C3C623-8E5E-47ED-8591-EE1C4400B21A}.Release|Any CPU.ActiveCfg = Release|Any CPU
		{38C3C623-8E5E-47ED-8591-EE1C4400B21A}.Release|Any CPU.Build.0 = Release|Any CPU
		{38C3C623-8E5E-47ED-8591-EE1C4400B21A}.Release|ARM.ActiveCfg = Release|Any CPU
		{38C3C623-8E5E-47ED-8591-EE1C4400B21A}.Release|ARM.Build.0 = Release|Any CPU
		{38C3C623-8E5E-47ED-8591-EE1C4400B21A}.Release|iPhone.ActiveCfg = Release|Any CPU
		{38C3C623-8E5E-47ED-8591-EE1C4400B21A}.Release|iPhone.Build.0 = Release|Any CPU
		{38C3C623-8E5E-47ED-8591-EE1C4400B21A}.Release|iPhoneSimulator.ActiveCfg = Release|Any CPU
		{38C3C623-8E5E-47ED-8591-EE1C4400B21A}.Release|iPhoneSimulator.Build.0 = Release|Any CPU
		{38C3C623-8E5E-47ED-8591-EE1C4400B21A}.Release|x64.ActiveCfg = Release|Any CPU
		{38C3C623-8E5E-47ED-8591-EE1C4400B21A}.Release|x64.Build.0 = Release|Any CPU
		{38C3C623-8E5E-47ED-8591-EE1C4400B21A}.Release|x86.ActiveCfg = Release|Any CPU
		{38C3C623-8E5E-47ED-8591-EE1C4400B21A}.Release|x86.Build.0 = Release|Any CPU
		{38C3C623-8E5E-47ED-8591-EE1C4400B21A}.UWP-Debug|Any CPU.ActiveCfg = Debug|Any CPU
		{38C3C623-8E5E-47ED-8591-EE1C4400B21A}.UWP-Debug|ARM.ActiveCfg = Debug|Any CPU
		{38C3C623-8E5E-47ED-8591-EE1C4400B21A}.UWP-Debug|ARM.Build.0 = Debug|Any CPU
		{38C3C623-8E5E-47ED-8591-EE1C4400B21A}.UWP-Debug|iPhone.ActiveCfg = Debug|Any CPU
		{38C3C623-8E5E-47ED-8591-EE1C4400B21A}.UWP-Debug|iPhone.Build.0 = Debug|Any CPU
		{38C3C623-8E5E-47ED-8591-EE1C4400B21A}.UWP-Debug|iPhoneSimulator.ActiveCfg = Debug|Any CPU
		{38C3C623-8E5E-47ED-8591-EE1C4400B21A}.UWP-Debug|iPhoneSimulator.Build.0 = Debug|Any CPU
		{38C3C623-8E5E-47ED-8591-EE1C4400B21A}.UWP-Debug|x64.ActiveCfg = Debug|Any CPU
		{38C3C623-8E5E-47ED-8591-EE1C4400B21A}.UWP-Debug|x86.ActiveCfg = Debug|Any CPU
		{38C3C623-8E5E-47ED-8591-EE1C4400B21A}.UWP-Release|Any CPU.ActiveCfg = Release|Any CPU
		{38C3C623-8E5E-47ED-8591-EE1C4400B21A}.UWP-Release|ARM.ActiveCfg = Release|Any CPU
		{38C3C623-8E5E-47ED-8591-EE1C4400B21A}.UWP-Release|ARM.Build.0 = Release|Any CPU
		{38C3C623-8E5E-47ED-8591-EE1C4400B21A}.UWP-Release|iPhone.ActiveCfg = Release|Any CPU
		{38C3C623-8E5E-47ED-8591-EE1C4400B21A}.UWP-Release|iPhone.Build.0 = Release|Any CPU
		{38C3C623-8E5E-47ED-8591-EE1C4400B21A}.UWP-Release|iPhoneSimulator.ActiveCfg = Release|Any CPU
		{38C3C623-8E5E-47ED-8591-EE1C4400B21A}.UWP-Release|iPhoneSimulator.Build.0 = Release|Any CPU
		{38C3C623-8E5E-47ED-8591-EE1C4400B21A}.UWP-Release|x64.ActiveCfg = Release|Any CPU
		{38C3C623-8E5E-47ED-8591-EE1C4400B21A}.UWP-Release|x86.ActiveCfg = Release|Any CPU
		{49926FD1-4913-48BD-AC4C-2406F4270603}.Android-Debug|Any CPU.ActiveCfg = Debug|Any CPU
		{49926FD1-4913-48BD-AC4C-2406F4270603}.Android-Debug|ARM.ActiveCfg = Debug|Any CPU
		{49926FD1-4913-48BD-AC4C-2406F4270603}.Android-Debug|iPhone.ActiveCfg = Debug|Any CPU
		{49926FD1-4913-48BD-AC4C-2406F4270603}.Android-Debug|iPhoneSimulator.ActiveCfg = Debug|Any CPU
		{49926FD1-4913-48BD-AC4C-2406F4270603}.Android-Debug|x64.ActiveCfg = Debug|Any CPU
		{49926FD1-4913-48BD-AC4C-2406F4270603}.Android-Debug|x86.ActiveCfg = Debug|Any CPU
		{49926FD1-4913-48BD-AC4C-2406F4270603}.Android-Release|Any CPU.ActiveCfg = Release|Any CPU
		{49926FD1-4913-48BD-AC4C-2406F4270603}.Android-Release|ARM.ActiveCfg = Release|Any CPU
		{49926FD1-4913-48BD-AC4C-2406F4270603}.Android-Release|iPhone.ActiveCfg = Release|Any CPU
		{49926FD1-4913-48BD-AC4C-2406F4270603}.Android-Release|iPhoneSimulator.ActiveCfg = Release|Any CPU
		{49926FD1-4913-48BD-AC4C-2406F4270603}.Android-Release|x64.ActiveCfg = Release|Any CPU
		{49926FD1-4913-48BD-AC4C-2406F4270603}.Android-Release|x86.ActiveCfg = Release|Any CPU
		{49926FD1-4913-48BD-AC4C-2406F4270603}.Debug|Any CPU.ActiveCfg = Debug|Any CPU
		{49926FD1-4913-48BD-AC4C-2406F4270603}.Debug|Any CPU.Build.0 = Debug|Any CPU
		{49926FD1-4913-48BD-AC4C-2406F4270603}.Debug|ARM.ActiveCfg = Debug|Any CPU
		{49926FD1-4913-48BD-AC4C-2406F4270603}.Debug|ARM.Build.0 = Debug|Any CPU
		{49926FD1-4913-48BD-AC4C-2406F4270603}.Debug|iPhone.ActiveCfg = Debug|Any CPU
		{49926FD1-4913-48BD-AC4C-2406F4270603}.Debug|iPhone.Build.0 = Debug|Any CPU
		{49926FD1-4913-48BD-AC4C-2406F4270603}.Debug|iPhoneSimulator.ActiveCfg = Debug|Any CPU
		{49926FD1-4913-48BD-AC4C-2406F4270603}.Debug|iPhoneSimulator.Build.0 = Debug|Any CPU
		{49926FD1-4913-48BD-AC4C-2406F4270603}.Debug|x64.ActiveCfg = Debug|Any CPU
		{49926FD1-4913-48BD-AC4C-2406F4270603}.Debug|x64.Build.0 = Debug|Any CPU
		{49926FD1-4913-48BD-AC4C-2406F4270603}.Debug|x86.ActiveCfg = Debug|Any CPU
		{49926FD1-4913-48BD-AC4C-2406F4270603}.Debug|x86.Build.0 = Debug|Any CPU
		{49926FD1-4913-48BD-AC4C-2406F4270603}.Release|Any CPU.ActiveCfg = Release|Any CPU
		{49926FD1-4913-48BD-AC4C-2406F4270603}.Release|Any CPU.Build.0 = Release|Any CPU
		{49926FD1-4913-48BD-AC4C-2406F4270603}.Release|ARM.ActiveCfg = Release|Any CPU
		{49926FD1-4913-48BD-AC4C-2406F4270603}.Release|ARM.Build.0 = Release|Any CPU
		{49926FD1-4913-48BD-AC4C-2406F4270603}.Release|iPhone.ActiveCfg = Release|Any CPU
		{49926FD1-4913-48BD-AC4C-2406F4270603}.Release|iPhone.Build.0 = Release|Any CPU
		{49926FD1-4913-48BD-AC4C-2406F4270603}.Release|iPhoneSimulator.ActiveCfg = Release|Any CPU
		{49926FD1-4913-48BD-AC4C-2406F4270603}.Release|iPhoneSimulator.Build.0 = Release|Any CPU
		{49926FD1-4913-48BD-AC4C-2406F4270603}.Release|x64.ActiveCfg = Release|Any CPU
		{49926FD1-4913-48BD-AC4C-2406F4270603}.Release|x64.Build.0 = Release|Any CPU
		{49926FD1-4913-48BD-AC4C-2406F4270603}.Release|x86.ActiveCfg = Release|Any CPU
		{49926FD1-4913-48BD-AC4C-2406F4270603}.Release|x86.Build.0 = Release|Any CPU
		{49926FD1-4913-48BD-AC4C-2406F4270603}.UWP-Debug|Any CPU.ActiveCfg = Debug|Any CPU
		{49926FD1-4913-48BD-AC4C-2406F4270603}.UWP-Debug|ARM.ActiveCfg = Debug|Any CPU
		{49926FD1-4913-48BD-AC4C-2406F4270603}.UWP-Debug|ARM.Build.0 = Debug|Any CPU
		{49926FD1-4913-48BD-AC4C-2406F4270603}.UWP-Debug|iPhone.ActiveCfg = Debug|Any CPU
		{49926FD1-4913-48BD-AC4C-2406F4270603}.UWP-Debug|iPhone.Build.0 = Debug|Any CPU
		{49926FD1-4913-48BD-AC4C-2406F4270603}.UWP-Debug|iPhoneSimulator.ActiveCfg = Debug|Any CPU
		{49926FD1-4913-48BD-AC4C-2406F4270603}.UWP-Debug|iPhoneSimulator.Build.0 = Debug|Any CPU
		{49926FD1-4913-48BD-AC4C-2406F4270603}.UWP-Debug|x64.ActiveCfg = Debug|Any CPU
		{49926FD1-4913-48BD-AC4C-2406F4270603}.UWP-Debug|x86.ActiveCfg = Debug|Any CPU
		{49926FD1-4913-48BD-AC4C-2406F4270603}.UWP-Release|Any CPU.ActiveCfg = Release|Any CPU
		{49926FD1-4913-48BD-AC4C-2406F4270603}.UWP-Release|ARM.ActiveCfg = Release|Any CPU
		{49926FD1-4913-48BD-AC4C-2406F4270603}.UWP-Release|ARM.Build.0 = Release|Any CPU
		{49926FD1-4913-48BD-AC4C-2406F4270603}.UWP-Release|iPhone.ActiveCfg = Release|Any CPU
		{49926FD1-4913-48BD-AC4C-2406F4270603}.UWP-Release|iPhone.Build.0 = Release|Any CPU
		{49926FD1-4913-48BD-AC4C-2406F4270603}.UWP-Release|iPhoneSimulator.ActiveCfg = Release|Any CPU
		{49926FD1-4913-48BD-AC4C-2406F4270603}.UWP-Release|iPhoneSimulator.Build.0 = Release|Any CPU
		{49926FD1-4913-48BD-AC4C-2406F4270603}.UWP-Release|x64.ActiveCfg = Release|Any CPU
		{49926FD1-4913-48BD-AC4C-2406F4270603}.UWP-Release|x86.ActiveCfg = Release|Any CPU
		{0C456B44-EB1D-48AE-B785-FC32EA76EFE4}.Android-Debug|Any CPU.ActiveCfg = Debug|Any CPU
		{0C456B44-EB1D-48AE-B785-FC32EA76EFE4}.Android-Debug|Any CPU.Build.0 = Debug|Any CPU
		{0C456B44-EB1D-48AE-B785-FC32EA76EFE4}.Android-Debug|ARM.ActiveCfg = Debug|Any CPU
		{0C456B44-EB1D-48AE-B785-FC32EA76EFE4}.Android-Debug|ARM.Build.0 = Debug|Any CPU
		{0C456B44-EB1D-48AE-B785-FC32EA76EFE4}.Android-Debug|iPhone.ActiveCfg = Debug|Any CPU
		{0C456B44-EB1D-48AE-B785-FC32EA76EFE4}.Android-Debug|iPhoneSimulator.ActiveCfg = Debug|Any CPU
		{0C456B44-EB1D-48AE-B785-FC32EA76EFE4}.Android-Debug|x64.ActiveCfg = Debug|Any CPU
		{0C456B44-EB1D-48AE-B785-FC32EA76EFE4}.Android-Debug|x64.Build.0 = Debug|Any CPU
		{0C456B44-EB1D-48AE-B785-FC32EA76EFE4}.Android-Debug|x86.ActiveCfg = Debug|Any CPU
		{0C456B44-EB1D-48AE-B785-FC32EA76EFE4}.Android-Debug|x86.Build.0 = Debug|Any CPU
		{0C456B44-EB1D-48AE-B785-FC32EA76EFE4}.Android-Release|Any CPU.ActiveCfg = Release|Any CPU
		{0C456B44-EB1D-48AE-B785-FC32EA76EFE4}.Android-Release|Any CPU.Build.0 = Release|Any CPU
		{0C456B44-EB1D-48AE-B785-FC32EA76EFE4}.Android-Release|ARM.ActiveCfg = Release|Any CPU
		{0C456B44-EB1D-48AE-B785-FC32EA76EFE4}.Android-Release|ARM.Build.0 = Release|Any CPU
		{0C456B44-EB1D-48AE-B785-FC32EA76EFE4}.Android-Release|iPhone.ActiveCfg = Release|Any CPU
		{0C456B44-EB1D-48AE-B785-FC32EA76EFE4}.Android-Release|iPhoneSimulator.ActiveCfg = Release|Any CPU
		{0C456B44-EB1D-48AE-B785-FC32EA76EFE4}.Android-Release|x64.ActiveCfg = Release|Any CPU
		{0C456B44-EB1D-48AE-B785-FC32EA76EFE4}.Android-Release|x64.Build.0 = Release|Any CPU
		{0C456B44-EB1D-48AE-B785-FC32EA76EFE4}.Android-Release|x86.ActiveCfg = Release|Any CPU
		{0C456B44-EB1D-48AE-B785-FC32EA76EFE4}.Android-Release|x86.Build.0 = Release|Any CPU
		{0C456B44-EB1D-48AE-B785-FC32EA76EFE4}.Debug|Any CPU.ActiveCfg = Debug|Any CPU
		{0C456B44-EB1D-48AE-B785-FC32EA76EFE4}.Debug|Any CPU.Build.0 = Debug|Any CPU
		{0C456B44-EB1D-48AE-B785-FC32EA76EFE4}.Debug|ARM.ActiveCfg = Debug|Any CPU
		{0C456B44-EB1D-48AE-B785-FC32EA76EFE4}.Debug|ARM.Build.0 = Debug|Any CPU
		{0C456B44-EB1D-48AE-B785-FC32EA76EFE4}.Debug|iPhone.ActiveCfg = Debug|Any CPU
		{0C456B44-EB1D-48AE-B785-FC32EA76EFE4}.Debug|iPhone.Build.0 = Debug|Any CPU
		{0C456B44-EB1D-48AE-B785-FC32EA76EFE4}.Debug|iPhoneSimulator.ActiveCfg = Debug|Any CPU
		{0C456B44-EB1D-48AE-B785-FC32EA76EFE4}.Debug|iPhoneSimulator.Build.0 = Debug|Any CPU
		{0C456B44-EB1D-48AE-B785-FC32EA76EFE4}.Debug|x64.ActiveCfg = Debug|Any CPU
		{0C456B44-EB1D-48AE-B785-FC32EA76EFE4}.Debug|x64.Build.0 = Debug|Any CPU
		{0C456B44-EB1D-48AE-B785-FC32EA76EFE4}.Debug|x86.ActiveCfg = Debug|Any CPU
		{0C456B44-EB1D-48AE-B785-FC32EA76EFE4}.Debug|x86.Build.0 = Debug|Any CPU
		{0C456B44-EB1D-48AE-B785-FC32EA76EFE4}.Release|Any CPU.ActiveCfg = Release|Any CPU
		{0C456B44-EB1D-48AE-B785-FC32EA76EFE4}.Release|Any CPU.Build.0 = Release|Any CPU
		{0C456B44-EB1D-48AE-B785-FC32EA76EFE4}.Release|ARM.ActiveCfg = Release|Any CPU
		{0C456B44-EB1D-48AE-B785-FC32EA76EFE4}.Release|ARM.Build.0 = Release|Any CPU
		{0C456B44-EB1D-48AE-B785-FC32EA76EFE4}.Release|iPhone.ActiveCfg = Release|Any CPU
		{0C456B44-EB1D-48AE-B785-FC32EA76EFE4}.Release|iPhone.Build.0 = Release|Any CPU
		{0C456B44-EB1D-48AE-B785-FC32EA76EFE4}.Release|iPhoneSimulator.ActiveCfg = Release|Any CPU
		{0C456B44-EB1D-48AE-B785-FC32EA76EFE4}.Release|iPhoneSimulator.Build.0 = Release|Any CPU
		{0C456B44-EB1D-48AE-B785-FC32EA76EFE4}.Release|x64.ActiveCfg = Release|Any CPU
		{0C456B44-EB1D-48AE-B785-FC32EA76EFE4}.Release|x64.Build.0 = Release|Any CPU
		{0C456B44-EB1D-48AE-B785-FC32EA76EFE4}.Release|x86.ActiveCfg = Release|Any CPU
		{0C456B44-EB1D-48AE-B785-FC32EA76EFE4}.Release|x86.Build.0 = Release|Any CPU
		{0C456B44-EB1D-48AE-B785-FC32EA76EFE4}.UWP-Debug|Any CPU.ActiveCfg = Debug|Any CPU
		{0C456B44-EB1D-48AE-B785-FC32EA76EFE4}.UWP-Debug|Any CPU.Build.0 = Debug|Any CPU
		{0C456B44-EB1D-48AE-B785-FC32EA76EFE4}.UWP-Debug|ARM.ActiveCfg = Debug|Any CPU
		{0C456B44-EB1D-48AE-B785-FC32EA76EFE4}.UWP-Debug|ARM.Build.0 = Debug|Any CPU
		{0C456B44-EB1D-48AE-B785-FC32EA76EFE4}.UWP-Debug|iPhone.ActiveCfg = Debug|Any CPU
		{0C456B44-EB1D-48AE-B785-FC32EA76EFE4}.UWP-Debug|iPhone.Build.0 = Debug|Any CPU
		{0C456B44-EB1D-48AE-B785-FC32EA76EFE4}.UWP-Debug|iPhoneSimulator.ActiveCfg = Debug|Any CPU
		{0C456B44-EB1D-48AE-B785-FC32EA76EFE4}.UWP-Debug|iPhoneSimulator.Build.0 = Debug|Any CPU
		{0C456B44-EB1D-48AE-B785-FC32EA76EFE4}.UWP-Debug|x64.ActiveCfg = Debug|Any CPU
		{0C456B44-EB1D-48AE-B785-FC32EA76EFE4}.UWP-Debug|x64.Build.0 = Debug|Any CPU
		{0C456B44-EB1D-48AE-B785-FC32EA76EFE4}.UWP-Debug|x86.ActiveCfg = Debug|Any CPU
		{0C456B44-EB1D-48AE-B785-FC32EA76EFE4}.UWP-Debug|x86.Build.0 = Debug|Any CPU
		{0C456B44-EB1D-48AE-B785-FC32EA76EFE4}.UWP-Release|Any CPU.ActiveCfg = Release|Any CPU
		{0C456B44-EB1D-48AE-B785-FC32EA76EFE4}.UWP-Release|Any CPU.Build.0 = Release|Any CPU
		{0C456B44-EB1D-48AE-B785-FC32EA76EFE4}.UWP-Release|ARM.ActiveCfg = Release|Any CPU
		{0C456B44-EB1D-48AE-B785-FC32EA76EFE4}.UWP-Release|ARM.Build.0 = Release|Any CPU
		{0C456B44-EB1D-48AE-B785-FC32EA76EFE4}.UWP-Release|iPhone.ActiveCfg = Release|Any CPU
		{0C456B44-EB1D-48AE-B785-FC32EA76EFE4}.UWP-Release|iPhone.Build.0 = Release|Any CPU
		{0C456B44-EB1D-48AE-B785-FC32EA76EFE4}.UWP-Release|iPhoneSimulator.ActiveCfg = Release|Any CPU
		{0C456B44-EB1D-48AE-B785-FC32EA76EFE4}.UWP-Release|iPhoneSimulator.Build.0 = Release|Any CPU
		{0C456B44-EB1D-48AE-B785-FC32EA76EFE4}.UWP-Release|x64.ActiveCfg = Release|Any CPU
		{0C456B44-EB1D-48AE-B785-FC32EA76EFE4}.UWP-Release|x64.Build.0 = Release|Any CPU
		{0C456B44-EB1D-48AE-B785-FC32EA76EFE4}.UWP-Release|x86.ActiveCfg = Release|Any CPU
		{0C456B44-EB1D-48AE-B785-FC32EA76EFE4}.UWP-Release|x86.Build.0 = Release|Any CPU
		{E6B19C2C-CAC1-40BB-9494-17A9581CD7C2}.Android-Debug|Any CPU.ActiveCfg = Debug|x86
		{E6B19C2C-CAC1-40BB-9494-17A9581CD7C2}.Android-Debug|ARM.ActiveCfg = Debug|ARM
		{E6B19C2C-CAC1-40BB-9494-17A9581CD7C2}.Android-Debug|iPhone.ActiveCfg = Debug|x86
		{E6B19C2C-CAC1-40BB-9494-17A9581CD7C2}.Android-Debug|iPhoneSimulator.ActiveCfg = Debug|x86
		{E6B19C2C-CAC1-40BB-9494-17A9581CD7C2}.Android-Debug|x64.ActiveCfg = Debug|x64
		{E6B19C2C-CAC1-40BB-9494-17A9581CD7C2}.Android-Debug|x86.ActiveCfg = Debug|x86
		{E6B19C2C-CAC1-40BB-9494-17A9581CD7C2}.Android-Release|Any CPU.ActiveCfg = Release|x86
		{E6B19C2C-CAC1-40BB-9494-17A9581CD7C2}.Android-Release|ARM.ActiveCfg = Release|ARM
		{E6B19C2C-CAC1-40BB-9494-17A9581CD7C2}.Android-Release|iPhone.ActiveCfg = Release|x86
		{E6B19C2C-CAC1-40BB-9494-17A9581CD7C2}.Android-Release|iPhoneSimulator.ActiveCfg = Release|x86
		{E6B19C2C-CAC1-40BB-9494-17A9581CD7C2}.Android-Release|x64.ActiveCfg = Release|x64
		{E6B19C2C-CAC1-40BB-9494-17A9581CD7C2}.Android-Release|x86.ActiveCfg = Release|x86
		{E6B19C2C-CAC1-40BB-9494-17A9581CD7C2}.Debug|Any CPU.ActiveCfg = Debug|x86
		{E6B19C2C-CAC1-40BB-9494-17A9581CD7C2}.Debug|Any CPU.Build.0 = Debug|x86
		{E6B19C2C-CAC1-40BB-9494-17A9581CD7C2}.Debug|Any CPU.Deploy.0 = Debug|x86
		{E6B19C2C-CAC1-40BB-9494-17A9581CD7C2}.Debug|ARM.ActiveCfg = Debug|ARM
		{E6B19C2C-CAC1-40BB-9494-17A9581CD7C2}.Debug|ARM.Build.0 = Debug|ARM
		{E6B19C2C-CAC1-40BB-9494-17A9581CD7C2}.Debug|ARM.Deploy.0 = Debug|ARM
		{E6B19C2C-CAC1-40BB-9494-17A9581CD7C2}.Debug|iPhone.ActiveCfg = Debug|x86
		{E6B19C2C-CAC1-40BB-9494-17A9581CD7C2}.Debug|iPhoneSimulator.ActiveCfg = Debug|x86
		{E6B19C2C-CAC1-40BB-9494-17A9581CD7C2}.Debug|x64.ActiveCfg = Debug|x64
		{E6B19C2C-CAC1-40BB-9494-17A9581CD7C2}.Debug|x64.Build.0 = Debug|x64
		{E6B19C2C-CAC1-40BB-9494-17A9581CD7C2}.Debug|x64.Deploy.0 = Debug|x64
		{E6B19C2C-CAC1-40BB-9494-17A9581CD7C2}.Debug|x86.ActiveCfg = Debug|x86
		{E6B19C2C-CAC1-40BB-9494-17A9581CD7C2}.Debug|x86.Build.0 = Debug|x86
		{E6B19C2C-CAC1-40BB-9494-17A9581CD7C2}.Debug|x86.Deploy.0 = Debug|x86
		{E6B19C2C-CAC1-40BB-9494-17A9581CD7C2}.Release|Any CPU.ActiveCfg = Release|x86
		{E6B19C2C-CAC1-40BB-9494-17A9581CD7C2}.Release|ARM.ActiveCfg = Release|ARM
		{E6B19C2C-CAC1-40BB-9494-17A9581CD7C2}.Release|ARM.Build.0 = Release|ARM
		{E6B19C2C-CAC1-40BB-9494-17A9581CD7C2}.Release|ARM.Deploy.0 = Release|ARM
		{E6B19C2C-CAC1-40BB-9494-17A9581CD7C2}.Release|iPhone.ActiveCfg = Release|x86
		{E6B19C2C-CAC1-40BB-9494-17A9581CD7C2}.Release|iPhoneSimulator.ActiveCfg = Release|x86
		{E6B19C2C-CAC1-40BB-9494-17A9581CD7C2}.Release|x64.ActiveCfg = Release|x64
		{E6B19C2C-CAC1-40BB-9494-17A9581CD7C2}.Release|x64.Build.0 = Release|x64
		{E6B19C2C-CAC1-40BB-9494-17A9581CD7C2}.Release|x64.Deploy.0 = Release|x64
		{E6B19C2C-CAC1-40BB-9494-17A9581CD7C2}.Release|x86.ActiveCfg = Release|x86
		{E6B19C2C-CAC1-40BB-9494-17A9581CD7C2}.Release|x86.Build.0 = Release|x86
		{E6B19C2C-CAC1-40BB-9494-17A9581CD7C2}.Release|x86.Deploy.0 = Release|x86
		{E6B19C2C-CAC1-40BB-9494-17A9581CD7C2}.UWP-Debug|Any CPU.ActiveCfg = Release|x86
		{E6B19C2C-CAC1-40BB-9494-17A9581CD7C2}.UWP-Debug|Any CPU.Build.0 = Release|x86
		{E6B19C2C-CAC1-40BB-9494-17A9581CD7C2}.UWP-Debug|Any CPU.Deploy.0 = Release|x86
		{E6B19C2C-CAC1-40BB-9494-17A9581CD7C2}.UWP-Debug|ARM.ActiveCfg = Debug|ARM
		{E6B19C2C-CAC1-40BB-9494-17A9581CD7C2}.UWP-Debug|ARM.Build.0 = Debug|ARM
		{E6B19C2C-CAC1-40BB-9494-17A9581CD7C2}.UWP-Debug|ARM.Deploy.0 = Debug|ARM
		{E6B19C2C-CAC1-40BB-9494-17A9581CD7C2}.UWP-Debug|iPhone.ActiveCfg = Release|x86
		{E6B19C2C-CAC1-40BB-9494-17A9581CD7C2}.UWP-Debug|iPhone.Build.0 = Release|x86
		{E6B19C2C-CAC1-40BB-9494-17A9581CD7C2}.UWP-Debug|iPhone.Deploy.0 = Release|x86
		{E6B19C2C-CAC1-40BB-9494-17A9581CD7C2}.UWP-Debug|iPhoneSimulator.ActiveCfg = Release|x86
		{E6B19C2C-CAC1-40BB-9494-17A9581CD7C2}.UWP-Debug|iPhoneSimulator.Build.0 = Release|x86
		{E6B19C2C-CAC1-40BB-9494-17A9581CD7C2}.UWP-Debug|iPhoneSimulator.Deploy.0 = Release|x86
		{E6B19C2C-CAC1-40BB-9494-17A9581CD7C2}.UWP-Debug|x64.ActiveCfg = Debug|x64
		{E6B19C2C-CAC1-40BB-9494-17A9581CD7C2}.UWP-Debug|x64.Build.0 = Debug|x64
		{E6B19C2C-CAC1-40BB-9494-17A9581CD7C2}.UWP-Debug|x64.Deploy.0 = Debug|x64
		{E6B19C2C-CAC1-40BB-9494-17A9581CD7C2}.UWP-Debug|x86.ActiveCfg = Debug|x86
		{E6B19C2C-CAC1-40BB-9494-17A9581CD7C2}.UWP-Debug|x86.Build.0 = Debug|x86
		{E6B19C2C-CAC1-40BB-9494-17A9581CD7C2}.UWP-Debug|x86.Deploy.0 = Debug|x86
		{E6B19C2C-CAC1-40BB-9494-17A9581CD7C2}.UWP-Release|Any CPU.ActiveCfg = Release|x86
		{E6B19C2C-CAC1-40BB-9494-17A9581CD7C2}.UWP-Release|Any CPU.Build.0 = Release|x86
		{E6B19C2C-CAC1-40BB-9494-17A9581CD7C2}.UWP-Release|Any CPU.Deploy.0 = Release|x86
		{E6B19C2C-CAC1-40BB-9494-17A9581CD7C2}.UWP-Release|ARM.ActiveCfg = Release|ARM
		{E6B19C2C-CAC1-40BB-9494-17A9581CD7C2}.UWP-Release|ARM.Build.0 = Release|ARM
		{E6B19C2C-CAC1-40BB-9494-17A9581CD7C2}.UWP-Release|ARM.Deploy.0 = Release|ARM
		{E6B19C2C-CAC1-40BB-9494-17A9581CD7C2}.UWP-Release|iPhone.ActiveCfg = Release|x86
		{E6B19C2C-CAC1-40BB-9494-17A9581CD7C2}.UWP-Release|iPhone.Build.0 = Release|x86
		{E6B19C2C-CAC1-40BB-9494-17A9581CD7C2}.UWP-Release|iPhone.Deploy.0 = Release|x86
		{E6B19C2C-CAC1-40BB-9494-17A9581CD7C2}.UWP-Release|iPhoneSimulator.ActiveCfg = Release|x86
		{E6B19C2C-CAC1-40BB-9494-17A9581CD7C2}.UWP-Release|iPhoneSimulator.Build.0 = Release|x86
		{E6B19C2C-CAC1-40BB-9494-17A9581CD7C2}.UWP-Release|iPhoneSimulator.Deploy.0 = Release|x86
		{E6B19C2C-CAC1-40BB-9494-17A9581CD7C2}.UWP-Release|x64.ActiveCfg = Release|x64
		{E6B19C2C-CAC1-40BB-9494-17A9581CD7C2}.UWP-Release|x64.Build.0 = Release|x64
		{E6B19C2C-CAC1-40BB-9494-17A9581CD7C2}.UWP-Release|x64.Deploy.0 = Release|x64
		{E6B19C2C-CAC1-40BB-9494-17A9581CD7C2}.UWP-Release|x86.ActiveCfg = Release|x86
		{E6B19C2C-CAC1-40BB-9494-17A9581CD7C2}.UWP-Release|x86.Build.0 = Release|x86
		{E6B19C2C-CAC1-40BB-9494-17A9581CD7C2}.UWP-Release|x86.Deploy.0 = Release|x86
		{964233DF-C283-4E72-94E1-E5F7FB824549}.Android-Debug|Any CPU.ActiveCfg = Debug|Any CPU
		{964233DF-C283-4E72-94E1-E5F7FB824549}.Android-Debug|Any CPU.Build.0 = Debug|Any CPU
		{964233DF-C283-4E72-94E1-E5F7FB824549}.Android-Debug|Any CPU.Deploy.0 = Debug|Any CPU
		{964233DF-C283-4E72-94E1-E5F7FB824549}.Android-Debug|ARM.ActiveCfg = Debug|Any CPU
		{964233DF-C283-4E72-94E1-E5F7FB824549}.Android-Debug|ARM.Build.0 = Debug|Any CPU
		{964233DF-C283-4E72-94E1-E5F7FB824549}.Android-Debug|ARM.Deploy.0 = Debug|Any CPU
		{964233DF-C283-4E72-94E1-E5F7FB824549}.Android-Debug|iPhone.ActiveCfg = Debug|Any CPU
		{964233DF-C283-4E72-94E1-E5F7FB824549}.Android-Debug|iPhoneSimulator.ActiveCfg = Debug|Any CPU
		{964233DF-C283-4E72-94E1-E5F7FB824549}.Android-Debug|x64.ActiveCfg = Debug|Any CPU
		{964233DF-C283-4E72-94E1-E5F7FB824549}.Android-Debug|x64.Build.0 = Debug|Any CPU
		{964233DF-C283-4E72-94E1-E5F7FB824549}.Android-Debug|x64.Deploy.0 = Debug|Any CPU
		{964233DF-C283-4E72-94E1-E5F7FB824549}.Android-Debug|x86.ActiveCfg = Debug|Any CPU
		{964233DF-C283-4E72-94E1-E5F7FB824549}.Android-Debug|x86.Build.0 = Debug|Any CPU
		{964233DF-C283-4E72-94E1-E5F7FB824549}.Android-Debug|x86.Deploy.0 = Debug|Any CPU
		{964233DF-C283-4E72-94E1-E5F7FB824549}.Android-Release|Any CPU.ActiveCfg = Release|Any CPU
		{964233DF-C283-4E72-94E1-E5F7FB824549}.Android-Release|Any CPU.Build.0 = Release|Any CPU
		{964233DF-C283-4E72-94E1-E5F7FB824549}.Android-Release|Any CPU.Deploy.0 = Release|Any CPU
		{964233DF-C283-4E72-94E1-E5F7FB824549}.Android-Release|ARM.ActiveCfg = Release|Any CPU
		{964233DF-C283-4E72-94E1-E5F7FB824549}.Android-Release|ARM.Build.0 = Release|Any CPU
		{964233DF-C283-4E72-94E1-E5F7FB824549}.Android-Release|ARM.Deploy.0 = Release|Any CPU
		{964233DF-C283-4E72-94E1-E5F7FB824549}.Android-Release|iPhone.ActiveCfg = Release|Any CPU
		{964233DF-C283-4E72-94E1-E5F7FB824549}.Android-Release|iPhoneSimulator.ActiveCfg = Release|Any CPU
		{964233DF-C283-4E72-94E1-E5F7FB824549}.Android-Release|x64.ActiveCfg = Release|Any CPU
		{964233DF-C283-4E72-94E1-E5F7FB824549}.Android-Release|x64.Build.0 = Release|Any CPU
		{964233DF-C283-4E72-94E1-E5F7FB824549}.Android-Release|x64.Deploy.0 = Release|Any CPU
		{964233DF-C283-4E72-94E1-E5F7FB824549}.Android-Release|x86.ActiveCfg = Release|Any CPU
		{964233DF-C283-4E72-94E1-E5F7FB824549}.Android-Release|x86.Build.0 = Release|Any CPU
		{964233DF-C283-4E72-94E1-E5F7FB824549}.Android-Release|x86.Deploy.0 = Release|Any CPU
		{964233DF-C283-4E72-94E1-E5F7FB824549}.Debug|Any CPU.ActiveCfg = Debug|Any CPU
		{964233DF-C283-4E72-94E1-E5F7FB824549}.Debug|Any CPU.Build.0 = Debug|Any CPU
		{964233DF-C283-4E72-94E1-E5F7FB824549}.Debug|Any CPU.Deploy.0 = Debug|Any CPU
		{964233DF-C283-4E72-94E1-E5F7FB824549}.Debug|ARM.ActiveCfg = Debug|Any CPU
		{964233DF-C283-4E72-94E1-E5F7FB824549}.Debug|ARM.Build.0 = Debug|Any CPU
		{964233DF-C283-4E72-94E1-E5F7FB824549}.Debug|ARM.Deploy.0 = Debug|Any CPU
		{964233DF-C283-4E72-94E1-E5F7FB824549}.Debug|iPhone.ActiveCfg = Debug|Any CPU
		{964233DF-C283-4E72-94E1-E5F7FB824549}.Debug|iPhone.Build.0 = Debug|Any CPU
		{964233DF-C283-4E72-94E1-E5F7FB824549}.Debug|iPhone.Deploy.0 = Debug|Any CPU
		{964233DF-C283-4E72-94E1-E5F7FB824549}.Debug|iPhoneSimulator.ActiveCfg = Debug|Any CPU
		{964233DF-C283-4E72-94E1-E5F7FB824549}.Debug|iPhoneSimulator.Build.0 = Debug|Any CPU
		{964233DF-C283-4E72-94E1-E5F7FB824549}.Debug|iPhoneSimulator.Deploy.0 = Debug|Any CPU
		{964233DF-C283-4E72-94E1-E5F7FB824549}.Debug|x64.ActiveCfg = Debug|Any CPU
		{964233DF-C283-4E72-94E1-E5F7FB824549}.Debug|x64.Build.0 = Debug|Any CPU
		{964233DF-C283-4E72-94E1-E5F7FB824549}.Debug|x64.Deploy.0 = Debug|Any CPU
		{964233DF-C283-4E72-94E1-E5F7FB824549}.Debug|x86.ActiveCfg = Debug|Any CPU
		{964233DF-C283-4E72-94E1-E5F7FB824549}.Debug|x86.Build.0 = Debug|Any CPU
		{964233DF-C283-4E72-94E1-E5F7FB824549}.Debug|x86.Deploy.0 = Debug|Any CPU
		{964233DF-C283-4E72-94E1-E5F7FB824549}.Release|Any CPU.ActiveCfg = Release|Any CPU
		{964233DF-C283-4E72-94E1-E5F7FB824549}.Release|Any CPU.Build.0 = Release|Any CPU
		{964233DF-C283-4E72-94E1-E5F7FB824549}.Release|Any CPU.Deploy.0 = Release|Any CPU
		{964233DF-C283-4E72-94E1-E5F7FB824549}.Release|ARM.ActiveCfg = Release|Any CPU
		{964233DF-C283-4E72-94E1-E5F7FB824549}.Release|ARM.Build.0 = Release|Any CPU
		{964233DF-C283-4E72-94E1-E5F7FB824549}.Release|ARM.Deploy.0 = Release|Any CPU
		{964233DF-C283-4E72-94E1-E5F7FB824549}.Release|iPhone.ActiveCfg = Release|Any CPU
		{964233DF-C283-4E72-94E1-E5F7FB824549}.Release|iPhone.Build.0 = Release|Any CPU
		{964233DF-C283-4E72-94E1-E5F7FB824549}.Release|iPhone.Deploy.0 = Release|Any CPU
		{964233DF-C283-4E72-94E1-E5F7FB824549}.Release|iPhoneSimulator.ActiveCfg = Release|Any CPU
		{964233DF-C283-4E72-94E1-E5F7FB824549}.Release|iPhoneSimulator.Build.0 = Release|Any CPU
		{964233DF-C283-4E72-94E1-E5F7FB824549}.Release|iPhoneSimulator.Deploy.0 = Release|Any CPU
		{964233DF-C283-4E72-94E1-E5F7FB824549}.Release|x64.ActiveCfg = Release|Any CPU
		{964233DF-C283-4E72-94E1-E5F7FB824549}.Release|x64.Build.0 = Release|Any CPU
		{964233DF-C283-4E72-94E1-E5F7FB824549}.Release|x64.Deploy.0 = Release|Any CPU
		{964233DF-C283-4E72-94E1-E5F7FB824549}.Release|x86.ActiveCfg = Release|Any CPU
		{964233DF-C283-4E72-94E1-E5F7FB824549}.Release|x86.Build.0 = Release|Any CPU
		{964233DF-C283-4E72-94E1-E5F7FB824549}.Release|x86.Deploy.0 = Release|Any CPU
		{964233DF-C283-4E72-94E1-E5F7FB824549}.UWP-Debug|Any CPU.ActiveCfg = Debug|Any CPU
		{964233DF-C283-4E72-94E1-E5F7FB824549}.UWP-Debug|ARM.ActiveCfg = Debug|Any CPU
		{964233DF-C283-4E72-94E1-E5F7FB824549}.UWP-Debug|ARM.Build.0 = Debug|Any CPU
		{964233DF-C283-4E72-94E1-E5F7FB824549}.UWP-Debug|ARM.Deploy.0 = Debug|Any CPU
		{964233DF-C283-4E72-94E1-E5F7FB824549}.UWP-Debug|iPhone.ActiveCfg = Debug|Any CPU
		{964233DF-C283-4E72-94E1-E5F7FB824549}.UWP-Debug|iPhone.Build.0 = Debug|Any CPU
		{964233DF-C283-4E72-94E1-E5F7FB824549}.UWP-Debug|iPhone.Deploy.0 = Debug|Any CPU
		{964233DF-C283-4E72-94E1-E5F7FB824549}.UWP-Debug|iPhoneSimulator.ActiveCfg = Debug|Any CPU
		{964233DF-C283-4E72-94E1-E5F7FB824549}.UWP-Debug|iPhoneSimulator.Build.0 = Debug|Any CPU
		{964233DF-C283-4E72-94E1-E5F7FB824549}.UWP-Debug|iPhoneSimulator.Deploy.0 = Debug|Any CPU
		{964233DF-C283-4E72-94E1-E5F7FB824549}.UWP-Debug|x64.ActiveCfg = Debug|Any CPU
		{964233DF-C283-4E72-94E1-E5F7FB824549}.UWP-Debug|x86.ActiveCfg = Debug|Any CPU
		{964233DF-C283-4E72-94E1-E5F7FB824549}.UWP-Release|Any CPU.ActiveCfg = Release|Any CPU
		{964233DF-C283-4E72-94E1-E5F7FB824549}.UWP-Release|ARM.ActiveCfg = Release|Any CPU
		{964233DF-C283-4E72-94E1-E5F7FB824549}.UWP-Release|ARM.Build.0 = Release|Any CPU
		{964233DF-C283-4E72-94E1-E5F7FB824549}.UWP-Release|ARM.Deploy.0 = Release|Any CPU
		{964233DF-C283-4E72-94E1-E5F7FB824549}.UWP-Release|iPhone.ActiveCfg = Release|Any CPU
		{964233DF-C283-4E72-94E1-E5F7FB824549}.UWP-Release|iPhone.Build.0 = Release|Any CPU
		{964233DF-C283-4E72-94E1-E5F7FB824549}.UWP-Release|iPhone.Deploy.0 = Release|Any CPU
		{964233DF-C283-4E72-94E1-E5F7FB824549}.UWP-Release|iPhoneSimulator.ActiveCfg = Release|Any CPU
		{964233DF-C283-4E72-94E1-E5F7FB824549}.UWP-Release|iPhoneSimulator.Build.0 = Release|Any CPU
		{964233DF-C283-4E72-94E1-E5F7FB824549}.UWP-Release|iPhoneSimulator.Deploy.0 = Release|Any CPU
		{964233DF-C283-4E72-94E1-E5F7FB824549}.UWP-Release|x64.ActiveCfg = Release|Any CPU
		{964233DF-C283-4E72-94E1-E5F7FB824549}.UWP-Release|x86.ActiveCfg = Release|Any CPU
		{A38A0C90-90DB-4CC6-9F43-C23DF74F9102}.Android-Debug|Any CPU.ActiveCfg = Debug|iPhone
		{A38A0C90-90DB-4CC6-9F43-C23DF74F9102}.Android-Debug|ARM.ActiveCfg = Debug|iPhone
		{A38A0C90-90DB-4CC6-9F43-C23DF74F9102}.Android-Debug|iPhone.ActiveCfg = Debug|iPhone
		{A38A0C90-90DB-4CC6-9F43-C23DF74F9102}.Android-Debug|iPhoneSimulator.ActiveCfg = Debug|iPhoneSimulator
		{A38A0C90-90DB-4CC6-9F43-C23DF74F9102}.Android-Debug|x64.ActiveCfg = Debug|iPhone
		{A38A0C90-90DB-4CC6-9F43-C23DF74F9102}.Android-Debug|x86.ActiveCfg = Debug|iPhone
		{A38A0C90-90DB-4CC6-9F43-C23DF74F9102}.Android-Release|Any CPU.ActiveCfg = Release|iPhone
		{A38A0C90-90DB-4CC6-9F43-C23DF74F9102}.Android-Release|ARM.ActiveCfg = Release|iPhone
		{A38A0C90-90DB-4CC6-9F43-C23DF74F9102}.Android-Release|iPhone.ActiveCfg = Release|iPhone
		{A38A0C90-90DB-4CC6-9F43-C23DF74F9102}.Android-Release|iPhoneSimulator.ActiveCfg = Release|iPhoneSimulator
		{A38A0C90-90DB-4CC6-9F43-C23DF74F9102}.Android-Release|x64.ActiveCfg = Release|iPhone
		{A38A0C90-90DB-4CC6-9F43-C23DF74F9102}.Android-Release|x86.ActiveCfg = Release|iPhone
		{A38A0C90-90DB-4CC6-9F43-C23DF74F9102}.Debug|Any CPU.ActiveCfg = Debug|iPhoneSimulator
		{A38A0C90-90DB-4CC6-9F43-C23DF74F9102}.Debug|Any CPU.Build.0 = Debug|iPhoneSimulator
		{A38A0C90-90DB-4CC6-9F43-C23DF74F9102}.Debug|ARM.ActiveCfg = Debug|iPhone
		{A38A0C90-90DB-4CC6-9F43-C23DF74F9102}.Debug|iPhone.ActiveCfg = Debug|iPhone
		{A38A0C90-90DB-4CC6-9F43-C23DF74F9102}.Debug|iPhone.Build.0 = Debug|iPhone
		{A38A0C90-90DB-4CC6-9F43-C23DF74F9102}.Debug|iPhoneSimulator.ActiveCfg = Debug|iPhoneSimulator
		{A38A0C90-90DB-4CC6-9F43-C23DF74F9102}.Debug|iPhoneSimulator.Build.0 = Debug|iPhoneSimulator
		{A38A0C90-90DB-4CC6-9F43-C23DF74F9102}.Debug|x64.ActiveCfg = Debug|iPhone
		{A38A0C90-90DB-4CC6-9F43-C23DF74F9102}.Debug|x86.ActiveCfg = Debug|iPhone
		{A38A0C90-90DB-4CC6-9F43-C23DF74F9102}.Release|Any CPU.ActiveCfg = Release|iPhone
		{A38A0C90-90DB-4CC6-9F43-C23DF74F9102}.Release|ARM.ActiveCfg = Release|iPhone
		{A38A0C90-90DB-4CC6-9F43-C23DF74F9102}.Release|iPhone.ActiveCfg = Release|iPhone
		{A38A0C90-90DB-4CC6-9F43-C23DF74F9102}.Release|iPhone.Build.0 = Release|iPhone
		{A38A0C90-90DB-4CC6-9F43-C23DF74F9102}.Release|iPhoneSimulator.ActiveCfg = Release|iPhoneSimulator
		{A38A0C90-90DB-4CC6-9F43-C23DF74F9102}.Release|iPhoneSimulator.Build.0 = Release|iPhoneSimulator
		{A38A0C90-90DB-4CC6-9F43-C23DF74F9102}.Release|x64.ActiveCfg = Release|iPhone
		{A38A0C90-90DB-4CC6-9F43-C23DF74F9102}.Release|x86.ActiveCfg = Release|iPhone
		{A38A0C90-90DB-4CC6-9F43-C23DF74F9102}.UWP-Debug|Any CPU.ActiveCfg = Release|iPhone
		{A38A0C90-90DB-4CC6-9F43-C23DF74F9102}.UWP-Debug|ARM.ActiveCfg = Release|iPhone
		{A38A0C90-90DB-4CC6-9F43-C23DF74F9102}.UWP-Debug|ARM.Build.0 = Release|iPhone
		{A38A0C90-90DB-4CC6-9F43-C23DF74F9102}.UWP-Debug|iPhone.ActiveCfg = Debug|iPhone
		{A38A0C90-90DB-4CC6-9F43-C23DF74F9102}.UWP-Debug|iPhone.Build.0 = Debug|iPhone
		{A38A0C90-90DB-4CC6-9F43-C23DF74F9102}.UWP-Debug|iPhoneSimulator.ActiveCfg = Debug|iPhoneSimulator
		{A38A0C90-90DB-4CC6-9F43-C23DF74F9102}.UWP-Debug|iPhoneSimulator.Build.0 = Debug|iPhoneSimulator
		{A38A0C90-90DB-4CC6-9F43-C23DF74F9102}.UWP-Debug|x64.ActiveCfg = Release|iPhone
		{A38A0C90-90DB-4CC6-9F43-C23DF74F9102}.UWP-Debug|x86.ActiveCfg = Release|iPhone
		{A38A0C90-90DB-4CC6-9F43-C23DF74F9102}.UWP-Release|Any CPU.ActiveCfg = Release|iPhone
		{A38A0C90-90DB-4CC6-9F43-C23DF74F9102}.UWP-Release|ARM.ActiveCfg = Release|iPhone
		{A38A0C90-90DB-4CC6-9F43-C23DF74F9102}.UWP-Release|ARM.Build.0 = Release|iPhone
		{A38A0C90-90DB-4CC6-9F43-C23DF74F9102}.UWP-Release|iPhone.ActiveCfg = Release|iPhone
		{A38A0C90-90DB-4CC6-9F43-C23DF74F9102}.UWP-Release|iPhone.Build.0 = Release|iPhone
		{A38A0C90-90DB-4CC6-9F43-C23DF74F9102}.UWP-Release|iPhoneSimulator.ActiveCfg = Release|iPhoneSimulator
		{A38A0C90-90DB-4CC6-9F43-C23DF74F9102}.UWP-Release|iPhoneSimulator.Build.0 = Release|iPhoneSimulator
		{A38A0C90-90DB-4CC6-9F43-C23DF74F9102}.UWP-Release|x64.ActiveCfg = Release|iPhone
		{A38A0C90-90DB-4CC6-9F43-C23DF74F9102}.UWP-Release|x86.ActiveCfg = Release|iPhone
		{D019580C-3F0D-4CEB-9F54-E191638D3DC3}.Android-Debug|Any CPU.ActiveCfg = Debug|Any CPU
		{D019580C-3F0D-4CEB-9F54-E191638D3DC3}.Android-Debug|Any CPU.Build.0 = Debug|Any CPU
		{D019580C-3F0D-4CEB-9F54-E191638D3DC3}.Android-Debug|ARM.ActiveCfg = Debug|Any CPU
		{D019580C-3F0D-4CEB-9F54-E191638D3DC3}.Android-Debug|ARM.Build.0 = Debug|Any CPU
		{D019580C-3F0D-4CEB-9F54-E191638D3DC3}.Android-Debug|iPhone.ActiveCfg = Debug|Any CPU
		{D019580C-3F0D-4CEB-9F54-E191638D3DC3}.Android-Debug|iPhoneSimulator.ActiveCfg = Debug|Any CPU
		{D019580C-3F0D-4CEB-9F54-E191638D3DC3}.Android-Debug|x64.ActiveCfg = Debug|Any CPU
		{D019580C-3F0D-4CEB-9F54-E191638D3DC3}.Android-Debug|x64.Build.0 = Debug|Any CPU
		{D019580C-3F0D-4CEB-9F54-E191638D3DC3}.Android-Debug|x86.ActiveCfg = Debug|Any CPU
		{D019580C-3F0D-4CEB-9F54-E191638D3DC3}.Android-Debug|x86.Build.0 = Debug|Any CPU
		{D019580C-3F0D-4CEB-9F54-E191638D3DC3}.Android-Release|Any CPU.ActiveCfg = Release|Any CPU
		{D019580C-3F0D-4CEB-9F54-E191638D3DC3}.Android-Release|Any CPU.Build.0 = Release|Any CPU
		{D019580C-3F0D-4CEB-9F54-E191638D3DC3}.Android-Release|ARM.ActiveCfg = Release|Any CPU
		{D019580C-3F0D-4CEB-9F54-E191638D3DC3}.Android-Release|ARM.Build.0 = Release|Any CPU
		{D019580C-3F0D-4CEB-9F54-E191638D3DC3}.Android-Release|iPhone.ActiveCfg = Release|Any CPU
		{D019580C-3F0D-4CEB-9F54-E191638D3DC3}.Android-Release|iPhoneSimulator.ActiveCfg = Release|Any CPU
		{D019580C-3F0D-4CEB-9F54-E191638D3DC3}.Android-Release|x64.ActiveCfg = Release|Any CPU
		{D019580C-3F0D-4CEB-9F54-E191638D3DC3}.Android-Release|x64.Build.0 = Release|Any CPU
		{D019580C-3F0D-4CEB-9F54-E191638D3DC3}.Android-Release|x86.ActiveCfg = Release|Any CPU
		{D019580C-3F0D-4CEB-9F54-E191638D3DC3}.Android-Release|x86.Build.0 = Release|Any CPU
		{D019580C-3F0D-4CEB-9F54-E191638D3DC3}.Debug|Any CPU.ActiveCfg = Debug|Any CPU
		{D019580C-3F0D-4CEB-9F54-E191638D3DC3}.Debug|Any CPU.Build.0 = Debug|Any CPU
		{D019580C-3F0D-4CEB-9F54-E191638D3DC3}.Debug|ARM.ActiveCfg = Debug|Any CPU
		{D019580C-3F0D-4CEB-9F54-E191638D3DC3}.Debug|ARM.Build.0 = Debug|Any CPU
		{D019580C-3F0D-4CEB-9F54-E191638D3DC3}.Debug|iPhone.ActiveCfg = Debug|Any CPU
		{D019580C-3F0D-4CEB-9F54-E191638D3DC3}.Debug|iPhone.Build.0 = Debug|Any CPU
		{D019580C-3F0D-4CEB-9F54-E191638D3DC3}.Debug|iPhoneSimulator.ActiveCfg = Debug|Any CPU
		{D019580C-3F0D-4CEB-9F54-E191638D3DC3}.Debug|iPhoneSimulator.Build.0 = Debug|Any CPU
		{D019580C-3F0D-4CEB-9F54-E191638D3DC3}.Debug|x64.ActiveCfg = Debug|Any CPU
		{D019580C-3F0D-4CEB-9F54-E191638D3DC3}.Debug|x64.Build.0 = Debug|Any CPU
		{D019580C-3F0D-4CEB-9F54-E191638D3DC3}.Debug|x86.ActiveCfg = Debug|Any CPU
		{D019580C-3F0D-4CEB-9F54-E191638D3DC3}.Debug|x86.Build.0 = Debug|Any CPU
		{D019580C-3F0D-4CEB-9F54-E191638D3DC3}.Release|Any CPU.ActiveCfg = Release|Any CPU
		{D019580C-3F0D-4CEB-9F54-E191638D3DC3}.Release|Any CPU.Build.0 = Release|Any CPU
		{D019580C-3F0D-4CEB-9F54-E191638D3DC3}.Release|ARM.ActiveCfg = Release|Any CPU
		{D019580C-3F0D-4CEB-9F54-E191638D3DC3}.Release|ARM.Build.0 = Release|Any CPU
		{D019580C-3F0D-4CEB-9F54-E191638D3DC3}.Release|iPhone.ActiveCfg = Release|Any CPU
		{D019580C-3F0D-4CEB-9F54-E191638D3DC3}.Release|iPhone.Build.0 = Release|Any CPU
		{D019580C-3F0D-4CEB-9F54-E191638D3DC3}.Release|iPhoneSimulator.ActiveCfg = Release|Any CPU
		{D019580C-3F0D-4CEB-9F54-E191638D3DC3}.Release|iPhoneSimulator.Build.0 = Release|Any CPU
		{D019580C-3F0D-4CEB-9F54-E191638D3DC3}.Release|x64.ActiveCfg = Release|Any CPU
		{D019580C-3F0D-4CEB-9F54-E191638D3DC3}.Release|x64.Build.0 = Release|Any CPU
		{D019580C-3F0D-4CEB-9F54-E191638D3DC3}.Release|x86.ActiveCfg = Release|Any CPU
		{D019580C-3F0D-4CEB-9F54-E191638D3DC3}.Release|x86.Build.0 = Release|Any CPU
		{D019580C-3F0D-4CEB-9F54-E191638D3DC3}.UWP-Debug|Any CPU.ActiveCfg = Debug|Any CPU
		{D019580C-3F0D-4CEB-9F54-E191638D3DC3}.UWP-Debug|Any CPU.Build.0 = Debug|Any CPU
		{D019580C-3F0D-4CEB-9F54-E191638D3DC3}.UWP-Debug|ARM.ActiveCfg = Debug|Any CPU
		{D019580C-3F0D-4CEB-9F54-E191638D3DC3}.UWP-Debug|ARM.Build.0 = Debug|Any CPU
		{D019580C-3F0D-4CEB-9F54-E191638D3DC3}.UWP-Debug|iPhone.ActiveCfg = Debug|Any CPU
		{D019580C-3F0D-4CEB-9F54-E191638D3DC3}.UWP-Debug|iPhone.Build.0 = Debug|Any CPU
		{D019580C-3F0D-4CEB-9F54-E191638D3DC3}.UWP-Debug|iPhoneSimulator.ActiveCfg = Debug|Any CPU
		{D019580C-3F0D-4CEB-9F54-E191638D3DC3}.UWP-Debug|iPhoneSimulator.Build.0 = Debug|Any CPU
		{D019580C-3F0D-4CEB-9F54-E191638D3DC3}.UWP-Debug|x64.ActiveCfg = Debug|Any CPU
		{D019580C-3F0D-4CEB-9F54-E191638D3DC3}.UWP-Debug|x64.Build.0 = Debug|Any CPU
		{D019580C-3F0D-4CEB-9F54-E191638D3DC3}.UWP-Debug|x86.ActiveCfg = Debug|Any CPU
		{D019580C-3F0D-4CEB-9F54-E191638D3DC3}.UWP-Debug|x86.Build.0 = Debug|Any CPU
		{D019580C-3F0D-4CEB-9F54-E191638D3DC3}.UWP-Release|Any CPU.ActiveCfg = Release|Any CPU
		{D019580C-3F0D-4CEB-9F54-E191638D3DC3}.UWP-Release|Any CPU.Build.0 = Release|Any CPU
		{D019580C-3F0D-4CEB-9F54-E191638D3DC3}.UWP-Release|ARM.ActiveCfg = Release|Any CPU
		{D019580C-3F0D-4CEB-9F54-E191638D3DC3}.UWP-Release|ARM.Build.0 = Release|Any CPU
		{D019580C-3F0D-4CEB-9F54-E191638D3DC3}.UWP-Release|iPhone.ActiveCfg = Release|Any CPU
		{D019580C-3F0D-4CEB-9F54-E191638D3DC3}.UWP-Release|iPhone.Build.0 = Release|Any CPU
		{D019580C-3F0D-4CEB-9F54-E191638D3DC3}.UWP-Release|iPhoneSimulator.ActiveCfg = Release|Any CPU
		{D019580C-3F0D-4CEB-9F54-E191638D3DC3}.UWP-Release|iPhoneSimulator.Build.0 = Release|Any CPU
		{D019580C-3F0D-4CEB-9F54-E191638D3DC3}.UWP-Release|x64.ActiveCfg = Release|Any CPU
		{D019580C-3F0D-4CEB-9F54-E191638D3DC3}.UWP-Release|x64.Build.0 = Release|Any CPU
		{D019580C-3F0D-4CEB-9F54-E191638D3DC3}.UWP-Release|x86.ActiveCfg = Release|Any CPU
		{D019580C-3F0D-4CEB-9F54-E191638D3DC3}.UWP-Release|x86.Build.0 = Release|Any CPU
		{52191254-7E2A-48F2-B4E3-F1B9CF0B4C86}.Android-Debug|Any CPU.ActiveCfg = Debug|Any CPU
		{52191254-7E2A-48F2-B4E3-F1B9CF0B4C86}.Android-Debug|Any CPU.Build.0 = Debug|Any CPU
		{52191254-7E2A-48F2-B4E3-F1B9CF0B4C86}.Android-Debug|ARM.ActiveCfg = Debug|Any CPU
		{52191254-7E2A-48F2-B4E3-F1B9CF0B4C86}.Android-Debug|ARM.Build.0 = Debug|Any CPU
		{52191254-7E2A-48F2-B4E3-F1B9CF0B4C86}.Android-Debug|iPhone.ActiveCfg = Debug|Any CPU
		{52191254-7E2A-48F2-B4E3-F1B9CF0B4C86}.Android-Debug|iPhoneSimulator.ActiveCfg = Debug|Any CPU
		{52191254-7E2A-48F2-B4E3-F1B9CF0B4C86}.Android-Debug|x64.ActiveCfg = Debug|Any CPU
		{52191254-7E2A-48F2-B4E3-F1B9CF0B4C86}.Android-Debug|x64.Build.0 = Debug|Any CPU
		{52191254-7E2A-48F2-B4E3-F1B9CF0B4C86}.Android-Debug|x86.ActiveCfg = Debug|Any CPU
		{52191254-7E2A-48F2-B4E3-F1B9CF0B4C86}.Android-Debug|x86.Build.0 = Debug|Any CPU
		{52191254-7E2A-48F2-B4E3-F1B9CF0B4C86}.Android-Release|Any CPU.ActiveCfg = Release|Any CPU
		{52191254-7E2A-48F2-B4E3-F1B9CF0B4C86}.Android-Release|Any CPU.Build.0 = Release|Any CPU
		{52191254-7E2A-48F2-B4E3-F1B9CF0B4C86}.Android-Release|ARM.ActiveCfg = Release|Any CPU
		{52191254-7E2A-48F2-B4E3-F1B9CF0B4C86}.Android-Release|ARM.Build.0 = Release|Any CPU
		{52191254-7E2A-48F2-B4E3-F1B9CF0B4C86}.Android-Release|iPhone.ActiveCfg = Release|Any CPU
		{52191254-7E2A-48F2-B4E3-F1B9CF0B4C86}.Android-Release|iPhoneSimulator.ActiveCfg = Release|Any CPU
		{52191254-7E2A-48F2-B4E3-F1B9CF0B4C86}.Android-Release|x64.ActiveCfg = Release|Any CPU
		{52191254-7E2A-48F2-B4E3-F1B9CF0B4C86}.Android-Release|x64.Build.0 = Release|Any CPU
		{52191254-7E2A-48F2-B4E3-F1B9CF0B4C86}.Android-Release|x86.ActiveCfg = Release|Any CPU
		{52191254-7E2A-48F2-B4E3-F1B9CF0B4C86}.Android-Release|x86.Build.0 = Release|Any CPU
		{52191254-7E2A-48F2-B4E3-F1B9CF0B4C86}.Debug|Any CPU.ActiveCfg = Debug|Any CPU
		{52191254-7E2A-48F2-B4E3-F1B9CF0B4C86}.Debug|Any CPU.Build.0 = Debug|Any CPU
		{52191254-7E2A-48F2-B4E3-F1B9CF0B4C86}.Debug|ARM.ActiveCfg = Debug|Any CPU
		{52191254-7E2A-48F2-B4E3-F1B9CF0B4C86}.Debug|ARM.Build.0 = Debug|Any CPU
		{52191254-7E2A-48F2-B4E3-F1B9CF0B4C86}.Debug|iPhone.ActiveCfg = Debug|Any CPU
		{52191254-7E2A-48F2-B4E3-F1B9CF0B4C86}.Debug|iPhone.Build.0 = Debug|Any CPU
		{52191254-7E2A-48F2-B4E3-F1B9CF0B4C86}.Debug|iPhoneSimulator.ActiveCfg = Debug|Any CPU
		{52191254-7E2A-48F2-B4E3-F1B9CF0B4C86}.Debug|iPhoneSimulator.Build.0 = Debug|Any CPU
		{52191254-7E2A-48F2-B4E3-F1B9CF0B4C86}.Debug|x64.ActiveCfg = Debug|Any CPU
		{52191254-7E2A-48F2-B4E3-F1B9CF0B4C86}.Debug|x64.Build.0 = Debug|Any CPU
		{52191254-7E2A-48F2-B4E3-F1B9CF0B4C86}.Debug|x86.ActiveCfg = Debug|Any CPU
		{52191254-7E2A-48F2-B4E3-F1B9CF0B4C86}.Debug|x86.Build.0 = Debug|Any CPU
		{52191254-7E2A-48F2-B4E3-F1B9CF0B4C86}.Release|Any CPU.ActiveCfg = Release|Any CPU
		{52191254-7E2A-48F2-B4E3-F1B9CF0B4C86}.Release|Any CPU.Build.0 = Release|Any CPU
		{52191254-7E2A-48F2-B4E3-F1B9CF0B4C86}.Release|ARM.ActiveCfg = Release|Any CPU
		{52191254-7E2A-48F2-B4E3-F1B9CF0B4C86}.Release|ARM.Build.0 = Release|Any CPU
		{52191254-7E2A-48F2-B4E3-F1B9CF0B4C86}.Release|iPhone.ActiveCfg = Release|Any CPU
		{52191254-7E2A-48F2-B4E3-F1B9CF0B4C86}.Release|iPhone.Build.0 = Release|Any CPU
		{52191254-7E2A-48F2-B4E3-F1B9CF0B4C86}.Release|iPhoneSimulator.ActiveCfg = Release|Any CPU
		{52191254-7E2A-48F2-B4E3-F1B9CF0B4C86}.Release|iPhoneSimulator.Build.0 = Release|Any CPU
		{52191254-7E2A-48F2-B4E3-F1B9CF0B4C86}.Release|x64.ActiveCfg = Release|Any CPU
		{52191254-7E2A-48F2-B4E3-F1B9CF0B4C86}.Release|x64.Build.0 = Release|Any CPU
		{52191254-7E2A-48F2-B4E3-F1B9CF0B4C86}.Release|x86.ActiveCfg = Release|Any CPU
		{52191254-7E2A-48F2-B4E3-F1B9CF0B4C86}.Release|x86.Build.0 = Release|Any CPU
		{52191254-7E2A-48F2-B4E3-F1B9CF0B4C86}.UWP-Debug|Any CPU.ActiveCfg = Debug|Any CPU
		{52191254-7E2A-48F2-B4E3-F1B9CF0B4C86}.UWP-Debug|Any CPU.Build.0 = Debug|Any CPU
		{52191254-7E2A-48F2-B4E3-F1B9CF0B4C86}.UWP-Debug|ARM.ActiveCfg = Debug|Any CPU
		{52191254-7E2A-48F2-B4E3-F1B9CF0B4C86}.UWP-Debug|ARM.Build.0 = Debug|Any CPU
		{52191254-7E2A-48F2-B4E3-F1B9CF0B4C86}.UWP-Debug|iPhone.ActiveCfg = Debug|Any CPU
		{52191254-7E2A-48F2-B4E3-F1B9CF0B4C86}.UWP-Debug|iPhone.Build.0 = Debug|Any CPU
		{52191254-7E2A-48F2-B4E3-F1B9CF0B4C86}.UWP-Debug|iPhoneSimulator.ActiveCfg = Debug|Any CPU
		{52191254-7E2A-48F2-B4E3-F1B9CF0B4C86}.UWP-Debug|iPhoneSimulator.Build.0 = Debug|Any CPU
		{52191254-7E2A-48F2-B4E3-F1B9CF0B4C86}.UWP-Debug|x64.ActiveCfg = Debug|Any CPU
		{52191254-7E2A-48F2-B4E3-F1B9CF0B4C86}.UWP-Debug|x64.Build.0 = Debug|Any CPU
		{52191254-7E2A-48F2-B4E3-F1B9CF0B4C86}.UWP-Debug|x86.ActiveCfg = Debug|Any CPU
		{52191254-7E2A-48F2-B4E3-F1B9CF0B4C86}.UWP-Debug|x86.Build.0 = Debug|Any CPU
		{52191254-7E2A-48F2-B4E3-F1B9CF0B4C86}.UWP-Release|Any CPU.ActiveCfg = Release|Any CPU
		{52191254-7E2A-48F2-B4E3-F1B9CF0B4C86}.UWP-Release|Any CPU.Build.0 = Release|Any CPU
		{52191254-7E2A-48F2-B4E3-F1B9CF0B4C86}.UWP-Release|ARM.ActiveCfg = Release|Any CPU
		{52191254-7E2A-48F2-B4E3-F1B9CF0B4C86}.UWP-Release|ARM.Build.0 = Release|Any CPU
		{52191254-7E2A-48F2-B4E3-F1B9CF0B4C86}.UWP-Release|iPhone.ActiveCfg = Release|Any CPU
		{52191254-7E2A-48F2-B4E3-F1B9CF0B4C86}.UWP-Release|iPhone.Build.0 = Release|Any CPU
		{52191254-7E2A-48F2-B4E3-F1B9CF0B4C86}.UWP-Release|iPhoneSimulator.ActiveCfg = Release|Any CPU
		{52191254-7E2A-48F2-B4E3-F1B9CF0B4C86}.UWP-Release|iPhoneSimulator.Build.0 = Release|Any CPU
		{52191254-7E2A-48F2-B4E3-F1B9CF0B4C86}.UWP-Release|x64.ActiveCfg = Release|Any CPU
		{52191254-7E2A-48F2-B4E3-F1B9CF0B4C86}.UWP-Release|x64.Build.0 = Release|Any CPU
		{52191254-7E2A-48F2-B4E3-F1B9CF0B4C86}.UWP-Release|x86.ActiveCfg = Release|Any CPU
		{52191254-7E2A-48F2-B4E3-F1B9CF0B4C86}.UWP-Release|x86.Build.0 = Release|Any CPU
		{FB9AA9BF-1673-4A26-945C-1F85FD0508A5}.Android-Debug|Any CPU.ActiveCfg = Debug|Any CPU
		{FB9AA9BF-1673-4A26-945C-1F85FD0508A5}.Android-Debug|ARM.ActiveCfg = Debug|Any CPU
		{FB9AA9BF-1673-4A26-945C-1F85FD0508A5}.Android-Debug|iPhone.ActiveCfg = Debug|Any CPU
		{FB9AA9BF-1673-4A26-945C-1F85FD0508A5}.Android-Debug|iPhoneSimulator.ActiveCfg = Debug|Any CPU
		{FB9AA9BF-1673-4A26-945C-1F85FD0508A5}.Android-Debug|x64.ActiveCfg = Debug|Any CPU
		{FB9AA9BF-1673-4A26-945C-1F85FD0508A5}.Android-Debug|x86.ActiveCfg = Debug|Any CPU
		{FB9AA9BF-1673-4A26-945C-1F85FD0508A5}.Android-Release|Any CPU.ActiveCfg = Release|Any CPU
		{FB9AA9BF-1673-4A26-945C-1F85FD0508A5}.Android-Release|ARM.ActiveCfg = Release|Any CPU
		{FB9AA9BF-1673-4A26-945C-1F85FD0508A5}.Android-Release|iPhone.ActiveCfg = Release|Any CPU
		{FB9AA9BF-1673-4A26-945C-1F85FD0508A5}.Android-Release|iPhoneSimulator.ActiveCfg = Release|Any CPU
		{FB9AA9BF-1673-4A26-945C-1F85FD0508A5}.Android-Release|x64.ActiveCfg = Release|Any CPU
		{FB9AA9BF-1673-4A26-945C-1F85FD0508A5}.Android-Release|x86.ActiveCfg = Release|Any CPU
		{FB9AA9BF-1673-4A26-945C-1F85FD0508A5}.Debug|Any CPU.ActiveCfg = Debug|Any CPU
		{FB9AA9BF-1673-4A26-945C-1F85FD0508A5}.Debug|Any CPU.Build.0 = Debug|Any CPU
		{FB9AA9BF-1673-4A26-945C-1F85FD0508A5}.Debug|ARM.ActiveCfg = Debug|Any CPU
		{FB9AA9BF-1673-4A26-945C-1F85FD0508A5}.Debug|ARM.Build.0 = Debug|Any CPU
		{FB9AA9BF-1673-4A26-945C-1F85FD0508A5}.Debug|iPhone.ActiveCfg = Debug|Any CPU
		{FB9AA9BF-1673-4A26-945C-1F85FD0508A5}.Debug|iPhone.Build.0 = Debug|Any CPU
		{FB9AA9BF-1673-4A26-945C-1F85FD0508A5}.Debug|iPhoneSimulator.ActiveCfg = Debug|Any CPU
		{FB9AA9BF-1673-4A26-945C-1F85FD0508A5}.Debug|iPhoneSimulator.Build.0 = Debug|Any CPU
		{FB9AA9BF-1673-4A26-945C-1F85FD0508A5}.Debug|x64.ActiveCfg = Debug|Any CPU
		{FB9AA9BF-1673-4A26-945C-1F85FD0508A5}.Debug|x64.Build.0 = Debug|Any CPU
		{FB9AA9BF-1673-4A26-945C-1F85FD0508A5}.Debug|x86.ActiveCfg = Debug|Any CPU
		{FB9AA9BF-1673-4A26-945C-1F85FD0508A5}.Debug|x86.Build.0 = Debug|Any CPU
		{FB9AA9BF-1673-4A26-945C-1F85FD0508A5}.Release|Any CPU.ActiveCfg = Release|Any CPU
		{FB9AA9BF-1673-4A26-945C-1F85FD0508A5}.Release|Any CPU.Build.0 = Release|Any CPU
		{FB9AA9BF-1673-4A26-945C-1F85FD0508A5}.Release|ARM.ActiveCfg = Release|Any CPU
		{FB9AA9BF-1673-4A26-945C-1F85FD0508A5}.Release|ARM.Build.0 = Release|Any CPU
		{FB9AA9BF-1673-4A26-945C-1F85FD0508A5}.Release|iPhone.ActiveCfg = Release|Any CPU
		{FB9AA9BF-1673-4A26-945C-1F85FD0508A5}.Release|iPhone.Build.0 = Release|Any CPU
		{FB9AA9BF-1673-4A26-945C-1F85FD0508A5}.Release|iPhoneSimulator.ActiveCfg = Release|Any CPU
		{FB9AA9BF-1673-4A26-945C-1F85FD0508A5}.Release|iPhoneSimulator.Build.0 = Release|Any CPU
		{FB9AA9BF-1673-4A26-945C-1F85FD0508A5}.Release|x64.ActiveCfg = Release|Any CPU
		{FB9AA9BF-1673-4A26-945C-1F85FD0508A5}.Release|x64.Build.0 = Release|Any CPU
		{FB9AA9BF-1673-4A26-945C-1F85FD0508A5}.Release|x86.ActiveCfg = Release|Any CPU
		{FB9AA9BF-1673-4A26-945C-1F85FD0508A5}.Release|x86.Build.0 = Release|Any CPU
		{FB9AA9BF-1673-4A26-945C-1F85FD0508A5}.UWP-Debug|Any CPU.ActiveCfg = Debug|Any CPU
		{FB9AA9BF-1673-4A26-945C-1F85FD0508A5}.UWP-Debug|ARM.ActiveCfg = Debug|Any CPU
		{FB9AA9BF-1673-4A26-945C-1F85FD0508A5}.UWP-Debug|ARM.Build.0 = Debug|Any CPU
		{FB9AA9BF-1673-4A26-945C-1F85FD0508A5}.UWP-Debug|iPhone.ActiveCfg = Debug|Any CPU
		{FB9AA9BF-1673-4A26-945C-1F85FD0508A5}.UWP-Debug|iPhone.Build.0 = Debug|Any CPU
		{FB9AA9BF-1673-4A26-945C-1F85FD0508A5}.UWP-Debug|iPhoneSimulator.ActiveCfg = Debug|Any CPU
		{FB9AA9BF-1673-4A26-945C-1F85FD0508A5}.UWP-Debug|iPhoneSimulator.Build.0 = Debug|Any CPU
		{FB9AA9BF-1673-4A26-945C-1F85FD0508A5}.UWP-Debug|x64.ActiveCfg = Debug|Any CPU
		{FB9AA9BF-1673-4A26-945C-1F85FD0508A5}.UWP-Debug|x86.ActiveCfg = Debug|Any CPU
		{FB9AA9BF-1673-4A26-945C-1F85FD0508A5}.UWP-Release|Any CPU.ActiveCfg = Release|Any CPU
		{FB9AA9BF-1673-4A26-945C-1F85FD0508A5}.UWP-Release|ARM.ActiveCfg = Release|Any CPU
		{FB9AA9BF-1673-4A26-945C-1F85FD0508A5}.UWP-Release|ARM.Build.0 = Release|Any CPU
		{FB9AA9BF-1673-4A26-945C-1F85FD0508A5}.UWP-Release|iPhone.ActiveCfg = Release|Any CPU
		{FB9AA9BF-1673-4A26-945C-1F85FD0508A5}.UWP-Release|iPhone.Build.0 = Release|Any CPU
		{FB9AA9BF-1673-4A26-945C-1F85FD0508A5}.UWP-Release|iPhoneSimulator.ActiveCfg = Release|Any CPU
		{FB9AA9BF-1673-4A26-945C-1F85FD0508A5}.UWP-Release|iPhoneSimulator.Build.0 = Release|Any CPU
		{FB9AA9BF-1673-4A26-945C-1F85FD0508A5}.UWP-Release|x64.ActiveCfg = Release|Any CPU
		{FB9AA9BF-1673-4A26-945C-1F85FD0508A5}.UWP-Release|x86.ActiveCfg = Release|Any CPU
	EndGlobalSection
	GlobalSection(SolutionProperties) = preSolution
		HideSolutionNode = FALSE
	EndGlobalSection
	GlobalSection(NestedProjects) = preSolution
		{3AAC5EFA-5C31-446E-A515-E1E1EC5DD2F3} = {26E2C3B2-1C18-4445-A642-3BDE5E0A9A18}
		{2C7D5BE5-2723-4EB3-92BC-E05AAB72506A} = {2AE18726-9D1E-4E13-ABBD-54E5A2167006}
		{4144E9E0-A85E-4F7A-81FD-D0E08CC4F2A9} = {4E992C2C-8286-411E-A61A-275C22FC4E16}
		{CCB050AE-791F-4C85-9FAF-B044F16BDF37} = {4E992C2C-8286-411E-A61A-275C22FC4E16}
		{38C3C623-8E5E-47ED-8591-EE1C4400B21A} = {4E992C2C-8286-411E-A61A-275C22FC4E16}
		{49926FD1-4913-48BD-AC4C-2406F4270603} = {4E992C2C-8286-411E-A61A-275C22FC4E16}
		{0C456B44-EB1D-48AE-B785-FC32EA76EFE4} = {2AE18726-9D1E-4E13-ABBD-54E5A2167006}
		{E6B19C2C-CAC1-40BB-9494-17A9581CD7C2} = {4E992C2C-8286-411E-A61A-275C22FC4E16}
		{964233DF-C283-4E72-94E1-E5F7FB824549} = {4E992C2C-8286-411E-A61A-275C22FC4E16}
		{A38A0C90-90DB-4CC6-9F43-C23DF74F9102} = {4E992C2C-8286-411E-A61A-275C22FC4E16}
		{D019580C-3F0D-4CEB-9F54-E191638D3DC3} = {4E992C2C-8286-411E-A61A-275C22FC4E16}
		{52191254-7E2A-48F2-B4E3-F1B9CF0B4C86} = {2AE18726-9D1E-4E13-ABBD-54E5A2167006}
		{FB9AA9BF-1673-4A26-945C-1F85FD0508A5} = {2AE18726-9D1E-4E13-ABBD-54E5A2167006}
	EndGlobalSection
	GlobalSection(ExtensibilityGlobals) = postSolution
		SolutionGuid = {004E5631-546E-4AF8-8038-D8ADCDC33B94}
	EndGlobalSection
EndGlobal
